// !$*UTF8*$!
{
	archiveVersion = 1;
	classes = {
	};
	objectVersion = 46;
	objects = {

/* Begin PBXBuildFile section */
		3201088596B4756681693705 /* libThree20UICommon.a in Frameworks */ = {isa = PBXBuildFile; fileRef = 3201088596B4756681693704 /* libThree20UICommon.a */; };
		3206A0F794A6D7A3F259DBF5 /* libextThree20JSON+SBJSON.a in Frameworks */ = {isa = PBXBuildFile; fileRef = 3206A0F794A6D7A3F259DBF4 /* libextThree20JSON+SBJSON.a */; };
		320A2827FEC940B25BC42C65 /* libThree20Core.a in Frameworks */ = {isa = PBXBuildFile; fileRef = 320A2827FEC940B25BC42C64 /* libThree20Core.a */; };
		320A5A189C235877202780D5 /* libThree20Network.a in Frameworks */ = {isa = PBXBuildFile; fileRef = 320A5A189C235877202780D4 /* libThree20Network.a */; };
		320A737074758E53BA54BE95 /* libThree20UINavigator.a in Frameworks */ = {isa = PBXBuildFile; fileRef = 320A737074758E53BA54BE94 /* libThree20UINavigator.a */; };
		320AF8492C47A4D819F7C451 /* QuartzCore.framework in Frameworks */ = {isa = PBXBuildFile; fileRef = 320AF8492C47A4D819F7C450 /* QuartzCore.framework */; };
		320B6C86F11D9990244A9731 /* Three20.bundle in Resources */ = {isa = PBXBuildFile; fileRef = 320B6C86F11D9990244A9730 /* Three20.bundle */; };
		320CC833B8AF0ACFD35E6225 /* libThree20Style.a in Frameworks */ = {isa = PBXBuildFile; fileRef = 320CC833B8AF0ACFD35E6224 /* libThree20Style.a */; };
		320D7DCCE32703ACAB9A45E5 /* libThree20.a in Frameworks */ = {isa = PBXBuildFile; fileRef = 320D7DCCE32703ACAB9A45E4 /* libThree20.a */; };
		320F2C48872C2E2C4DF86205 /* libThree20UI.a in Frameworks */ = {isa = PBXBuildFile; fileRef = 320F2C48872C2E2C4DF86204 /* libThree20UI.a */; };
		72273CA019B4404B002B318D /* Default-568h@2x.png in Resources */ = {isa = PBXBuildFile; fileRef = 72273C9D19B4404B002B318D /* Default-568h@2x.png */; };
		72273CA119B4404B002B318D /* Default.png in Resources */ = {isa = PBXBuildFile; fileRef = 72273C9E19B4404B002B318D /* Default.png */; };
		72273CA219B4404B002B318D /* Default~iphone.png in Resources */ = {isa = PBXBuildFile; fileRef = 72273C9F19B4404B002B318D /* Default~iphone.png */; };
		72273CBA19B442D3002B318D /* icon29.png in Resources */ = {isa = PBXBuildFile; fileRef = 72273CB419B442D3002B318D /* icon29.png */; };
		72273CBB19B442D3002B318D /* icon57.png in Resources */ = {isa = PBXBuildFile; fileRef = 72273CB519B442D3002B318D /* icon57.png */; };
		72273CBC19B442D3002B318D /* icon58.png in Resources */ = {isa = PBXBuildFile; fileRef = 72273CB619B442D3002B318D /* icon58.png */; };
		72273CBD19B442D3002B318D /* icon80.png in Resources */ = {isa = PBXBuildFile; fileRef = 72273CB719B442D3002B318D /* icon80.png */; };
		72273CBE19B442D3002B318D /* icon114.png in Resources */ = {isa = PBXBuildFile; fileRef = 72273CB819B442D3002B318D /* icon114.png */; };
		72273CBF19B442D3002B318D /* icon120.png in Resources */ = {isa = PBXBuildFile; fileRef = 72273CB919B442D3002B318D /* icon120.png */; };
		7233DF3219B0193C00F0664E /* Foundation.framework in Frameworks */ = {isa = PBXBuildFile; fileRef = 7233DF3119B0193C00F0664E /* Foundation.framework */; };
		7233DF3419B0193C00F0664E /* CoreGraphics.framework in Frameworks */ = {isa = PBXBuildFile; fileRef = 7233DF3319B0193C00F0664E /* CoreGraphics.framework */; };
		7233DF3619B0193C00F0664E /* UIKit.framework in Frameworks */ = {isa = PBXBuildFile; fileRef = 7233DF3519B0193C00F0664E /* UIKit.framework */; };
		7233DF3C19B0193C00F0664E /* InfoPlist.strings in Resources */ = {isa = PBXBuildFile; fileRef = 7233DF3A19B0193C00F0664E /* InfoPlist.strings */; };
		7233DF3E19B0193C00F0664E /* main.m in Sources */ = {isa = PBXBuildFile; fileRef = 7233DF3D19B0193C00F0664E /* main.m */; };
		7233DF4219B0193C00F0664E /* AppDelegate.m in Sources */ = {isa = PBXBuildFile; fileRef = 7233DF4119B0193C00F0664E /* AppDelegate.m */; };
		7233DF4419B0193C00F0664E /* Images.xcassets in Resources */ = {isa = PBXBuildFile; fileRef = 7233DF4319B0193C00F0664E /* Images.xcassets */; };
		7233DF4B19B0193C00F0664E /* XCTest.framework in Frameworks */ = {isa = PBXBuildFile; fileRef = 7233DF4A19B0193C00F0664E /* XCTest.framework */; };
		7233DF4C19B0193C00F0664E /* Foundation.framework in Frameworks */ = {isa = PBXBuildFile; fileRef = 7233DF3119B0193C00F0664E /* Foundation.framework */; };
		7233DF4D19B0193C00F0664E /* UIKit.framework in Frameworks */ = {isa = PBXBuildFile; fileRef = 7233DF3519B0193C00F0664E /* UIKit.framework */; };
		7233DF5519B0193C00F0664E /* InfoPlist.strings in Resources */ = {isa = PBXBuildFile; fileRef = 7233DF5319B0193C00F0664E /* InfoPlist.strings */; };
		7233DF5719B0193C00F0664E /* HCMasTests.m in Sources */ = {isa = PBXBuildFile; fileRef = 7233DF5619B0193C00F0664E /* HCMasTests.m */; };
		7233E1E419B03F0700F0664E /* IndexViewController.m in Sources */ = {isa = PBXBuildFile; fileRef = 7233E1E319B03F0700F0664E /* IndexViewController.m */; };
		7233E1E719B03F1900F0664E /* StyleSheet.m in Sources */ = {isa = PBXBuildFile; fileRef = 7233E1E619B03F1900F0664E /* StyleSheet.m */; };
		7233E1EA19B03F2A00F0664E /* User.m in Sources */ = {isa = PBXBuildFile; fileRef = 7233E1E919B03F2A00F0664E /* User.m */; };
		7245537A19B04A0100760BF2 /* arrow_left.png in Resources */ = {isa = PBXBuildFile; fileRef = 7245534419B04A0100760BF2 /* arrow_left.png */; };
		7245537B19B04A0100760BF2 /* arrow_right.png in Resources */ = {isa = PBXBuildFile; fileRef = 7245534519B04A0100760BF2 /* arrow_right.png */; };
		7245537C19B04A0100760BF2 /* bg_nopress.png in Resources */ = {isa = PBXBuildFile; fileRef = 7245534619B04A0100760BF2 /* bg_nopress.png */; };
		7245537D19B04A0100760BF2 /* bg_press.png in Resources */ = {isa = PBXBuildFile; fileRef = 7245534719B04A0100760BF2 /* bg_press.png */; };
		7245537E19B04A0100760BF2 /* blue_button_dark.png in Resources */ = {isa = PBXBuildFile; fileRef = 7245534819B04A0100760BF2 /* blue_button_dark.png */; };
		7245537F19B04A0100760BF2 /* blue_button.png in Resources */ = {isa = PBXBuildFile; fileRef = 7245534919B04A0100760BF2 /* blue_button.png */; };
		7245538019B04A0100760BF2 /* clear.png in Resources */ = {isa = PBXBuildFile; fileRef = 7245534A19B04A0100760BF2 /* clear.png */; };
		7245538119B04A0100760BF2 /* default_pic_1.jpg in Resources */ = {isa = PBXBuildFile; fileRef = 7245534B19B04A0100760BF2 /* default_pic_1.jpg */; };
		7245538219B04A0100760BF2 /* default_pic_2.jpg in Resources */ = {isa = PBXBuildFile; fileRef = 7245534C19B04A0100760BF2 /* default_pic_2.jpg */; };
		7245538319B04A0100760BF2 /* default_pic_3.jpg in Resources */ = {isa = PBXBuildFile; fileRef = 7245534D19B04A0100760BF2 /* default_pic_3.jpg */; };
		7245538419B04A0100760BF2 /* default_pic_4.jpg in Resources */ = {isa = PBXBuildFile; fileRef = 7245534E19B04A0100760BF2 /* default_pic_4.jpg */; };
		7245538519B04A0100760BF2 /* icon.png in Resources */ = {isa = PBXBuildFile; fileRef = 7245534F19B04A0100760BF2 /* icon.png */; };
		7245538619B04A0100760BF2 /* img_ratio_selected.png in Resources */ = {isa = PBXBuildFile; fileRef = 7245535019B04A0100760BF2 /* img_ratio_selected.png */; };
		7245538719B04A0100760BF2 /* img_ratio.png in Resources */ = {isa = PBXBuildFile; fileRef = 7245535119B04A0100760BF2 /* img_ratio.png */; };
		7245538819B04A0100760BF2 /* item_back_orange.jpg in Resources */ = {isa = PBXBuildFile; fileRef = 7245535219B04A0100760BF2 /* item_back_orange.jpg */; };
		7245538919B04A0100760BF2 /* item_back_red.jpg in Resources */ = {isa = PBXBuildFile; fileRef = 7245535319B04A0100760BF2 /* item_back_red.jpg */; };
		7245538A19B04A0100760BF2 /* item_back_yellow.jpg in Resources */ = {isa = PBXBuildFile; fileRef = 7245535419B04A0100760BF2 /* item_back_yellow.jpg */; };
		7245538B19B04A0100760BF2 /* item.JPG in Resources */ = {isa = PBXBuildFile; fileRef = 7245535519B04A0100760BF2 /* item.JPG */; };
		7245538C19B04A0100760BF2 /* left_arrow.jpg in Resources */ = {isa = PBXBuildFile; fileRef = 7245535619B04A0100760BF2 /* left_arrow.jpg */; };
		7245538D19B04A0100760BF2 /* logo_bb.png in Resources */ = {isa = PBXBuildFile; fileRef = 7245535719B04A0100760BF2 /* logo_bb.png */; };
		7245538E19B04A0100760BF2 /* logo_bmwy.png in Resources */ = {isa = PBXBuildFile; fileRef = 7245535819B04A0100760BF2 /* logo_bmwy.png */; };
		7245538F19B04A0100760BF2 /* logo_dqsd.png in Resources */ = {isa = PBXBuildFile; fileRef = 7245535919B04A0100760BF2 /* logo_dqsd.png */; };
		7245539019B04A0100760BF2 /* logo_dqwd.png in Resources */ = {isa = PBXBuildFile; fileRef = 7245535A19B04A0100760BF2 /* logo_dqwd.png */; };
		7245539119B04A0100760BF2 /* logo_dqyl.png in Resources */ = {isa = PBXBuildFile; fileRef = 7245535B19B04A0100760BF2 /* logo_dqyl.png */; };
		7245539219B04A0100760BF2 /* logo_fs.png in Resources */ = {isa = PBXBuildFile; fileRef = 7245535C19B04A0100760BF2 /* logo_fs.png */; };
		7245539319B04A0100760BF2 /* logo_fx.png in Resources */ = {isa = PBXBuildFile; fileRef = 7245535D19B04A0100760BF2 /* logo_fx.png */; };
		7245539419B04A0100760BF2 /* logo_gcgl.png in Resources */ = {isa = PBXBuildFile; fileRef = 7245535E19B04A0100760BF2 /* logo_gcgl.png */; };
		7245539519B04A0100760BF2 /* logo_jrx.png in Resources */ = {isa = PBXBuildFile; fileRef = 7245535F19B04A0100760BF2 /* logo_jrx.png */; };
		7245539619B04A0100760BF2 /* logo_ksw.png in Resources */ = {isa = PBXBuildFile; fileRef = 7245536019B04A0100760BF2 /* logo_ksw.png */; };
		7245539719B04A0100760BF2 /* logo_lf.png in Resources */ = {isa = PBXBuildFile; fileRef = 7245536119B04A0100760BF2 /* logo_lf.png */; };
		7245539819B04A0100760BF2 /* logo_nbwy.png in Resources */ = {isa = PBXBuildFile; fileRef = 7245536219B04A0100760BF2 /* logo_nbwy.png */; };
		7245539919B04A0100760BF2 /* logo_rxwy.png in Resources */ = {isa = PBXBuildFile; fileRef = 7245536319B04A0100760BF2 /* logo_rxwy.png */; };
		7245539A19B04A0100760BF2 /* logo_sl.png in Resources */ = {isa = PBXBuildFile; fileRef = 7245536419B04A0100760BF2 /* logo_sl.png */; };
		7245539B19B04A0100760BF2 /* logo_sp.png in Resources */ = {isa = PBXBuildFile; fileRef = 7245536519B04A0100760BF2 /* logo_sp.png */; };
		7245539C19B04A0100760BF2 /* logo_thsl.png in Resources */ = {isa = PBXBuildFile; fileRef = 7245536619B04A0100760BF2 /* logo_thsl.png */; };
		7245539D19B04A0100760BF2 /* logo_tyl.png in Resources */ = {isa = PBXBuildFile; fileRef = 7245536719B04A0100760BF2 /* logo_tyl.png */; };
		7245539E19B04A0100760BF2 /* logo_wd.png in Resources */ = {isa = PBXBuildFile; fileRef = 7245536819B04A0100760BF2 /* logo_wd.png */; };
		7245539F19B04A0100760BF2 /* logo_xtgl.png in Resources */ = {isa = PBXBuildFile; fileRef = 7245536919B04A0100760BF2 /* logo_xtgl.png */; };
		724553A019B04A0100760BF2 /* logo_yl.png in Resources */ = {isa = PBXBuildFile; fileRef = 7245536A19B04A0100760BF2 /* logo_yl.png */; };
		724553A119B04A0100760BF2 /* logo_zxgt.png in Resources */ = {isa = PBXBuildFile; fileRef = 7245536B19B04A0100760BF2 /* logo_zxgt.png */; };
		724553A219B04A0100760BF2 /* main_background.png in Resources */ = {isa = PBXBuildFile; fileRef = 7245536C19B04A0100760BF2 /* main_background.png */; };
		724553A319B04A0100760BF2 /* menurbar_arrow.png in Resources */ = {isa = PBXBuildFile; fileRef = 7245536D19B04A0100760BF2 /* menurbar_arrow.png */; };
		724553A419B04A0100760BF2 /* on.jpg in Resources */ = {isa = PBXBuildFile; fileRef = 7245536E19B04A0100760BF2 /* on.jpg */; };
		724553A519B04A0100760BF2 /* orange.png in Resources */ = {isa = PBXBuildFile; fileRef = 7245536F19B04A0100760BF2 /* orange.png */; };
		724553A619B04A0100760BF2 /* red.png in Resources */ = {isa = PBXBuildFile; fileRef = 7245537019B04A0100760BF2 /* red.png */; };
		724553A719B04A0100760BF2 /* right_arrow.jpg in Resources */ = {isa = PBXBuildFile; fileRef = 7245537119B04A0100760BF2 /* right_arrow.jpg */; };
		724553A819B04A0100760BF2 /* splash_001.jpg in Resources */ = {isa = PBXBuildFile; fileRef = 7245537219B04A0100760BF2 /* splash_001.jpg */; };
		724553A919B04A0100760BF2 /* splash_002.jpg in Resources */ = {isa = PBXBuildFile; fileRef = 7245537319B04A0100760BF2 /* splash_002.jpg */; };
		724553AA19B04A0100760BF2 /* splash_003.jpg in Resources */ = {isa = PBXBuildFile; fileRef = 7245537419B04A0100760BF2 /* splash_003.jpg */; };
		724553AB19B04A0100760BF2 /* splash.jpg in Resources */ = {isa = PBXBuildFile; fileRef = 7245537519B04A0100760BF2 /* splash.jpg */; };
		724553AC19B04A0100760BF2 /* title_bg.png in Resources */ = {isa = PBXBuildFile; fileRef = 7245537619B04A0100760BF2 /* title_bg.png */; };
		724553AD19B04A0100760BF2 /* title_logo_v15.png in Resources */ = {isa = PBXBuildFile; fileRef = 7245537719B04A0100760BF2 /* title_logo_v15.png */; };
		724553AE19B04A0100760BF2 /* title_logo.jpg in Resources */ = {isa = PBXBuildFile; fileRef = 7245537819B04A0100760BF2 /* title_logo.jpg */; };
		724553AF19B04A0100760BF2 /* yellow.png in Resources */ = {isa = PBXBuildFile; fileRef = 7245537919B04A0100760BF2 /* yellow.png */; };
		72D1D0D319BFF73900E68511 /* SwipeScrollView.m in Sources */ = {isa = PBXBuildFile; fileRef = 72D1D0D219BFF73900E68511 /* SwipeScrollView.m */; };
		72D1D0EF19C006CF00E68511 /* KpiHistoryModel.m in Sources */ = {isa = PBXBuildFile; fileRef = 72D1D0EE19C006CF00E68511 /* KpiHistoryModel.m */; };
		72D1D0F119C00C3000E68511 /* calendar.png in Resources */ = {isa = PBXBuildFile; fileRef = 72D1D0F019C00C3000E68511 /* calendar.png */; };
		72D1D10C19C011A200E68511 /* NSDate+Helpers.m in Sources */ = {isa = PBXBuildFile; fileRef = 72D1D0FC19C011A200E68511 /* NSDate+Helpers.m */; settings = {COMPILER_FLAGS = "-fobjc-arc"; }; };
		72D1D10D19C011A200E68511 /* PMCalendarBackgroundView.m in Sources */ = {isa = PBXBuildFile; fileRef = 72D1D0FF19C011A200E68511 /* PMCalendarBackgroundView.m */; settings = {COMPILER_FLAGS = "-fobjc-arc"; }; };
		72D1D10E19C011A200E68511 /* PMCalendarController.m in Sources */ = {isa = PBXBuildFile; fileRef = 72D1D10219C011A200E68511 /* PMCalendarController.m */; settings = {COMPILER_FLAGS = "-fobjc-arc"; }; };
		72D1D10F19C011A200E68511 /* PMCalendarView.m in Sources */ = {isa = PBXBuildFile; fileRef = 72D1D10519C011A200E68511 /* PMCalendarView.m */; settings = {COMPILER_FLAGS = "-fobjc-arc"; }; };
		72D1D11019C011A200E68511 /* PMDimmingView.m in Sources */ = {isa = PBXBuildFile; fileRef = 72D1D10719C011A200E68511 /* PMDimmingView.m */; settings = {COMPILER_FLAGS = "-fobjc-arc"; }; };
		72D1D11119C011A200E68511 /* PMPeriod.m in Sources */ = {isa = PBXBuildFile; fileRef = 72D1D10919C011A200E68511 /* PMPeriod.m */; };
		72D1D11219C011A200E68511 /* PMSelectionView.m in Sources */ = {isa = PBXBuildFile; fileRef = 72D1D10B19C011A200E68511 /* PMSelectionView.m */; settings = {COMPILER_FLAGS = "-fobjc-arc"; }; };
		72D1D11D19C0166E00E68511 /* DateButton.m in Sources */ = {isa = PBXBuildFile; fileRef = 72D1D11C19C0166E00E68511 /* DateButton.m */; };
		72D1D1FD19C0419100E68511 /* web in Resources */ = {isa = PBXBuildFile; fileRef = 72D1D1FC19C0419100E68511 /* web */; };
		72D1D20019C06B3F00E68511 /* PointNameButton.m in Sources */ = {isa = PBXBuildFile; fileRef = 72D1D1FF19C06B3F00E68511 /* PointNameButton.m */; };
		72E6568F1A08ACD500300E19 /* ChartViewController.m in Sources */ = {isa = PBXBuildFile; fileRef = 72E6568E1A08ACD500300E19 /* ChartViewController.m */; };
		72F124DC19BA96D000B0F676 /* LoginModel.m in Sources */ = {isa = PBXBuildFile; fileRef = 72F124DB19BA96D000B0F676 /* LoginModel.m */; };
		72F124F019BA9A4000B0F676 /* MBProgressHUD.m in Sources */ = {isa = PBXBuildFile; fileRef = 72F124EF19BA9A4000B0F676 /* MBProgressHUD.m */; };
		72F124F319BAA72F00B0F676 /* ProjectModel.m in Sources */ = {isa = PBXBuildFile; fileRef = 72F124F219BAA72F00B0F676 /* ProjectModel.m */; };
		72F124F619BAA74600B0F676 /* Project.m in Sources */ = {isa = PBXBuildFile; fileRef = 72F124F519BAA74600B0F676 /* Project.m */; };
		72F124F919BABA6C00B0F676 /* KpiModel.m in Sources */ = {isa = PBXBuildFile; fileRef = 72F124F819BABA6C00B0F676 /* KpiModel.m */; };
		72F124FC19BABA8000B0F676 /* Kpi.m in Sources */ = {isa = PBXBuildFile; fileRef = 72F124FB19BABA8000B0F676 /* Kpi.m */; };
		72F1250819BAC2F600B0F676 /* MenuButton.m in Sources */ = {isa = PBXBuildFile; fileRef = 72F1250719BAC2F600B0F676 /* MenuButton.m */; };
		72F1250B19BADA8D00B0F676 /* KpiButton.m in Sources */ = {isa = PBXBuildFile; fileRef = 72F1250A19BADA8D00B0F676 /* KpiButton.m */; };
/* End PBXBuildFile section */

/* Begin PBXContainerItemProxy section */
		3201088596B4756681693702 /* PBXContainerItemProxy */ = {
			isa = PBXContainerItemProxy;
			containerPortal = 3201088596B4756681693700 /* Three20UICommon.xcodeproj */;
			proxyType = 1;
			remoteGlobalIDString = BEF31F390F352DF5000DE5D2;
			remoteInfo = Three20UICommon;
		};
		3201088596B4756681693706 /* PBXContainerItemProxy */ = {
			isa = PBXContainerItemProxy;
			containerPortal = 3201088596B4756681693700 /* Three20UICommon.xcodeproj */;
			proxyType = 2;
			remoteGlobalIDString = BEF31F3A0F352DF5000DE5D2;
			remoteInfo = Three20UICommon;
		};
		3206A0F794A6D7A3F259DBF2 /* PBXContainerItemProxy */ = {
			isa = PBXContainerItemProxy;
			containerPortal = 3206A0F794A6D7A3F259DBF0 /* extThree20JSON.xcodeproj */;
			proxyType = 1;
			remoteGlobalIDString = BEF31F390F352DF5000DE5D2;
			remoteInfo = extThree20JSON;
		};
		3206A0F794A6D7A3F259DBF6 /* PBXContainerItemProxy */ = {
			isa = PBXContainerItemProxy;
			containerPortal = 3206A0F794A6D7A3F259DBF0 /* extThree20JSON.xcodeproj */;
			proxyType = 2;
			remoteGlobalIDString = BEF31F3A0F352DF5000DE5D2;
			remoteInfo = extThree20JSON;
		};
		320A2827FEC940B25BC42C62 /* PBXContainerItemProxy */ = {
			isa = PBXContainerItemProxy;
			containerPortal = 320A2827FEC940B25BC42C60 /* Three20Core.xcodeproj */;
			proxyType = 1;
			remoteGlobalIDString = BEF31F390F352DF5000DE5D2;
			remoteInfo = Three20Core;
		};
		320A2827FEC940B25BC42C66 /* PBXContainerItemProxy */ = {
			isa = PBXContainerItemProxy;
			containerPortal = 320A2827FEC940B25BC42C60 /* Three20Core.xcodeproj */;
			proxyType = 2;
			remoteGlobalIDString = BEF31F3A0F352DF5000DE5D2;
			remoteInfo = Three20Core;
		};
		320A5A189C235877202780D2 /* PBXContainerItemProxy */ = {
			isa = PBXContainerItemProxy;
			containerPortal = 320A5A189C235877202780D0 /* Three20Network.xcodeproj */;
			proxyType = 1;
			remoteGlobalIDString = BEF31F390F352DF5000DE5D2;
			remoteInfo = Three20Network;
		};
		320A5A189C235877202780D6 /* PBXContainerItemProxy */ = {
			isa = PBXContainerItemProxy;
			containerPortal = 320A5A189C235877202780D0 /* Three20Network.xcodeproj */;
			proxyType = 2;
			remoteGlobalIDString = BEF31F3A0F352DF5000DE5D2;
			remoteInfo = Three20Network;
		};
		320A737074758E53BA54BE92 /* PBXContainerItemProxy */ = {
			isa = PBXContainerItemProxy;
			containerPortal = 320A737074758E53BA54BE90 /* Three20UINavigator.xcodeproj */;
			proxyType = 1;
			remoteGlobalIDString = BEF31F390F352DF5000DE5D2;
			remoteInfo = Three20UINavigator;
		};
		320A737074758E53BA54BE96 /* PBXContainerItemProxy */ = {
			isa = PBXContainerItemProxy;
			containerPortal = 320A737074758E53BA54BE90 /* Three20UINavigator.xcodeproj */;
			proxyType = 2;
			remoteGlobalIDString = BEF31F3A0F352DF5000DE5D2;
			remoteInfo = Three20UINavigator;
		};
		320CC833B8AF0ACFD35E6222 /* PBXContainerItemProxy */ = {
			isa = PBXContainerItemProxy;
			containerPortal = 320CC833B8AF0ACFD35E6220 /* Three20Style.xcodeproj */;
			proxyType = 1;
			remoteGlobalIDString = BEF31F390F352DF5000DE5D2;
			remoteInfo = Three20Style;
		};
		320CC833B8AF0ACFD35E6226 /* PBXContainerItemProxy */ = {
			isa = PBXContainerItemProxy;
			containerPortal = 320CC833B8AF0ACFD35E6220 /* Three20Style.xcodeproj */;
			proxyType = 2;
			remoteGlobalIDString = BEF31F3A0F352DF5000DE5D2;
			remoteInfo = Three20Style;
		};
		320D7DCCE32703ACAB9A45E2 /* PBXContainerItemProxy */ = {
			isa = PBXContainerItemProxy;
			containerPortal = 320D7DCCE32703ACAB9A45E0 /* Three20.xcodeproj */;
			proxyType = 1;
			remoteGlobalIDString = BEF31F390F352DF5000DE5D2;
			remoteInfo = Three20;
		};
		320D7DCCE32703ACAB9A45E6 /* PBXContainerItemProxy */ = {
			isa = PBXContainerItemProxy;
			containerPortal = 320D7DCCE32703ACAB9A45E0 /* Three20.xcodeproj */;
			proxyType = 2;
			remoteGlobalIDString = BEF31F3A0F352DF5000DE5D2;
			remoteInfo = Three20;
		};
		320F2C48872C2E2C4DF86202 /* PBXContainerItemProxy */ = {
			isa = PBXContainerItemProxy;
			containerPortal = 320F2C48872C2E2C4DF86200 /* Three20UI.xcodeproj */;
			proxyType = 1;
			remoteGlobalIDString = BEF31F390F352DF5000DE5D2;
			remoteInfo = Three20UI;
		};
		320F2C48872C2E2C4DF86206 /* PBXContainerItemProxy */ = {
			isa = PBXContainerItemProxy;
			containerPortal = 320F2C48872C2E2C4DF86200 /* Three20UI.xcodeproj */;
			proxyType = 2;
			remoteGlobalIDString = BEF31F3A0F352DF5000DE5D2;
			remoteInfo = Three20UI;
		};
		7233DF4E19B0193C00F0664E /* PBXContainerItemProxy */ = {
			isa = PBXContainerItemProxy;
			containerPortal = 7233DF2619B0193C00F0664E /* Project object */;
			proxyType = 1;
			remoteGlobalIDString = 7233DF2D19B0193C00F0664E;
			remoteInfo = HCMas;
		};
		7233E1AA19B03E3700F0664E /* PBXContainerItemProxy */ = {
			isa = PBXContainerItemProxy;
			containerPortal = 320A5A189C235877202780D0 /* Three20Network.xcodeproj */;
			proxyType = 2;
			remoteGlobalIDString = EB9E6C6210B6A8F800DE563C;
			remoteInfo = Three20NetworkUnitTests;
		};
		7233E1AD19B03E3700F0664E /* PBXContainerItemProxy */ = {
			isa = PBXContainerItemProxy;
			containerPortal = 320CC833B8AF0ACFD35E6220 /* Three20Style.xcodeproj */;
			proxyType = 2;
			remoteGlobalIDString = EB9E6C6210B6A8F800DE563C;
			remoteInfo = Three20StyleUnitTests;
		};
		7233E1D219B03EF000F0664E /* PBXContainerItemProxy */ = {
			isa = PBXContainerItemProxy;
			containerPortal = 320D7DCCE32703ACAB9A45E0 /* Three20.xcodeproj */;
			proxyType = 2;
			remoteGlobalIDString = EB9E6C6210B6A8F800DE563C;
			remoteInfo = Three20UnitTests;
		};
		7233E1D519B03EF000F0664E /* PBXContainerItemProxy */ = {
			isa = PBXContainerItemProxy;
			containerPortal = 320A2827FEC940B25BC42C60 /* Three20Core.xcodeproj */;
			proxyType = 2;
			remoteGlobalIDString = EB9E6C6210B6A8F800DE563C;
			remoteInfo = Three20CoreUnitTests;
		};
		7233E1DA19B03EF000F0664E /* PBXContainerItemProxy */ = {
			isa = PBXContainerItemProxy;
			containerPortal = 320F2C48872C2E2C4DF86200 /* Three20UI.xcodeproj */;
			proxyType = 2;
			remoteGlobalIDString = EB9E6C6210B6A8F800DE563C;
			remoteInfo = Three20UIUnitTests;
		};
		7233E1DD19B03EF000F0664E /* PBXContainerItemProxy */ = {
			isa = PBXContainerItemProxy;
			containerPortal = 3201088596B4756681693700 /* Three20UICommon.xcodeproj */;
			proxyType = 2;
			remoteGlobalIDString = EB9E6C6210B6A8F800DE563C;
			remoteInfo = Three20UICommonUnitTests;
		};
		7233E1E019B03EF000F0664E /* PBXContainerItemProxy */ = {
			isa = PBXContainerItemProxy;
			containerPortal = 320A737074758E53BA54BE90 /* Three20UINavigator.xcodeproj */;
			proxyType = 2;
			remoteGlobalIDString = EB9E6C6210B6A8F800DE563C;
			remoteInfo = Three20UINavigatorUnitTests;
		};
		7245533919B0499C00760BF2 /* PBXContainerItemProxy */ = {
			isa = PBXContainerItemProxy;
			containerPortal = 3206A0F794A6D7A3F259DBF0 /* extThree20JSON.xcodeproj */;
			proxyType = 2;
			remoteGlobalIDString = 6E645BD91187751200F08CB1;
			remoteInfo = "extThree20JSON+YAJL";
		};
		7245533B19B0499C00760BF2 /* PBXContainerItemProxy */ = {
			isa = PBXContainerItemProxy;
			containerPortal = 3206A0F794A6D7A3F259DBF0 /* extThree20JSON.xcodeproj */;
			proxyType = 2;
			remoteGlobalIDString = EB9E6C6210B6A8F800DE563C;
			remoteInfo = "extThree20JSONUnitTests+SBJSON";
		};
/* End PBXContainerItemProxy section */

/* Begin PBXFileReference section */
		3201088596B4756681693700 /* Three20UICommon.xcodeproj */ = {isa = PBXFileReference; lastKnownFileType = "wrapper.pb-project"; name = Three20UICommon.xcodeproj; path = ../three20/src/Three20UICommon/Three20UICommon.xcodeproj; sourceTree = SOURCE_ROOT; };
		3206A0F794A6D7A3F259DBF0 /* extThree20JSON.xcodeproj */ = {isa = PBXFileReference; lastKnownFileType = "wrapper.pb-project"; name = extThree20JSON.xcodeproj; path = ../three20/src/extThree20JSON/extThree20JSON.xcodeproj; sourceTree = SOURCE_ROOT; };
		320A2827FEC940B25BC42C60 /* Three20Core.xcodeproj */ = {isa = PBXFileReference; lastKnownFileType = "wrapper.pb-project"; name = Three20Core.xcodeproj; path = ../three20/src/Three20Core/Three20Core.xcodeproj; sourceTree = SOURCE_ROOT; };
		320A5A189C235877202780D0 /* Three20Network.xcodeproj */ = {isa = PBXFileReference; lastKnownFileType = "wrapper.pb-project"; name = Three20Network.xcodeproj; path = ../three20/src/Three20Network/Three20Network.xcodeproj; sourceTree = SOURCE_ROOT; };
		320A737074758E53BA54BE90 /* Three20UINavigator.xcodeproj */ = {isa = PBXFileReference; lastKnownFileType = "wrapper.pb-project"; name = Three20UINavigator.xcodeproj; path = ../three20/src/Three20UINavigator/Three20UINavigator.xcodeproj; sourceTree = SOURCE_ROOT; };
		320AF8492C47A4D819F7C450 /* QuartzCore.framework */ = {isa = PBXFileReference; lastKnownFileType = wrapper.frameworks; name = QuartzCore.framework; path = System/Library/Frameworks/QuartzCore.framework; sourceTree = SDKROOT; };
		320B6C86F11D9990244A9730 /* Three20.bundle */ = {isa = PBXFileReference; lastKnownFileType = "wrapper.plug-in"; name = Three20.bundle; path = ../three20/src/Three20.bundle; sourceTree = SOURCE_ROOT; };
		320CC833B8AF0ACFD35E6220 /* Three20Style.xcodeproj */ = {isa = PBXFileReference; lastKnownFileType = "wrapper.pb-project"; name = Three20Style.xcodeproj; path = ../three20/src/Three20Style/Three20Style.xcodeproj; sourceTree = SOURCE_ROOT; };
		320D7DCCE32703ACAB9A45E0 /* Three20.xcodeproj */ = {isa = PBXFileReference; lastKnownFileType = "wrapper.pb-project"; name = Three20.xcodeproj; path = ../three20/src/Three20/Three20.xcodeproj; sourceTree = SOURCE_ROOT; };
		320F2C48872C2E2C4DF86200 /* Three20UI.xcodeproj */ = {isa = PBXFileReference; lastKnownFileType = "wrapper.pb-project"; name = Three20UI.xcodeproj; path = ../three20/src/Three20UI/Three20UI.xcodeproj; sourceTree = SOURCE_ROOT; };
		72273C9D19B4404B002B318D /* Default-568h@2x.png */ = {isa = PBXFileReference; lastKnownFileType = image.png; path = "Default-568h@2x.png"; sourceTree = "<group>"; };
		72273C9E19B4404B002B318D /* Default.png */ = {isa = PBXFileReference; lastKnownFileType = image.png; path = Default.png; sourceTree = "<group>"; };
		72273C9F19B4404B002B318D /* Default~iphone.png */ = {isa = PBXFileReference; lastKnownFileType = image.png; path = "Default~iphone.png"; sourceTree = "<group>"; };
		72273CB419B442D3002B318D /* icon29.png */ = {isa = PBXFileReference; lastKnownFileType = image.png; path = icon29.png; sourceTree = "<group>"; };
		72273CB519B442D3002B318D /* icon57.png */ = {isa = PBXFileReference; lastKnownFileType = image.png; path = icon57.png; sourceTree = "<group>"; };
		72273CB619B442D3002B318D /* icon58.png */ = {isa = PBXFileReference; lastKnownFileType = image.png; path = icon58.png; sourceTree = "<group>"; };
		72273CB719B442D3002B318D /* icon80.png */ = {isa = PBXFileReference; lastKnownFileType = image.png; path = icon80.png; sourceTree = "<group>"; };
		72273CB819B442D3002B318D /* icon114.png */ = {isa = PBXFileReference; lastKnownFileType = image.png; path = icon114.png; sourceTree = "<group>"; };
		72273CB919B442D3002B318D /* icon120.png */ = {isa = PBXFileReference; lastKnownFileType = image.png; path = icon120.png; sourceTree = "<group>"; };
		7233DF2E19B0193C00F0664E /* HCMas.app */ = {isa = PBXFileReference; explicitFileType = wrapper.application; includeInIndex = 0; path = HCMas.app; sourceTree = BUILT_PRODUCTS_DIR; };
		7233DF3119B0193C00F0664E /* Foundation.framework */ = {isa = PBXFileReference; lastKnownFileType = wrapper.framework; name = Foundation.framework; path = System/Library/Frameworks/Foundation.framework; sourceTree = SDKROOT; };
		7233DF3319B0193C00F0664E /* CoreGraphics.framework */ = {isa = PBXFileReference; lastKnownFileType = wrapper.framework; name = CoreGraphics.framework; path = System/Library/Frameworks/CoreGraphics.framework; sourceTree = SDKROOT; };
		7233DF3519B0193C00F0664E /* UIKit.framework */ = {isa = PBXFileReference; lastKnownFileType = wrapper.framework; name = UIKit.framework; path = System/Library/Frameworks/UIKit.framework; sourceTree = SDKROOT; };
		7233DF3919B0193C00F0664E /* HCMas-Info.plist */ = {isa = PBXFileReference; lastKnownFileType = text.plist.xml; path = "HCMas-Info.plist"; sourceTree = "<group>"; };
		7233DF3B19B0193C00F0664E /* en */ = {isa = PBXFileReference; lastKnownFileType = text.plist.strings; name = en; path = en.lproj/InfoPlist.strings; sourceTree = "<group>"; };
		7233DF3D19B0193C00F0664E /* main.m */ = {isa = PBXFileReference; lastKnownFileType = sourcecode.c.objc; path = main.m; sourceTree = "<group>"; };
		7233DF3F19B0193C00F0664E /* HCMas-Prefix.pch */ = {isa = PBXFileReference; lastKnownFileType = sourcecode.c.h; path = "HCMas-Prefix.pch"; sourceTree = "<group>"; };
		7233DF4019B0193C00F0664E /* AppDelegate.h */ = {isa = PBXFileReference; lastKnownFileType = sourcecode.c.h; path = AppDelegate.h; sourceTree = "<group>"; };
		7233DF4119B0193C00F0664E /* AppDelegate.m */ = {isa = PBXFileReference; lastKnownFileType = sourcecode.c.objc; path = AppDelegate.m; sourceTree = "<group>"; };
		7233DF4319B0193C00F0664E /* Images.xcassets */ = {isa = PBXFileReference; lastKnownFileType = folder.assetcatalog; path = Images.xcassets; sourceTree = "<group>"; };
		7233DF4919B0193C00F0664E /* HCMasTests.xctest */ = {isa = PBXFileReference; explicitFileType = wrapper.cfbundle; includeInIndex = 0; path = HCMasTests.xctest; sourceTree = BUILT_PRODUCTS_DIR; };
		7233DF4A19B0193C00F0664E /* XCTest.framework */ = {isa = PBXFileReference; lastKnownFileType = wrapper.framework; name = XCTest.framework; path = Library/Frameworks/XCTest.framework; sourceTree = DEVELOPER_DIR; };
		7233DF5219B0193C00F0664E /* HCMasTests-Info.plist */ = {isa = PBXFileReference; lastKnownFileType = text.plist.xml; path = "HCMasTests-Info.plist"; sourceTree = "<group>"; };
		7233DF5419B0193C00F0664E /* en */ = {isa = PBXFileReference; lastKnownFileType = text.plist.strings; name = en; path = en.lproj/InfoPlist.strings; sourceTree = "<group>"; };
		7233DF5619B0193C00F0664E /* HCMasTests.m */ = {isa = PBXFileReference; lastKnownFileType = sourcecode.c.objc; path = HCMasTests.m; sourceTree = "<group>"; };
		7233E1E219B03F0700F0664E /* IndexViewController.h */ = {isa = PBXFileReference; fileEncoding = 4; lastKnownFileType = sourcecode.c.h; path = IndexViewController.h; sourceTree = "<group>"; };
		7233E1E319B03F0700F0664E /* IndexViewController.m */ = {isa = PBXFileReference; fileEncoding = 4; lastKnownFileType = sourcecode.c.objc; path = IndexViewController.m; sourceTree = "<group>"; };
		7233E1E519B03F1900F0664E /* StyleSheet.h */ = {isa = PBXFileReference; fileEncoding = 4; lastKnownFileType = sourcecode.c.h; path = StyleSheet.h; sourceTree = "<group>"; };
		7233E1E619B03F1900F0664E /* StyleSheet.m */ = {isa = PBXFileReference; fileEncoding = 4; lastKnownFileType = sourcecode.c.objc; path = StyleSheet.m; sourceTree = "<group>"; };
		7233E1E819B03F2A00F0664E /* User.h */ = {isa = PBXFileReference; fileEncoding = 4; lastKnownFileType = sourcecode.c.h; path = User.h; sourceTree = "<group>"; };
		7233E1E919B03F2A00F0664E /* User.m */ = {isa = PBXFileReference; fileEncoding = 4; lastKnownFileType = sourcecode.c.objc; path = User.m; sourceTree = "<group>"; };
		7245534419B04A0100760BF2 /* arrow_left.png */ = {isa = PBXFileReference; lastKnownFileType = image.png; path = arrow_left.png; sourceTree = "<group>"; };
		7245534519B04A0100760BF2 /* arrow_right.png */ = {isa = PBXFileReference; lastKnownFileType = image.png; path = arrow_right.png; sourceTree = "<group>"; };
		7245534619B04A0100760BF2 /* bg_nopress.png */ = {isa = PBXFileReference; lastKnownFileType = image.png; path = bg_nopress.png; sourceTree = "<group>"; };
		7245534719B04A0100760BF2 /* bg_press.png */ = {isa = PBXFileReference; lastKnownFileType = image.png; path = bg_press.png; sourceTree = "<group>"; };
		7245534819B04A0100760BF2 /* blue_button_dark.png */ = {isa = PBXFileReference; lastKnownFileType = image.png; path = blue_button_dark.png; sourceTree = "<group>"; };
		7245534919B04A0100760BF2 /* blue_button.png */ = {isa = PBXFileReference; lastKnownFileType = image.png; path = blue_button.png; sourceTree = "<group>"; };
		7245534A19B04A0100760BF2 /* clear.png */ = {isa = PBXFileReference; lastKnownFileType = image.png; path = clear.png; sourceTree = "<group>"; };
		7245534B19B04A0100760BF2 /* default_pic_1.jpg */ = {isa = PBXFileReference; lastKnownFileType = image.jpeg; path = default_pic_1.jpg; sourceTree = "<group>"; };
		7245534C19B04A0100760BF2 /* default_pic_2.jpg */ = {isa = PBXFileReference; lastKnownFileType = image.jpeg; path = default_pic_2.jpg; sourceTree = "<group>"; };
		7245534D19B04A0100760BF2 /* default_pic_3.jpg */ = {isa = PBXFileReference; lastKnownFileType = image.jpeg; path = default_pic_3.jpg; sourceTree = "<group>"; };
		7245534E19B04A0100760BF2 /* default_pic_4.jpg */ = {isa = PBXFileReference; lastKnownFileType = image.jpeg; path = default_pic_4.jpg; sourceTree = "<group>"; };
		7245534F19B04A0100760BF2 /* icon.png */ = {isa = PBXFileReference; lastKnownFileType = image.png; path = icon.png; sourceTree = "<group>"; };
		7245535019B04A0100760BF2 /* img_ratio_selected.png */ = {isa = PBXFileReference; lastKnownFileType = image.png; path = img_ratio_selected.png; sourceTree = "<group>"; };
		7245535119B04A0100760BF2 /* img_ratio.png */ = {isa = PBXFileReference; lastKnownFileType = image.png; path = img_ratio.png; sourceTree = "<group>"; };
		7245535219B04A0100760BF2 /* item_back_orange.jpg */ = {isa = PBXFileReference; lastKnownFileType = image.jpeg; path = item_back_orange.jpg; sourceTree = "<group>"; };
		7245535319B04A0100760BF2 /* item_back_red.jpg */ = {isa = PBXFileReference; lastKnownFileType = image.jpeg; path = item_back_red.jpg; sourceTree = "<group>"; };
		7245535419B04A0100760BF2 /* item_back_yellow.jpg */ = {isa = PBXFileReference; lastKnownFileType = image.jpeg; path = item_back_yellow.jpg; sourceTree = "<group>"; };
		7245535519B04A0100760BF2 /* item.JPG */ = {isa = PBXFileReference; lastKnownFileType = image.jpeg; path = item.JPG; sourceTree = "<group>"; };
		7245535619B04A0100760BF2 /* left_arrow.jpg */ = {isa = PBXFileReference; lastKnownFileType = image.jpeg; path = left_arrow.jpg; sourceTree = "<group>"; };
		7245535719B04A0100760BF2 /* logo_bb.png */ = {isa = PBXFileReference; lastKnownFileType = image.png; path = logo_bb.png; sourceTree = "<group>"; };
		7245535819B04A0100760BF2 /* logo_bmwy.png */ = {isa = PBXFileReference; lastKnownFileType = image.png; path = logo_bmwy.png; sourceTree = "<group>"; };
		7245535919B04A0100760BF2 /* logo_dqsd.png */ = {isa = PBXFileReference; lastKnownFileType = image.png; path = logo_dqsd.png; sourceTree = "<group>"; };
		7245535A19B04A0100760BF2 /* logo_dqwd.png */ = {isa = PBXFileReference; lastKnownFileType = image.png; path = logo_dqwd.png; sourceTree = "<group>"; };
		7245535B19B04A0100760BF2 /* logo_dqyl.png */ = {isa = PBXFileReference; lastKnownFileType = image.png; path = logo_dqyl.png; sourceTree = "<group>"; };
		7245535C19B04A0100760BF2 /* logo_fs.png */ = {isa = PBXFileReference; lastKnownFileType = image.png; path = logo_fs.png; sourceTree = "<group>"; };
		7245535D19B04A0100760BF2 /* logo_fx.png */ = {isa = PBXFileReference; lastKnownFileType = image.png; path = logo_fx.png; sourceTree = "<group>"; };
		7245535E19B04A0100760BF2 /* logo_gcgl.png */ = {isa = PBXFileReference; lastKnownFileType = image.png; path = logo_gcgl.png; sourceTree = "<group>"; };
		7245535F19B04A0100760BF2 /* logo_jrx.png */ = {isa = PBXFileReference; lastKnownFileType = image.png; path = logo_jrx.png; sourceTree = "<group>"; };
		7245536019B04A0100760BF2 /* logo_ksw.png */ = {isa = PBXFileReference; lastKnownFileType = image.png; path = logo_ksw.png; sourceTree = "<group>"; };
		7245536119B04A0100760BF2 /* logo_lf.png */ = {isa = PBXFileReference; lastKnownFileType = image.png; path = logo_lf.png; sourceTree = "<group>"; };
		7245536219B04A0100760BF2 /* logo_nbwy.png */ = {isa = PBXFileReference; lastKnownFileType = image.png; path = logo_nbwy.png; sourceTree = "<group>"; };
		7245536319B04A0100760BF2 /* logo_rxwy.png */ = {isa = PBXFileReference; lastKnownFileType = image.png; path = logo_rxwy.png; sourceTree = "<group>"; };
		7245536419B04A0100760BF2 /* logo_sl.png */ = {isa = PBXFileReference; lastKnownFileType = image.png; path = logo_sl.png; sourceTree = "<group>"; };
		7245536519B04A0100760BF2 /* logo_sp.png */ = {isa = PBXFileReference; lastKnownFileType = image.png; path = logo_sp.png; sourceTree = "<group>"; };
		7245536619B04A0100760BF2 /* logo_thsl.png */ = {isa = PBXFileReference; lastKnownFileType = image.png; path = logo_thsl.png; sourceTree = "<group>"; };
		7245536719B04A0100760BF2 /* logo_tyl.png */ = {isa = PBXFileReference; lastKnownFileType = image.png; path = logo_tyl.png; sourceTree = "<group>"; };
		7245536819B04A0100760BF2 /* logo_wd.png */ = {isa = PBXFileReference; lastKnownFileType = image.png; path = logo_wd.png; sourceTree = "<group>"; };
		7245536919B04A0100760BF2 /* logo_xtgl.png */ = {isa = PBXFileReference; lastKnownFileType = image.png; path = logo_xtgl.png; sourceTree = "<group>"; };
		7245536A19B04A0100760BF2 /* logo_yl.png */ = {isa = PBXFileReference; lastKnownFileType = image.png; path = logo_yl.png; sourceTree = "<group>"; };
		7245536B19B04A0100760BF2 /* logo_zxgt.png */ = {isa = PBXFileReference; lastKnownFileType = image.png; path = logo_zxgt.png; sourceTree = "<group>"; };
		7245536C19B04A0100760BF2 /* main_background.png */ = {isa = PBXFileReference; lastKnownFileType = image.png; path = main_background.png; sourceTree = "<group>"; };
		7245536D19B04A0100760BF2 /* menurbar_arrow.png */ = {isa = PBXFileReference; lastKnownFileType = image.png; path = menurbar_arrow.png; sourceTree = "<group>"; };
		7245536E19B04A0100760BF2 /* on.jpg */ = {isa = PBXFileReference; lastKnownFileType = image.jpeg; path = on.jpg; sourceTree = "<group>"; };
		7245536F19B04A0100760BF2 /* orange.png */ = {isa = PBXFileReference; lastKnownFileType = image.png; path = orange.png; sourceTree = "<group>"; };
		7245537019B04A0100760BF2 /* red.png */ = {isa = PBXFileReference; lastKnownFileType = image.png; path = red.png; sourceTree = "<group>"; };
		7245537119B04A0100760BF2 /* right_arrow.jpg */ = {isa = PBXFileReference; lastKnownFileType = image.jpeg; path = right_arrow.jpg; sourceTree = "<group>"; };
		7245537219B04A0100760BF2 /* splash_001.jpg */ = {isa = PBXFileReference; lastKnownFileType = image.jpeg; path = splash_001.jpg; sourceTree = "<group>"; };
		7245537319B04A0100760BF2 /* splash_002.jpg */ = {isa = PBXFileReference; lastKnownFileType = image.jpeg; path = splash_002.jpg; sourceTree = "<group>"; };
		7245537419B04A0100760BF2 /* splash_003.jpg */ = {isa = PBXFileReference; lastKnownFileType = image.jpeg; path = splash_003.jpg; sourceTree = "<group>"; };
		7245537519B04A0100760BF2 /* splash.jpg */ = {isa = PBXFileReference; lastKnownFileType = image.jpeg; path = splash.jpg; sourceTree = "<group>"; };
		7245537619B04A0100760BF2 /* title_bg.png */ = {isa = PBXFileReference; lastKnownFileType = image.png; path = title_bg.png; sourceTree = "<group>"; };
		7245537719B04A0100760BF2 /* title_logo_v15.png */ = {isa = PBXFileReference; lastKnownFileType = image.png; path = title_logo_v15.png; sourceTree = "<group>"; };
		7245537819B04A0100760BF2 /* title_logo.jpg */ = {isa = PBXFileReference; lastKnownFileType = image.jpeg; path = title_logo.jpg; sourceTree = "<group>"; };
		7245537919B04A0100760BF2 /* yellow.png */ = {isa = PBXFileReference; lastKnownFileType = image.png; path = yellow.png; sourceTree = "<group>"; };
		724553DB19B0567800760BF2 /* Constants.h */ = {isa = PBXFileReference; lastKnownFileType = sourcecode.c.h; path = Constants.h; sourceTree = "<group>"; };
		72D1D0D119BFF73900E68511 /* SwipeScrollView.h */ = {isa = PBXFileReference; fileEncoding = 4; lastKnownFileType = sourcecode.c.h; path = SwipeScrollView.h; sourceTree = "<group>"; };
		72D1D0D219BFF73900E68511 /* SwipeScrollView.m */ = {isa = PBXFileReference; fileEncoding = 4; lastKnownFileType = sourcecode.c.objc; path = SwipeScrollView.m; sourceTree = "<group>"; };
		72D1D0ED19C006CF00E68511 /* KpiHistoryModel.h */ = {isa = PBXFileReference; fileEncoding = 4; lastKnownFileType = sourcecode.c.h; path = KpiHistoryModel.h; sourceTree = "<group>"; };
		72D1D0EE19C006CF00E68511 /* KpiHistoryModel.m */ = {isa = PBXFileReference; fileEncoding = 4; lastKnownFileType = sourcecode.c.objc; path = KpiHistoryModel.m; sourceTree = "<group>"; };
		72D1D0F019C00C3000E68511 /* calendar.png */ = {isa = PBXFileReference; lastKnownFileType = image.png; path = calendar.png; sourceTree = "<group>"; };
		72D1D0FB19C011A200E68511 /* NSDate+Helpers.h */ = {isa = PBXFileReference; fileEncoding = 4; lastKnownFileType = sourcecode.c.h; path = "NSDate+Helpers.h"; sourceTree = "<group>"; };
		72D1D0FC19C011A200E68511 /* NSDate+Helpers.m */ = {isa = PBXFileReference; fileEncoding = 4; lastKnownFileType = sourcecode.c.objc; path = "NSDate+Helpers.m"; sourceTree = "<group>"; };
		72D1D0FD19C011A200E68511 /* PMCalendar.h */ = {isa = PBXFileReference; fileEncoding = 4; lastKnownFileType = sourcecode.c.h; path = PMCalendar.h; sourceTree = "<group>"; };
		72D1D0FE19C011A200E68511 /* PMCalendarBackgroundView.h */ = {isa = PBXFileReference; fileEncoding = 4; lastKnownFileType = sourcecode.c.h; path = PMCalendarBackgroundView.h; sourceTree = "<group>"; };
		72D1D0FF19C011A200E68511 /* PMCalendarBackgroundView.m */ = {isa = PBXFileReference; fileEncoding = 4; lastKnownFileType = sourcecode.c.objc; path = PMCalendarBackgroundView.m; sourceTree = "<group>"; };
		72D1D10019C011A200E68511 /* PMCalendarConstants.h */ = {isa = PBXFileReference; fileEncoding = 4; lastKnownFileType = sourcecode.c.h; path = PMCalendarConstants.h; sourceTree = "<group>"; };
		72D1D10119C011A200E68511 /* PMCalendarController.h */ = {isa = PBXFileReference; fileEncoding = 4; lastKnownFileType = sourcecode.c.h; path = PMCalendarController.h; sourceTree = "<group>"; };
		72D1D10219C011A200E68511 /* PMCalendarController.m */ = {isa = PBXFileReference; fileEncoding = 4; lastKnownFileType = sourcecode.c.objc; path = PMCalendarController.m; sourceTree = "<group>"; };
		72D1D10319C011A200E68511 /* PMCalendarHelpers.h */ = {isa = PBXFileReference; fileEncoding = 4; lastKnownFileType = sourcecode.c.h; path = PMCalendarHelpers.h; sourceTree = "<group>"; };
		72D1D10419C011A200E68511 /* PMCalendarView.h */ = {isa = PBXFileReference; fileEncoding = 4; lastKnownFileType = sourcecode.c.h; path = PMCalendarView.h; sourceTree = "<group>"; };
		72D1D10519C011A200E68511 /* PMCalendarView.m */ = {isa = PBXFileReference; fileEncoding = 4; lastKnownFileType = sourcecode.c.objc; path = PMCalendarView.m; sourceTree = "<group>"; };
		72D1D10619C011A200E68511 /* PMDimmingView.h */ = {isa = PBXFileReference; fileEncoding = 4; lastKnownFileType = sourcecode.c.h; path = PMDimmingView.h; sourceTree = "<group>"; };
		72D1D10719C011A200E68511 /* PMDimmingView.m */ = {isa = PBXFileReference; fileEncoding = 4; lastKnownFileType = sourcecode.c.objc; path = PMDimmingView.m; sourceTree = "<group>"; };
		72D1D10819C011A200E68511 /* PMPeriod.h */ = {isa = PBXFileReference; fileEncoding = 4; lastKnownFileType = sourcecode.c.h; path = PMPeriod.h; sourceTree = "<group>"; };
		72D1D10919C011A200E68511 /* PMPeriod.m */ = {isa = PBXFileReference; fileEncoding = 4; lastKnownFileType = sourcecode.c.objc; path = PMPeriod.m; sourceTree = "<group>"; };
		72D1D10A19C011A200E68511 /* PMSelectionView.h */ = {isa = PBXFileReference; fileEncoding = 4; lastKnownFileType = sourcecode.c.h; path = PMSelectionView.h; sourceTree = "<group>"; };
		72D1D10B19C011A200E68511 /* PMSelectionView.m */ = {isa = PBXFileReference; fileEncoding = 4; lastKnownFileType = sourcecode.c.objc; path = PMSelectionView.m; sourceTree = "<group>"; };
		72D1D11B19C0166E00E68511 /* DateButton.h */ = {isa = PBXFileReference; fileEncoding = 4; lastKnownFileType = sourcecode.c.h; path = DateButton.h; sourceTree = "<group>"; };
		72D1D11C19C0166E00E68511 /* DateButton.m */ = {isa = PBXFileReference; fileEncoding = 4; lastKnownFileType = sourcecode.c.objc; path = DateButton.m; sourceTree = "<group>"; };
		72D1D1FC19C0419100E68511 /* web */ = {isa = PBXFileReference; lastKnownFileType = folder; path = web; sourceTree = "<group>"; };
		72D1D1FE19C06B3F00E68511 /* PointNameButton.h */ = {isa = PBXFileReference; fileEncoding = 4; lastKnownFileType = sourcecode.c.h; path = PointNameButton.h; sourceTree = "<group>"; };
		72D1D1FF19C06B3F00E68511 /* PointNameButton.m */ = {isa = PBXFileReference; fileEncoding = 4; lastKnownFileType = sourcecode.c.objc; path = PointNameButton.m; sourceTree = "<group>"; };
		72E6568D1A08ACD500300E19 /* ChartViewController.h */ = {isa = PBXFileReference; fileEncoding = 4; lastKnownFileType = sourcecode.c.h; path = ChartViewController.h; sourceTree = "<group>"; };
		72E6568E1A08ACD500300E19 /* ChartViewController.m */ = {isa = PBXFileReference; fileEncoding = 4; lastKnownFileType = sourcecode.c.objc; path = ChartViewController.m; sourceTree = "<group>"; };
		72F124DA19BA96D000B0F676 /* LoginModel.h */ = {isa = PBXFileReference; fileEncoding = 4; lastKnownFileType = sourcecode.c.h; path = LoginModel.h; sourceTree = "<group>"; };
		72F124DB19BA96D000B0F676 /* LoginModel.m */ = {isa = PBXFileReference; fileEncoding = 4; lastKnownFileType = sourcecode.c.objc; path = LoginModel.m; sourceTree = "<group>"; };
		72F124EE19BA9A4000B0F676 /* MBProgressHUD.h */ = {isa = PBXFileReference; fileEncoding = 4; lastKnownFileType = sourcecode.c.h; path = MBProgressHUD.h; sourceTree = "<group>"; };
		72F124EF19BA9A4000B0F676 /* MBProgressHUD.m */ = {isa = PBXFileReference; fileEncoding = 4; lastKnownFileType = sourcecode.c.objc; path = MBProgressHUD.m; sourceTree = "<group>"; };
		72F124F119BAA72F00B0F676 /* ProjectModel.h */ = {isa = PBXFileReference; fileEncoding = 4; lastKnownFileType = sourcecode.c.h; path = ProjectModel.h; sourceTree = "<group>"; };
		72F124F219BAA72F00B0F676 /* ProjectModel.m */ = {isa = PBXFileReference; fileEncoding = 4; lastKnownFileType = sourcecode.c.objc; path = ProjectModel.m; sourceTree = "<group>"; };
		72F124F419BAA74600B0F676 /* Project.h */ = {isa = PBXFileReference; fileEncoding = 4; lastKnownFileType = sourcecode.c.h; path = Project.h; sourceTree = "<group>"; };
		72F124F519BAA74600B0F676 /* Project.m */ = {isa = PBXFileReference; fileEncoding = 4; lastKnownFileType = sourcecode.c.objc; path = Project.m; sourceTree = "<group>"; };
		72F124F719BABA6C00B0F676 /* KpiModel.h */ = {isa = PBXFileReference; fileEncoding = 4; lastKnownFileType = sourcecode.c.h; path = KpiModel.h; sourceTree = "<group>"; };
		72F124F819BABA6C00B0F676 /* KpiModel.m */ = {isa = PBXFileReference; fileEncoding = 4; lastKnownFileType = sourcecode.c.objc; path = KpiModel.m; sourceTree = "<group>"; };
		72F124FA19BABA8000B0F676 /* Kpi.h */ = {isa = PBXFileReference; fileEncoding = 4; lastKnownFileType = sourcecode.c.h; path = Kpi.h; sourceTree = "<group>"; };
		72F124FB19BABA8000B0F676 /* Kpi.m */ = {isa = PBXFileReference; fileEncoding = 4; lastKnownFileType = sourcecode.c.objc; path = Kpi.m; sourceTree = "<group>"; };
		72F1250619BAC2F600B0F676 /* MenuButton.h */ = {isa = PBXFileReference; fileEncoding = 4; lastKnownFileType = sourcecode.c.h; path = MenuButton.h; sourceTree = "<group>"; };
		72F1250719BAC2F600B0F676 /* MenuButton.m */ = {isa = PBXFileReference; fileEncoding = 4; lastKnownFileType = sourcecode.c.objc; path = MenuButton.m; sourceTree = "<group>"; };
		72F1250919BADA8D00B0F676 /* KpiButton.h */ = {isa = PBXFileReference; fileEncoding = 4; lastKnownFileType = sourcecode.c.h; path = KpiButton.h; sourceTree = "<group>"; };
		72F1250A19BADA8D00B0F676 /* KpiButton.m */ = {isa = PBXFileReference; fileEncoding = 4; lastKnownFileType = sourcecode.c.objc; path = KpiButton.m; sourceTree = "<group>"; };
/* End PBXFileReference section */

/* Begin PBXFrameworksBuildPhase section */
		7233DF2B19B0193C00F0664E /* Frameworks */ = {
			isa = PBXFrameworksBuildPhase;
			buildActionMask = 2147483647;
			files = (
				3206A0F794A6D7A3F259DBF5 /* libextThree20JSON+SBJSON.a in Frameworks */,
				3201088596B4756681693705 /* libThree20UICommon.a in Frameworks */,
				320D7DCCE32703ACAB9A45E5 /* libThree20.a in Frameworks */,
				320A737074758E53BA54BE95 /* libThree20UINavigator.a in Frameworks */,
				320A2827FEC940B25BC42C65 /* libThree20Core.a in Frameworks */,
				320F2C48872C2E2C4DF86205 /* libThree20UI.a in Frameworks */,
				320AF8492C47A4D819F7C451 /* QuartzCore.framework in Frameworks */,
				320A5A189C235877202780D5 /* libThree20Network.a in Frameworks */,
				320CC833B8AF0ACFD35E6225 /* libThree20Style.a in Frameworks */,
				7233DF3419B0193C00F0664E /* CoreGraphics.framework in Frameworks */,
				7233DF3619B0193C00F0664E /* UIKit.framework in Frameworks */,
				7233DF3219B0193C00F0664E /* Foundation.framework in Frameworks */,
			);
			runOnlyForDeploymentPostprocessing = 0;
		};
		7233DF4619B0193C00F0664E /* Frameworks */ = {
			isa = PBXFrameworksBuildPhase;
			buildActionMask = 2147483647;
			files = (
				7233DF4B19B0193C00F0664E /* XCTest.framework in Frameworks */,
				7233DF4D19B0193C00F0664E /* UIKit.framework in Frameworks */,
				7233DF4C19B0193C00F0664E /* Foundation.framework in Frameworks */,
			);
			runOnlyForDeploymentPostprocessing = 0;
		};
/* End PBXFrameworksBuildPhase section */

/* Begin PBXGroup section */
		3201088596B4756681693703 /* Products */ = {
			isa = PBXGroup;
			children = (
				3201088596B4756681693704 /* libThree20UICommon.a */,
				7233E1DE19B03EF000F0664E /* UICommonUnitTests.octest */,
			);
			name = Products;
			sourceTree = "<group>";
		};
		3206A0F794A6D7A3F259DBF3 /* Products */ = {
			isa = PBXGroup;
			children = (
				3206A0F794A6D7A3F259DBF4 /* libextThree20JSON+SBJSON.a */,
				7245533A19B0499C00760BF2 /* libextThree20JSON+YAJL.a */,
				7245533C19B0499C00760BF2 /* extJSONUnitTests+SBJSON.octest */,
			);
			name = Products;
			sourceTree = "<group>";
		};
		320A2827FEC940B25BC42C63 /* Products */ = {
			isa = PBXGroup;
			children = (
				320A2827FEC940B25BC42C64 /* libThree20Core.a */,
				7233E1D619B03EF000F0664E /* CoreUnitTests.octest */,
			);
			name = Products;
			sourceTree = "<group>";
		};
		320A5A189C235877202780D3 /* Products */ = {
			isa = PBXGroup;
			children = (
				320A5A189C235877202780D4 /* libThree20Network.a */,
				7233E1AB19B03E3700F0664E /* NetworkUnitTests.octest */,
			);
			name = Products;
			sourceTree = "<group>";
		};
		320A737074758E53BA54BE93 /* Products */ = {
			isa = PBXGroup;
			children = (
				320A737074758E53BA54BE94 /* libThree20UINavigator.a */,
				7233E1E119B03EF000F0664E /* UINavigatorUnitTests.octest */,
			);
			name = Products;
			sourceTree = "<group>";
		};
		320CC833B8AF0ACFD35E6223 /* Products */ = {
			isa = PBXGroup;
			children = (
				320CC833B8AF0ACFD35E6224 /* libThree20Style.a */,
				7233E1AE19B03E3700F0664E /* StyleUnitTests.octest */,
			);
			name = Products;
			sourceTree = "<group>";
		};
		320D7DCCE32703ACAB9A45E3 /* Products */ = {
			isa = PBXGroup;
			children = (
				320D7DCCE32703ACAB9A45E4 /* libThree20.a */,
				7233E1D319B03EF000F0664E /* Three20UnitTests.octest */,
			);
			name = Products;
			sourceTree = "<group>";
		};
		320F2C48872C2E2C4DF86203 /* Products */ = {
			isa = PBXGroup;
			children = (
				320F2C48872C2E2C4DF86204 /* libThree20UI.a */,
				7233E1DB19B03EF000F0664E /* UIUnitTests.octest */,
			);
			name = Products;
			sourceTree = "<group>";
		};
		7233DF2519B0193C00F0664E = {
			isa = PBXGroup;
			children = (
				7245533619B0499C00760BF2 /* resources */,
				7233DF3719B0193C00F0664E /* HCMas */,
				7233DF5019B0193C00F0664E /* HCMasTests */,
				7233DF3019B0193C00F0664E /* Frameworks */,
				7233DF2F19B0193C00F0664E /* Products */,
			);
			sourceTree = "<group>";
		};
		7233DF2F19B0193C00F0664E /* Products */ = {
			isa = PBXGroup;
			children = (
				7233DF2E19B0193C00F0664E /* HCMas.app */,
				7233DF4919B0193C00F0664E /* HCMasTests.xctest */,
			);
			name = Products;
			sourceTree = "<group>";
		};
		7233DF3019B0193C00F0664E /* Frameworks */ = {
			isa = PBXGroup;
			children = (
				3206A0F794A6D7A3F259DBF0 /* extThree20JSON.xcodeproj */,
				3201088596B4756681693700 /* Three20UICommon.xcodeproj */,
				320D7DCCE32703ACAB9A45E0 /* Three20.xcodeproj */,
				320A737074758E53BA54BE90 /* Three20UINavigator.xcodeproj */,
				320A2827FEC940B25BC42C60 /* Three20Core.xcodeproj */,
				320F2C48872C2E2C4DF86200 /* Three20UI.xcodeproj */,
				320AF8492C47A4D819F7C450 /* QuartzCore.framework */,
				320A5A189C235877202780D0 /* Three20Network.xcodeproj */,
				320CC833B8AF0ACFD35E6220 /* Three20Style.xcodeproj */,
				7233DF3119B0193C00F0664E /* Foundation.framework */,
				7233DF3319B0193C00F0664E /* CoreGraphics.framework */,
				7233DF3519B0193C00F0664E /* UIKit.framework */,
				7233DF4A19B0193C00F0664E /* XCTest.framework */,
			);
			name = Frameworks;
			sourceTree = "<group>";
		};
		7233DF3719B0193C00F0664E /* HCMas */ = {
			isa = PBXGroup;
			children = (
				72D1D0FA19C0118C00E68511 /* calendar */,
				72F1250519BAC2E500B0F676 /* control */,
				7233E1CC19B03EF000F0664E /* datasource */,
				7233E1CD19B03EF000F0664E /* model */,
				7233E1CE19B03EF000F0664E /* object */,
				7233E1CF19B03EF000F0664E /* style */,
				7233E1D019B03EF000F0664E /* view */,
				7233DF4019B0193C00F0664E /* AppDelegate.h */,
				7233DF4119B0193C00F0664E /* AppDelegate.m */,
				72F124EE19BA9A4000B0F676 /* MBProgressHUD.h */,
				72F124EF19BA9A4000B0F676 /* MBProgressHUD.m */,
				724553DB19B0567800760BF2 /* Constants.h */,
				7233DF4319B0193C00F0664E /* Images.xcassets */,
				7233DF3819B0193C00F0664E /* Supporting Files */,
			);
			path = HCMas;
			sourceTree = "<group>";
		};
		7233DF3819B0193C00F0664E /* Supporting Files */ = {
			isa = PBXGroup;
			children = (
				320B6C86F11D9990244A9730 /* Three20.bundle */,
				7233DF3919B0193C00F0664E /* HCMas-Info.plist */,
				7233DF3A19B0193C00F0664E /* InfoPlist.strings */,
				7233DF3D19B0193C00F0664E /* main.m */,
				7233DF3F19B0193C00F0664E /* HCMas-Prefix.pch */,
			);
			name = "Supporting Files";
			sourceTree = "<group>";
		};
		7233DF5019B0193C00F0664E /* HCMasTests */ = {
			isa = PBXGroup;
			children = (
				7233DF5619B0193C00F0664E /* HCMasTests.m */,
				7233DF5119B0193C00F0664E /* Supporting Files */,
			);
			path = HCMasTests;
			sourceTree = "<group>";
		};
		7233DF5119B0193C00F0664E /* Supporting Files */ = {
			isa = PBXGroup;
			children = (
				7233DF5219B0193C00F0664E /* HCMasTests-Info.plist */,
				7233DF5319B0193C00F0664E /* InfoPlist.strings */,
			);
			name = "Supporting Files";
			sourceTree = "<group>";
		};
		7233E1CC19B03EF000F0664E /* datasource */ = {
			isa = PBXGroup;
			children = (
			);
			path = datasource;
			sourceTree = "<group>";
		};
		7233E1CD19B03EF000F0664E /* model */ = {
			isa = PBXGroup;
			children = (
				72F124DA19BA96D000B0F676 /* LoginModel.h */,
				72F124DB19BA96D000B0F676 /* LoginModel.m */,
				72F124F119BAA72F00B0F676 /* ProjectModel.h */,
				72F124F219BAA72F00B0F676 /* ProjectModel.m */,
				72F124F719BABA6C00B0F676 /* KpiModel.h */,
				72F124F819BABA6C00B0F676 /* KpiModel.m */,
				72D1D0ED19C006CF00E68511 /* KpiHistoryModel.h */,
				72D1D0EE19C006CF00E68511 /* KpiHistoryModel.m */,
			);
			path = model;
			sourceTree = "<group>";
		};
		7233E1CE19B03EF000F0664E /* object */ = {
			isa = PBXGroup;
			children = (
				7233E1E819B03F2A00F0664E /* User.h */,
				7233E1E919B03F2A00F0664E /* User.m */,
				72F124F419BAA74600B0F676 /* Project.h */,
				72F124F519BAA74600B0F676 /* Project.m */,
				72F124FA19BABA8000B0F676 /* Kpi.h */,
				72F124FB19BABA8000B0F676 /* Kpi.m */,
			);
			path = object;
			sourceTree = "<group>";
		};
		7233E1CF19B03EF000F0664E /* style */ = {
			isa = PBXGroup;
			children = (
				7233E1E519B03F1900F0664E /* StyleSheet.h */,
				7233E1E619B03F1900F0664E /* StyleSheet.m */,
			);
			path = style;
			sourceTree = "<group>";
		};
		7233E1D019B03EF000F0664E /* view */ = {
			isa = PBXGroup;
			children = (
				7233E1E219B03F0700F0664E /* IndexViewController.h */,
				7233E1E319B03F0700F0664E /* IndexViewController.m */,
				72E6568D1A08ACD500300E19 /* ChartViewController.h */,
				72E6568E1A08ACD500300E19 /* ChartViewController.m */,
			);
			path = view;
			sourceTree = "<group>";
		};
		7245533619B0499C00760BF2 /* resources */ = {
			isa = PBXGroup;
			children = (
				72D1D1FC19C0419100E68511 /* web */,
				72D1D0F019C00C3000E68511 /* calendar.png */,
				72273CB419B442D3002B318D /* icon29.png */,
				72273CB519B442D3002B318D /* icon57.png */,
				72273CB619B442D3002B318D /* icon58.png */,
				72273CB719B442D3002B318D /* icon80.png */,
				72273CB819B442D3002B318D /* icon114.png */,
				72273CB919B442D3002B318D /* icon120.png */,
				72273C9D19B4404B002B318D /* Default-568h@2x.png */,
				72273C9E19B4404B002B318D /* Default.png */,
				72273C9F19B4404B002B318D /* Default~iphone.png */,
				7245534419B04A0100760BF2 /* arrow_left.png */,
				7245534519B04A0100760BF2 /* arrow_right.png */,
				7245534619B04A0100760BF2 /* bg_nopress.png */,
				7245534719B04A0100760BF2 /* bg_press.png */,
				7245534819B04A0100760BF2 /* blue_button_dark.png */,
				7245534919B04A0100760BF2 /* blue_button.png */,
				7245534A19B04A0100760BF2 /* clear.png */,
				7245534B19B04A0100760BF2 /* default_pic_1.jpg */,
				7245534C19B04A0100760BF2 /* default_pic_2.jpg */,
				7245534D19B04A0100760BF2 /* default_pic_3.jpg */,
				7245534E19B04A0100760BF2 /* default_pic_4.jpg */,
				7245534F19B04A0100760BF2 /* icon.png */,
				7245535019B04A0100760BF2 /* img_ratio_selected.png */,
				7245535119B04A0100760BF2 /* img_ratio.png */,
				7245535219B04A0100760BF2 /* item_back_orange.jpg */,
				7245535319B04A0100760BF2 /* item_back_red.jpg */,
				7245535419B04A0100760BF2 /* item_back_yellow.jpg */,
				7245535519B04A0100760BF2 /* item.JPG */,
				7245535619B04A0100760BF2 /* left_arrow.jpg */,
				7245535719B04A0100760BF2 /* logo_bb.png */,
				7245535819B04A0100760BF2 /* logo_bmwy.png */,
				7245535919B04A0100760BF2 /* logo_dqsd.png */,
				7245535A19B04A0100760BF2 /* logo_dqwd.png */,
				7245535B19B04A0100760BF2 /* logo_dqyl.png */,
				7245535C19B04A0100760BF2 /* logo_fs.png */,
				7245535D19B04A0100760BF2 /* logo_fx.png */,
				7245535E19B04A0100760BF2 /* logo_gcgl.png */,
				7245535F19B04A0100760BF2 /* logo_jrx.png */,
				7245536019B04A0100760BF2 /* logo_ksw.png */,
				7245536119B04A0100760BF2 /* logo_lf.png */,
				7245536219B04A0100760BF2 /* logo_nbwy.png */,
				7245536319B04A0100760BF2 /* logo_rxwy.png */,
				7245536419B04A0100760BF2 /* logo_sl.png */,
				7245536519B04A0100760BF2 /* logo_sp.png */,
				7245536619B04A0100760BF2 /* logo_thsl.png */,
				7245536719B04A0100760BF2 /* logo_tyl.png */,
				7245536819B04A0100760BF2 /* logo_wd.png */,
				7245536919B04A0100760BF2 /* logo_xtgl.png */,
				7245536A19B04A0100760BF2 /* logo_yl.png */,
				7245536B19B04A0100760BF2 /* logo_zxgt.png */,
				7245536C19B04A0100760BF2 /* main_background.png */,
				7245536D19B04A0100760BF2 /* menurbar_arrow.png */,
				7245536E19B04A0100760BF2 /* on.jpg */,
				7245536F19B04A0100760BF2 /* orange.png */,
				7245537019B04A0100760BF2 /* red.png */,
				7245537119B04A0100760BF2 /* right_arrow.jpg */,
				7245537219B04A0100760BF2 /* splash_001.jpg */,
				7245537319B04A0100760BF2 /* splash_002.jpg */,
				7245537419B04A0100760BF2 /* splash_003.jpg */,
				7245537519B04A0100760BF2 /* splash.jpg */,
				7245537619B04A0100760BF2 /* title_bg.png */,
				7245537719B04A0100760BF2 /* title_logo_v15.png */,
				7245537819B04A0100760BF2 /* title_logo.jpg */,
				7245537919B04A0100760BF2 /* yellow.png */,
			);
			name = resources;
			path = HCMas/resources;
			sourceTree = "<group>";
		};
		72D1D0FA19C0118C00E68511 /* calendar */ = {
			isa = PBXGroup;
			children = (
				72D1D0FB19C011A200E68511 /* NSDate+Helpers.h */,
				72D1D0FC19C011A200E68511 /* NSDate+Helpers.m */,
				72D1D0FD19C011A200E68511 /* PMCalendar.h */,
				72D1D0FE19C011A200E68511 /* PMCalendarBackgroundView.h */,
				72D1D0FF19C011A200E68511 /* PMCalendarBackgroundView.m */,
				72D1D10019C011A200E68511 /* PMCalendarConstants.h */,
				72D1D10119C011A200E68511 /* PMCalendarController.h */,
				72D1D10219C011A200E68511 /* PMCalendarController.m */,
				72D1D10319C011A200E68511 /* PMCalendarHelpers.h */,
				72D1D10419C011A200E68511 /* PMCalendarView.h */,
				72D1D10519C011A200E68511 /* PMCalendarView.m */,
				72D1D10619C011A200E68511 /* PMDimmingView.h */,
				72D1D10719C011A200E68511 /* PMDimmingView.m */,
				72D1D10819C011A200E68511 /* PMPeriod.h */,
				72D1D10919C011A200E68511 /* PMPeriod.m */,
				72D1D10A19C011A200E68511 /* PMSelectionView.h */,
				72D1D10B19C011A200E68511 /* PMSelectionView.m */,
			);
			path = calendar;
			sourceTree = "<group>";
		};
		72F1250519BAC2E500B0F676 /* control */ = {
			isa = PBXGroup;
			children = (
				72D1D0D119BFF73900E68511 /* SwipeScrollView.h */,
				72D1D0D219BFF73900E68511 /* SwipeScrollView.m */,
				72F1250619BAC2F600B0F676 /* MenuButton.h */,
				72F1250719BAC2F600B0F676 /* MenuButton.m */,
				72F1250919BADA8D00B0F676 /* KpiButton.h */,
				72F1250A19BADA8D00B0F676 /* KpiButton.m */,
				72D1D11B19C0166E00E68511 /* DateButton.h */,
				72D1D11C19C0166E00E68511 /* DateButton.m */,
				72D1D1FE19C06B3F00E68511 /* PointNameButton.h */,
				72D1D1FF19C06B3F00E68511 /* PointNameButton.m */,
			);
			path = control;
			sourceTree = "<group>";
		};
/* End PBXGroup section */

/* Begin PBXNativeTarget section */
		7233DF2D19B0193C00F0664E /* HCMas */ = {
			isa = PBXNativeTarget;
			buildConfigurationList = 7233DF5A19B0193C00F0664E /* Build configuration list for PBXNativeTarget "HCMas" */;
			buildPhases = (
				7233DF2A19B0193C00F0664E /* Sources */,
				7233DF2B19B0193C00F0664E /* Frameworks */,
				7233DF2C19B0193C00F0664E /* Resources */,
			);
			buildRules = (
			);
			dependencies = (
				3206A0F794A6D7A3F259DBF1 /* PBXTargetDependency */,
				3201088596B4756681693701 /* PBXTargetDependency */,
				320D7DCCE32703ACAB9A45E1 /* PBXTargetDependency */,
				320A737074758E53BA54BE91 /* PBXTargetDependency */,
				320A2827FEC940B25BC42C61 /* PBXTargetDependency */,
				320F2C48872C2E2C4DF86201 /* PBXTargetDependency */,
				320A5A189C235877202780D1 /* PBXTargetDependency */,
				320CC833B8AF0ACFD35E6221 /* PBXTargetDependency */,
			);
			name = HCMas;
			productName = HCMas;
			productReference = 7233DF2E19B0193C00F0664E /* HCMas.app */;
			productType = "com.apple.product-type.application";
		};
		7233DF4819B0193C00F0664E /* HCMasTests */ = {
			isa = PBXNativeTarget;
			buildConfigurationList = 7233DF5D19B0193C00F0664E /* Build configuration list for PBXNativeTarget "HCMasTests" */;
			buildPhases = (
				7233DF4519B0193C00F0664E /* Sources */,
				7233DF4619B0193C00F0664E /* Frameworks */,
				7233DF4719B0193C00F0664E /* Resources */,
			);
			buildRules = (
			);
			dependencies = (
				7233DF4F19B0193C00F0664E /* PBXTargetDependency */,
			);
			name = HCMasTests;
			productName = HCMasTests;
			productReference = 7233DF4919B0193C00F0664E /* HCMasTests.xctest */;
			productType = "com.apple.product-type.bundle.unit-test";
		};
/* End PBXNativeTarget section */

/* Begin PBXProject section */
		7233DF2619B0193C00F0664E /* Project object */ = {
			isa = PBXProject;
			attributes = {
				LastUpgradeCheck = 0510;
				ORGANIZATIONNAME = HC;
				TargetAttributes = {
					7233DF2D19B0193C00F0664E = {
						DevelopmentTeam = BX34U48MLV;
					};
					7233DF4819B0193C00F0664E = {
						TestTargetID = 7233DF2D19B0193C00F0664E;
					};
				};
			};
			buildConfigurationList = 7233DF2919B0193C00F0664E /* Build configuration list for PBXProject "HCMas" */;
			compatibilityVersion = "Xcode 3.2";
			developmentRegion = English;
			hasScannedForEncodings = 0;
			knownRegions = (
				en,
			);
			mainGroup = 7233DF2519B0193C00F0664E;
			productRefGroup = 7233DF2F19B0193C00F0664E /* Products */;
			projectDirPath = "";
			projectReferences = (
				{
					ProductGroup = 3206A0F794A6D7A3F259DBF3 /* Products */;
					ProjectRef = 3206A0F794A6D7A3F259DBF0 /* extThree20JSON.xcodeproj */;
				},
				{
					ProductGroup = 320D7DCCE32703ACAB9A45E3 /* Products */;
					ProjectRef = 320D7DCCE32703ACAB9A45E0 /* Three20.xcodeproj */;
				},
				{
					ProductGroup = 320A2827FEC940B25BC42C63 /* Products */;
					ProjectRef = 320A2827FEC940B25BC42C60 /* Three20Core.xcodeproj */;
				},
				{
					ProductGroup = 320A5A189C235877202780D3 /* Products */;
					ProjectRef = 320A5A189C235877202780D0 /* Three20Network.xcodeproj */;
				},
				{
					ProductGroup = 320CC833B8AF0ACFD35E6223 /* Products */;
					ProjectRef = 320CC833B8AF0ACFD35E6220 /* Three20Style.xcodeproj */;
				},
				{
					ProductGroup = 320F2C48872C2E2C4DF86203 /* Products */;
					ProjectRef = 320F2C48872C2E2C4DF86200 /* Three20UI.xcodeproj */;
				},
				{
					ProductGroup = 3201088596B4756681693703 /* Products */;
					ProjectRef = 3201088596B4756681693700 /* Three20UICommon.xcodeproj */;
				},
				{
					ProductGroup = 320A737074758E53BA54BE93 /* Products */;
					ProjectRef = 320A737074758E53BA54BE90 /* Three20UINavigator.xcodeproj */;
				},
			);
			projectRoot = "";
			targets = (
				7233DF2D19B0193C00F0664E /* HCMas */,
				7233DF4819B0193C00F0664E /* HCMasTests */,
			);
		};
/* End PBXProject section */

/* Begin PBXReferenceProxy section */
		3201088596B4756681693704 /* libThree20UICommon.a */ = {
			isa = PBXReferenceProxy;
			fileType = archive.ar;
			path = libThree20UICommon.a;
			remoteRef = 3201088596B4756681693706 /* PBXContainerItemProxy */;
			sourceTree = BUILT_PRODUCTS_DIR;
		};
		3206A0F794A6D7A3F259DBF4 /* libextThree20JSON+SBJSON.a */ = {
			isa = PBXReferenceProxy;
			fileType = archive.ar;
			path = "libextThree20JSON+SBJSON.a";
			remoteRef = 3206A0F794A6D7A3F259DBF6 /* PBXContainerItemProxy */;
			sourceTree = BUILT_PRODUCTS_DIR;
		};
		320A2827FEC940B25BC42C64 /* libThree20Core.a */ = {
			isa = PBXReferenceProxy;
			fileType = archive.ar;
			path = libThree20Core.a;
			remoteRef = 320A2827FEC940B25BC42C66 /* PBXContainerItemProxy */;
			sourceTree = BUILT_PRODUCTS_DIR;
		};
		320A5A189C235877202780D4 /* libThree20Network.a */ = {
			isa = PBXReferenceProxy;
			fileType = archive.ar;
			path = libThree20Network.a;
			remoteRef = 320A5A189C235877202780D6 /* PBXContainerItemProxy */;
			sourceTree = BUILT_PRODUCTS_DIR;
		};
		320A737074758E53BA54BE94 /* libThree20UINavigator.a */ = {
			isa = PBXReferenceProxy;
			fileType = archive.ar;
			path = libThree20UINavigator.a;
			remoteRef = 320A737074758E53BA54BE96 /* PBXContainerItemProxy */;
			sourceTree = BUILT_PRODUCTS_DIR;
		};
		320CC833B8AF0ACFD35E6224 /* libThree20Style.a */ = {
			isa = PBXReferenceProxy;
			fileType = archive.ar;
			path = libThree20Style.a;
			remoteRef = 320CC833B8AF0ACFD35E6226 /* PBXContainerItemProxy */;
			sourceTree = BUILT_PRODUCTS_DIR;
		};
		320D7DCCE32703ACAB9A45E4 /* libThree20.a */ = {
			isa = PBXReferenceProxy;
			fileType = archive.ar;
			path = libThree20.a;
			remoteRef = 320D7DCCE32703ACAB9A45E6 /* PBXContainerItemProxy */;
			sourceTree = BUILT_PRODUCTS_DIR;
		};
		320F2C48872C2E2C4DF86204 /* libThree20UI.a */ = {
			isa = PBXReferenceProxy;
			fileType = archive.ar;
			path = libThree20UI.a;
			remoteRef = 320F2C48872C2E2C4DF86206 /* PBXContainerItemProxy */;
			sourceTree = BUILT_PRODUCTS_DIR;
		};
		7233E1AB19B03E3700F0664E /* NetworkUnitTests.octest */ = {
			isa = PBXReferenceProxy;
			fileType = wrapper.cfbundle;
			path = NetworkUnitTests.octest;
			remoteRef = 7233E1AA19B03E3700F0664E /* PBXContainerItemProxy */;
			sourceTree = BUILT_PRODUCTS_DIR;
		};
		7233E1AE19B03E3700F0664E /* StyleUnitTests.octest */ = {
			isa = PBXReferenceProxy;
			fileType = wrapper.cfbundle;
			path = StyleUnitTests.octest;
			remoteRef = 7233E1AD19B03E3700F0664E /* PBXContainerItemProxy */;
			sourceTree = BUILT_PRODUCTS_DIR;
		};
		7233E1D319B03EF000F0664E /* Three20UnitTests.octest */ = {
			isa = PBXReferenceProxy;
			fileType = wrapper.cfbundle;
			path = Three20UnitTests.octest;
			remoteRef = 7233E1D219B03EF000F0664E /* PBXContainerItemProxy */;
			sourceTree = BUILT_PRODUCTS_DIR;
		};
		7233E1D619B03EF000F0664E /* CoreUnitTests.octest */ = {
			isa = PBXReferenceProxy;
			fileType = wrapper.cfbundle;
			path = CoreUnitTests.octest;
			remoteRef = 7233E1D519B03EF000F0664E /* PBXContainerItemProxy */;
			sourceTree = BUILT_PRODUCTS_DIR;
		};
		7233E1DB19B03EF000F0664E /* UIUnitTests.octest */ = {
			isa = PBXReferenceProxy;
			fileType = wrapper.cfbundle;
			path = UIUnitTests.octest;
			remoteRef = 7233E1DA19B03EF000F0664E /* PBXContainerItemProxy */;
			sourceTree = BUILT_PRODUCTS_DIR;
		};
		7233E1DE19B03EF000F0664E /* UICommonUnitTests.octest */ = {
			isa = PBXReferenceProxy;
			fileType = wrapper.cfbundle;
			path = UICommonUnitTests.octest;
			remoteRef = 7233E1DD19B03EF000F0664E /* PBXContainerItemProxy */;
			sourceTree = BUILT_PRODUCTS_DIR;
		};
		7233E1E119B03EF000F0664E /* UINavigatorUnitTests.octest */ = {
			isa = PBXReferenceProxy;
			fileType = wrapper.cfbundle;
			path = UINavigatorUnitTests.octest;
			remoteRef = 7233E1E019B03EF000F0664E /* PBXContainerItemProxy */;
			sourceTree = BUILT_PRODUCTS_DIR;
		};
		7245533A19B0499C00760BF2 /* libextThree20JSON+YAJL.a */ = {
			isa = PBXReferenceProxy;
			fileType = archive.ar;
			path = "libextThree20JSON+YAJL.a";
			remoteRef = 7245533919B0499C00760BF2 /* PBXContainerItemProxy */;
			sourceTree = BUILT_PRODUCTS_DIR;
		};
		7245533C19B0499C00760BF2 /* extJSONUnitTests+SBJSON.octest */ = {
			isa = PBXReferenceProxy;
			fileType = wrapper.cfbundle;
			path = "extJSONUnitTests+SBJSON.octest";
			remoteRef = 7245533B19B0499C00760BF2 /* PBXContainerItemProxy */;
			sourceTree = BUILT_PRODUCTS_DIR;
		};
/* End PBXReferenceProxy section */

/* Begin PBXResourcesBuildPhase section */
		7233DF2C19B0193C00F0664E /* Resources */ = {
			isa = PBXResourcesBuildPhase;
			buildActionMask = 2147483647;
			files = (
				7245537F19B04A0100760BF2 /* blue_button.png in Resources */,
				320B6C86F11D9990244A9731 /* Three20.bundle in Resources */,
				7245539819B04A0100760BF2 /* logo_nbwy.png in Resources */,
				724553A019B04A0100760BF2 /* logo_yl.png in Resources */,
				7245539319B04A0100760BF2 /* logo_fx.png in Resources */,
				724553A719B04A0100760BF2 /* right_arrow.jpg in Resources */,
				7245539419B04A0100760BF2 /* logo_gcgl.png in Resources */,
				7245539619B04A0100760BF2 /* logo_ksw.png in Resources */,
				7245537B19B04A0100760BF2 /* arrow_right.png in Resources */,
				72D1D1FD19C0419100E68511 /* web in Resources */,
				72273CA119B4404B002B318D /* Default.png in Resources */,
				7245539719B04A0100760BF2 /* logo_lf.png in Resources */,
				7245539D19B04A0100760BF2 /* logo_tyl.png in Resources */,
				724553A419B04A0100760BF2 /* on.jpg in Resources */,
				724553A819B04A0100760BF2 /* splash_001.jpg in Resources */,
				72273CBD19B442D3002B318D /* icon80.png in Resources */,
				7245538119B04A0100760BF2 /* default_pic_1.jpg in Resources */,
				7245537D19B04A0100760BF2 /* bg_press.png in Resources */,
				72273CBA19B442D3002B318D /* icon29.png in Resources */,
				7245538919B04A0100760BF2 /* item_back_red.jpg in Resources */,
				724553AF19B04A0100760BF2 /* yellow.png in Resources */,
				7245539C19B04A0100760BF2 /* logo_thsl.png in Resources */,
				7245539919B04A0100760BF2 /* logo_rxwy.png in Resources */,
				7245539B19B04A0100760BF2 /* logo_sp.png in Resources */,
				7245539019B04A0100760BF2 /* logo_dqwd.png in Resources */,
				7245537E19B04A0100760BF2 /* blue_button_dark.png in Resources */,
				72273CA219B4404B002B318D /* Default~iphone.png in Resources */,
				7245539E19B04A0100760BF2 /* logo_wd.png in Resources */,
				7233DF3C19B0193C00F0664E /* InfoPlist.strings in Resources */,
				724553AB19B04A0100760BF2 /* splash.jpg in Resources */,
				724553A619B04A0100760BF2 /* red.png in Resources */,
				7245538819B04A0100760BF2 /* item_back_orange.jpg in Resources */,
				7245538B19B04A0100760BF2 /* item.JPG in Resources */,
				7245538F19B04A0100760BF2 /* logo_dqsd.png in Resources */,
				7245537A19B04A0100760BF2 /* arrow_left.png in Resources */,
				7245538D19B04A0100760BF2 /* logo_bb.png in Resources */,
				724553A319B04A0100760BF2 /* menurbar_arrow.png in Resources */,
				7245538319B04A0100760BF2 /* default_pic_3.jpg in Resources */,
				7245539A19B04A0100760BF2 /* logo_sl.png in Resources */,
				7245538419B04A0100760BF2 /* default_pic_4.jpg in Resources */,
				72273CBB19B442D3002B318D /* icon57.png in Resources */,
				72273CA019B4404B002B318D /* Default-568h@2x.png in Resources */,
				7245539F19B04A0100760BF2 /* logo_xtgl.png in Resources */,
				7245538019B04A0100760BF2 /* clear.png in Resources */,
				72273CBC19B442D3002B318D /* icon58.png in Resources */,
				7245538519B04A0100760BF2 /* icon.png in Resources */,
				7245538619B04A0100760BF2 /* img_ratio_selected.png in Resources */,
				7245539219B04A0100760BF2 /* logo_fs.png in Resources */,
				724553A119B04A0100760BF2 /* logo_zxgt.png in Resources */,
				724553AD19B04A0100760BF2 /* title_logo_v15.png in Resources */,
				7245538219B04A0100760BF2 /* default_pic_2.jpg in Resources */,
				7245538719B04A0100760BF2 /* img_ratio.png in Resources */,
				7245538A19B04A0100760BF2 /* item_back_yellow.jpg in Resources */,
				724553AA19B04A0100760BF2 /* splash_003.jpg in Resources */,
				7245539119B04A0100760BF2 /* logo_dqyl.png in Resources */,
				724553A219B04A0100760BF2 /* main_background.png in Resources */,
				72D1D0F119C00C3000E68511 /* calendar.png in Resources */,
				7233DF4419B0193C00F0664E /* Images.xcassets in Resources */,
				724553A519B04A0100760BF2 /* orange.png in Resources */,
				7245538C19B04A0100760BF2 /* left_arrow.jpg in Resources */,
				724553A919B04A0100760BF2 /* splash_002.jpg in Resources */,
				7245539519B04A0100760BF2 /* logo_jrx.png in Resources */,
				7245537C19B04A0100760BF2 /* bg_nopress.png in Resources */,
				7245538E19B04A0100760BF2 /* logo_bmwy.png in Resources */,
				72273CBF19B442D3002B318D /* icon120.png in Resources */,
				724553AC19B04A0100760BF2 /* title_bg.png in Resources */,
				724553AE19B04A0100760BF2 /* title_logo.jpg in Resources */,
				72273CBE19B442D3002B318D /* icon114.png in Resources */,
			);
			runOnlyForDeploymentPostprocessing = 0;
		};
		7233DF4719B0193C00F0664E /* Resources */ = {
			isa = PBXResourcesBuildPhase;
			buildActionMask = 2147483647;
			files = (
				7233DF5519B0193C00F0664E /* InfoPlist.strings in Resources */,
			);
			runOnlyForDeploymentPostprocessing = 0;
		};
/* End PBXResourcesBuildPhase section */

/* Begin PBXSourcesBuildPhase section */
		7233DF2A19B0193C00F0664E /* Sources */ = {
			isa = PBXSourcesBuildPhase;
			buildActionMask = 2147483647;
			files = (
				72F124FC19BABA8000B0F676 /* Kpi.m in Sources */,
				72F124F919BABA6C00B0F676 /* KpiModel.m in Sources */,
				7233E1EA19B03F2A00F0664E /* User.m in Sources */,
				72F1250B19BADA8D00B0F676 /* KpiButton.m in Sources */,
				72F124F319BAA72F00B0F676 /* ProjectModel.m in Sources */,
				7233DF4219B0193C00F0664E /* AppDelegate.m in Sources */,
				72D1D11119C011A200E68511 /* PMPeriod.m in Sources */,
				72F124F619BAA74600B0F676 /* Project.m in Sources */,
				72D1D11019C011A200E68511 /* PMDimmingView.m in Sources */,
				7233E1E719B03F1900F0664E /* StyleSheet.m in Sources */,
				72D1D11D19C0166E00E68511 /* DateButton.m in Sources */,
				72D1D20019C06B3F00E68511 /* PointNameButton.m in Sources */,
				72D1D10C19C011A200E68511 /* NSDate+Helpers.m in Sources */,
				7233DF3E19B0193C00F0664E /* main.m in Sources */,
				72D1D0EF19C006CF00E68511 /* KpiHistoryModel.m in Sources */,
				72E6568F1A08ACD500300E19 /* ChartViewController.m in Sources */,
				72F1250819BAC2F600B0F676 /* MenuButton.m in Sources */,
				72D1D10F19C011A200E68511 /* PMCalendarView.m in Sources */,
				72D1D10E19C011A200E68511 /* PMCalendarController.m in Sources */,
				72D1D11219C011A200E68511 /* PMSelectionView.m in Sources */,
				7233E1E419B03F0700F0664E /* IndexViewController.m in Sources */,
				72F124DC19BA96D000B0F676 /* LoginModel.m in Sources */,
				72D1D10D19C011A200E68511 /* PMCalendarBackgroundView.m in Sources */,
				72D1D0D319BFF73900E68511 /* SwipeScrollView.m in Sources */,
				72F124F019BA9A4000B0F676 /* MBProgressHUD.m in Sources */,
			);
			runOnlyForDeploymentPostprocessing = 0;
		};
		7233DF4519B0193C00F0664E /* Sources */ = {
			isa = PBXSourcesBuildPhase;
			buildActionMask = 2147483647;
			files = (
				7233DF5719B0193C00F0664E /* HCMasTests.m in Sources */,
			);
			runOnlyForDeploymentPostprocessing = 0;
		};
/* End PBXSourcesBuildPhase section */

/* Begin PBXTargetDependency section */
		3201088596B4756681693701 /* PBXTargetDependency */ = {
			isa = PBXTargetDependency;
			name = Three20UICommon;
			targetProxy = 3201088596B4756681693702 /* PBXContainerItemProxy */;
		};
		3206A0F794A6D7A3F259DBF1 /* PBXTargetDependency */ = {
			isa = PBXTargetDependency;
			name = extThree20JSON;
			targetProxy = 3206A0F794A6D7A3F259DBF2 /* PBXContainerItemProxy */;
		};
		320A2827FEC940B25BC42C61 /* PBXTargetDependency */ = {
			isa = PBXTargetDependency;
			name = Three20Core;
			targetProxy = 320A2827FEC940B25BC42C62 /* PBXContainerItemProxy */;
		};
		320A5A189C235877202780D1 /* PBXTargetDependency */ = {
			isa = PBXTargetDependency;
			name = Three20Network;
			targetProxy = 320A5A189C235877202780D2 /* PBXContainerItemProxy */;
		};
		320A737074758E53BA54BE91 /* PBXTargetDependency */ = {
			isa = PBXTargetDependency;
			name = Three20UINavigator;
			targetProxy = 320A737074758E53BA54BE92 /* PBXContainerItemProxy */;
		};
		320CC833B8AF0ACFD35E6221 /* PBXTargetDependency */ = {
			isa = PBXTargetDependency;
			name = Three20Style;
			targetProxy = 320CC833B8AF0ACFD35E6222 /* PBXContainerItemProxy */;
		};
		320D7DCCE32703ACAB9A45E1 /* PBXTargetDependency */ = {
			isa = PBXTargetDependency;
			name = Three20;
			targetProxy = 320D7DCCE32703ACAB9A45E2 /* PBXContainerItemProxy */;
		};
		320F2C48872C2E2C4DF86201 /* PBXTargetDependency */ = {
			isa = PBXTargetDependency;
			name = Three20UI;
			targetProxy = 320F2C48872C2E2C4DF86202 /* PBXContainerItemProxy */;
		};
		7233DF4F19B0193C00F0664E /* PBXTargetDependency */ = {
			isa = PBXTargetDependency;
			target = 7233DF2D19B0193C00F0664E /* HCMas */;
			targetProxy = 7233DF4E19B0193C00F0664E /* PBXContainerItemProxy */;
		};
/* End PBXTargetDependency section */

/* Begin PBXVariantGroup section */
		7233DF3A19B0193C00F0664E /* InfoPlist.strings */ = {
			isa = PBXVariantGroup;
			children = (
				7233DF3B19B0193C00F0664E /* en */,
			);
			name = InfoPlist.strings;
			sourceTree = "<group>";
		};
		7233DF5319B0193C00F0664E /* InfoPlist.strings */ = {
			isa = PBXVariantGroup;
			children = (
				7233DF5419B0193C00F0664E /* en */,
			);
			name = InfoPlist.strings;
			sourceTree = "<group>";
		};
/* End PBXVariantGroup section */

/* Begin XCBuildConfiguration section */
		7233DF5819B0193C00F0664E /* Debug */ = {
			isa = XCBuildConfiguration;
			buildSettings = {
				ALWAYS_SEARCH_USER_PATHS = NO;
				CLANG_CXX_LANGUAGE_STANDARD = "gnu++0x";
				CLANG_CXX_LIBRARY = "libc++";
				CLANG_ENABLE_MODULES = YES;
				CLANG_ENABLE_OBJC_ARC = NO;
				CLANG_WARN_BOOL_CONVERSION = YES;
				CLANG_WARN_CONSTANT_CONVERSION = YES;
				CLANG_WARN_DIRECT_OBJC_ISA_USAGE = YES_ERROR;
				CLANG_WARN_EMPTY_BODY = YES;
				CLANG_WARN_ENUM_CONVERSION = YES;
				CLANG_WARN_INT_CONVERSION = YES;
				CLANG_WARN_OBJC_ROOT_CLASS = YES_ERROR;
				CLANG_WARN__DUPLICATE_METHOD_MATCH = YES;
				"CODE_SIGN_IDENTITY[sdk=iphoneos*]" = "iPhone Developer";
				COPY_PHASE_STRIP = NO;
				GCC_C_LANGUAGE_STANDARD = gnu99;
				GCC_DYNAMIC_NO_PIC = NO;
				GCC_OPTIMIZATION_LEVEL = 0;
				GCC_PREPROCESSOR_DEFINITIONS = (
					"DEBUG=1",
					"$(inherited)",
				);
				GCC_SYMBOLS_PRIVATE_EXTERN = NO;
				GCC_WARN_64_TO_32_BIT_CONVERSION = YES;
				GCC_WARN_ABOUT_RETURN_TYPE = YES_ERROR;
				GCC_WARN_UNDECLARED_SELECTOR = YES;
				GCC_WARN_UNINITIALIZED_AUTOS = YES_AGGRESSIVE;
				GCC_WARN_UNUSED_FUNCTION = YES;
				GCC_WARN_UNUSED_VARIABLE = YES;
				HEADER_SEARCH_PATHS = (
					"$(BUILT_PRODUCTS_DIR)/../three20",
					"$(BUILT_PRODUCTS_DIR)/../../three20",
					../three20/Build/Products/three20,
				);
				IPHONEOS_DEPLOYMENT_TARGET = 7.1;
				ONLY_ACTIVE_ARCH = YES;
				OTHER_LDFLAGS = "-ObjC";
				SDKROOT = iphoneos;
			};
			name = Debug;
		};
		7233DF5919B0193C00F0664E /* Release */ = {
			isa = XCBuildConfiguration;
			buildSettings = {
				ALWAYS_SEARCH_USER_PATHS = NO;
				CLANG_CXX_LANGUAGE_STANDARD = "gnu++0x";
				CLANG_CXX_LIBRARY = "libc++";
				CLANG_ENABLE_MODULES = YES;
				CLANG_ENABLE_OBJC_ARC = NO;
				CLANG_WARN_BOOL_CONVERSION = YES;
				CLANG_WARN_CONSTANT_CONVERSION = YES;
				CLANG_WARN_DIRECT_OBJC_ISA_USAGE = YES_ERROR;
				CLANG_WARN_EMPTY_BODY = YES;
				CLANG_WARN_ENUM_CONVERSION = YES;
				CLANG_WARN_INT_CONVERSION = YES;
				CLANG_WARN_OBJC_ROOT_CLASS = YES_ERROR;
				CLANG_WARN__DUPLICATE_METHOD_MATCH = YES;
				"CODE_SIGN_IDENTITY[sdk=iphoneos*]" = "iPhone Developer";
				COPY_PHASE_STRIP = YES;
				ENABLE_NS_ASSERTIONS = NO;
				GCC_C_LANGUAGE_STANDARD = gnu99;
				GCC_WARN_64_TO_32_BIT_CONVERSION = YES;
				GCC_WARN_ABOUT_RETURN_TYPE = YES_ERROR;
				GCC_WARN_UNDECLARED_SELECTOR = YES;
				GCC_WARN_UNINITIALIZED_AUTOS = YES_AGGRESSIVE;
				GCC_WARN_UNUSED_FUNCTION = YES;
				GCC_WARN_UNUSED_VARIABLE = YES;
				HEADER_SEARCH_PATHS = (
					"$(BUILT_PRODUCTS_DIR)/../three20",
					"$(BUILT_PRODUCTS_DIR)/../../three20",
					../three20/Build/Products/three20,
				);
				IPHONEOS_DEPLOYMENT_TARGET = 7.1;
				OTHER_LDFLAGS = "-ObjC";
				SDKROOT = iphoneos;
				VALIDATE_PRODUCT = YES;
			};
			name = Release;
		};
		7233DF5B19B0193C00F0664E /* Debug */ = {
			isa = XCBuildConfiguration;
			buildSettings = {
				CODE_SIGN_IDENTITY = "iPhone Developer";
				"CODE_SIGN_IDENTITY[sdk=iphoneos*]" = "iPhone Developer";
				GCC_PRECOMPILE_PREFIX_HEADER = YES;
				GCC_PREFIX_HEADER = "HCMas/HCMas-Prefix.pch";
				INFOPLIST_FILE = "HCMas/HCMas-Info.plist";
				IPHONEOS_DEPLOYMENT_TARGET = 6.0;
				PRODUCT_NAME = "$(TARGET_NAME)";
				PROVISIONING_PROFILE = "";
				WRAPPER_EXTENSION = app;
			};
			name = Debug;
		};
		7233DF5C19B0193C00F0664E /* Release */ = {
			isa = XCBuildConfiguration;
			buildSettings = {
				CODE_SIGN_IDENTITY = "iPhone Developer";
				"CODE_SIGN_IDENTITY[sdk=iphoneos*]" = "iPhone Developer";
				GCC_PRECOMPILE_PREFIX_HEADER = YES;
				GCC_PREFIX_HEADER = "HCMas/HCMas-Prefix.pch";
				INFOPLIST_FILE = "HCMas/HCMas-Info.plist";
				IPHONEOS_DEPLOYMENT_TARGET = 6.0;
				PRODUCT_NAME = "$(TARGET_NAME)";
				PROVISIONING_PROFILE = "";
				WRAPPER_EXTENSION = app;
			};
			name = Release;
		};
		7233DF5E19B0193C00F0664E /* Debug */ = {
			isa = XCBuildConfiguration;
			buildSettings = {
				BUNDLE_LOADER = "$(BUILT_PRODUCTS_DIR)/HCMas.app/HCMas";
				FRAMEWORK_SEARCH_PATHS = (
					"$(SDKROOT)/Developer/Library/Frameworks",
					"$(inherited)",
					"$(DEVELOPER_FRAMEWORKS_DIR)",
				);
				GCC_PRECOMPILE_PREFIX_HEADER = YES;
				GCC_PREFIX_HEADER = "HCMas/HCMas-Prefix.pch";
				GCC_PREPROCESSOR_DEFINITIONS = (
					"DEBUG=1",
					"$(inherited)",
				);
				INFOPLIST_FILE = "HCMasTests/HCMasTests-Info.plist";
				PRODUCT_NAME = "$(TARGET_NAME)";
				TEST_HOST = "$(BUNDLE_LOADER)";
				WRAPPER_EXTENSION = xctest;
			};
			name = Debug;
		};
		7233DF5F19B0193C00F0664E /* Release */ = {
			isa = XCBuildConfiguration;
			buildSettings = {
				BUNDLE_LOADER = "$(BUILT_PRODUCTS_DIR)/HCMas.app/HCMas";
				FRAMEWORK_SEARCH_PATHS = (
					"$(SDKROOT)/Developer/Library/Frameworks",
					"$(inherited)",
					"$(DEVELOPER_FRAMEWORKS_DIR)",
				);
				GCC_PRECOMPILE_PREFIX_HEADER = YES;
				GCC_PREFIX_HEADER = "HCMas/HCMas-Prefix.pch";
				INFOPLIST_FILE = "HCMasTests/HCMasTests-Info.plist";
				PRODUCT_NAME = "$(TARGET_NAME)";
				TEST_HOST = "$(BUNDLE_LOADER)";
				WRAPPER_EXTENSION = xctest;
			};
			name = Release;
		};
/* End XCBuildConfiguration section */

/* Begin XCConfigurationList section */
		7233DF2919B0193C00F0664E /* Build configuration list for PBXProject "HCMas" */ = {
			isa = XCConfigurationList;
			buildConfigurations = (
				7233DF5819B0193C00F0664E /* Debug */,
				7233DF5919B0193C00F0664E /* Release */,
			);
			defaultConfigurationIsVisible = 0;
			defaultConfigurationName = Release;
		};
		7233DF5A19B0193C00F0664E /* Build configuration list for PBXNativeTarget "HCMas" */ = {
			isa = XCConfigurationList;
			buildConfigurations = (
				7233DF5B19B0193C00F0664E /* Debug */,
				7233DF5C19B0193C00F0664E /* Release */,
			);
			defaultConfigurationIsVisible = 0;
			defaultConfigurationName = Release;
		};
		7233DF5D19B0193C00F0664E /* Build configuration list for PBXNativeTarget "HCMasTests" */ = {
			isa = XCConfigurationList;
			buildConfigurations = (
				7233DF5E19B0193C00F0664E /* Debug */,
				7233DF5F19B0193C00F0664E /* Release */,
			);
			defaultConfigurationIsVisible = 0;
			defaultConfigurationName = Release;
		};
/* End XCConfigurationList section */
	};
	rootObject = 7233DF2619B0193C00F0664E /* Project object */;
}
