// !$*UTF8*$!
{
	archiveVersion = 1;
	classes = {
	};
	objectVersion = 46;
	objects = {

/* Begin PBXBuildFile section */
		3201088596B4756681693705 /* libThree20UICommon.a in Frameworks */ = {isa = PBXBuildFile; fileRef = 3201088596B4756681693704 /* libThree20UICommon.a */; };
		320A2827FEC940B25BC42C65 /* libThree20Core.a in Frameworks */ = {isa = PBXBuildFile; fileRef = 320A2827FEC940B25BC42C64 /* libThree20Core.a */; };
		320A5A189C235877202780D5 /* libThree20Network.a in Frameworks */ = {isa = PBXBuildFile; fileRef = 320A5A189C235877202780D4 /* libThree20Network.a */; };
		320A737074758E53BA54BE95 /* libThree20UINavigator.a in Frameworks */ = {isa = PBXBuildFile; fileRef = 320A737074758E53BA54BE94 /* libThree20UINavigator.a */; };
		320AF8492C47A4D819F7C451 /* QuartzCore.framework in Frameworks */ = {isa = PBXBuildFile; fileRef = 320AF8492C47A4D819F7C450 /* QuartzCore.framework */; };
		320B6C86F11D9990244A9731 /* Three20.bundle in Resources */ = {isa = PBXBuildFile; fileRef = 320B6C86F11D9990244A9730 /* Three20.bundle */; };
		320CC833B8AF0ACFD35E6225 /* libThree20Style.a in Frameworks */ = {isa = PBXBuildFile; fileRef = 320CC833B8AF0ACFD35E6224 /* libThree20Style.a */; };
		320D7DCCE32703ACAB9A45E5 /* libThree20.a in Frameworks */ = {isa = PBXBuildFile; fileRef = 320D7DCCE32703ACAB9A45E4 /* libThree20.a */; };
		320F2C48872C2E2C4DF86205 /* libThree20UI.a in Frameworks */ = {isa = PBXBuildFile; fileRef = 320F2C48872C2E2C4DF86204 /* libThree20UI.a */; };
		7219BBCD16C9EAFA00AABA8E /* MainViewController.m in Sources */ = {isa = PBXBuildFile; fileRef = 7219BBCC16C9EAFA00AABA8E /* MainViewController.m */; };
		721E6F8B16CA1EC700307E4D /* RemoveCallbackURLJSONResponse.m in Sources */ = {isa = PBXBuildFile; fileRef = 721E6F8A16CA1EC700307E4D /* RemoveCallbackURLJSONResponse.m */; };
		7233879D16CB5C890061FBDF /* QQVideoViewController.m in Sources */ = {isa = PBXBuildFile; fileRef = 7233879C16CB5C890061FBDF /* QQVideoViewController.m */; };
		723387A016CB5DA10061FBDF /* QQVideoRequestModel.m in Sources */ = {isa = PBXBuildFile; fileRef = 7233879F16CB5DA10061FBDF /* QQVideoRequestModel.m */; };
		7272B39D16C9FC7300E111A7 /* QQIndexRequestModel.m in Sources */ = {isa = PBXBuildFile; fileRef = 7272B39C16C9FC7300E111A7 /* QQIndexRequestModel.m */; };
		7272B3A016C9FD4E00E111A7 /* Video.m in Sources */ = {isa = PBXBuildFile; fileRef = 7272B39F16C9FD4E00E111A7 /* Video.m */; };
		7272B3A716CA046400E111A7 /* VideoTableItem.m in Sources */ = {isa = PBXBuildFile; fileRef = 7272B3A616CA046400E111A7 /* VideoTableItem.m */; };
		7272B3AA16CA049A00E111A7 /* VideoTableItemCell.m in Sources */ = {isa = PBXBuildFile; fileRef = 7272B3A916CA049A00E111A7 /* VideoTableItemCell.m */; };
		72A4368016C9EA5A00D9958D /* UIKit.framework in Frameworks */ = {isa = PBXBuildFile; fileRef = 72A4367F16C9EA5A00D9958D /* UIKit.framework */; };
		72A4368216C9EA5A00D9958D /* Foundation.framework in Frameworks */ = {isa = PBXBuildFile; fileRef = 72A4368116C9EA5A00D9958D /* Foundation.framework */; };
		72A4368416C9EA5A00D9958D /* CoreGraphics.framework in Frameworks */ = {isa = PBXBuildFile; fileRef = 72A4368316C9EA5A00D9958D /* CoreGraphics.framework */; };
		72A4368A16C9EA5A00D9958D /* InfoPlist.strings in Resources */ = {isa = PBXBuildFile; fileRef = 72A4368816C9EA5A00D9958D /* InfoPlist.strings */; };
		72A4368C16C9EA5A00D9958D /* main.m in Sources */ = {isa = PBXBuildFile; fileRef = 72A4368B16C9EA5A00D9958D /* main.m */; };
		72A4369016C9EA5A00D9958D /* AppDelegate.m in Sources */ = {isa = PBXBuildFile; fileRef = 72A4368F16C9EA5A00D9958D /* AppDelegate.m */; };
		72A69BCA16C9F3360099D974 /* QQIndexDataSource.m in Sources */ = {isa = PBXBuildFile; fileRef = 72A69BC916C9F3360099D974 /* QQIndexDataSource.m */; };
		72B5769716CA13B80094DD58 /* libextThree20JSON+SBJSON.a in Frameworks */ = {isa = PBXBuildFile; fileRef = 7219BBD516C9EB6900AABA8E /* libextThree20JSON+SBJSON.a */; };
		72BB0C6A16CB513400D4291D /* VideoImageView.m in Sources */ = {isa = PBXBuildFile; fileRef = 72BB0C6916CB513400D4291D /* VideoImageView.m */; };
		72C217C716CB6403000A56AB /* VideoItem.m in Sources */ = {isa = PBXBuildFile; fileRef = 72C217C616CB6403000A56AB /* VideoItem.m */; };
		72E748FF16C9F04F0024B8BB /* QQIndexViewController.m in Sources */ = {isa = PBXBuildFile; fileRef = 72E748FE16C9F04F0024B8BB /* QQIndexViewController.m */; };
/* End PBXBuildFile section */

/* Begin PBXContainerItemProxy section */
		3201088596B4756681693702 /* PBXContainerItemProxy */ = {
			isa = PBXContainerItemProxy;
			containerPortal = 3201088596B4756681693700 /* Three20UICommon.xcodeproj */;
			proxyType = 1;
			remoteGlobalIDString = BEF31F390F352DF5000DE5D2;
			remoteInfo = Three20UICommon;
		};
		3201088596B4756681693706 /* PBXContainerItemProxy */ = {
			isa = PBXContainerItemProxy;
			containerPortal = 3201088596B4756681693700 /* Three20UICommon.xcodeproj */;
			proxyType = 2;
			remoteGlobalIDString = BEF31F3A0F352DF5000DE5D2;
			remoteInfo = Three20UICommon;
		};
		320A2827FEC940B25BC42C62 /* PBXContainerItemProxy */ = {
			isa = PBXContainerItemProxy;
			containerPortal = 320A2827FEC940B25BC42C60 /* Three20Core.xcodeproj */;
			proxyType = 1;
			remoteGlobalIDString = BEF31F390F352DF5000DE5D2;
			remoteInfo = Three20Core;
		};
		320A2827FEC940B25BC42C66 /* PBXContainerItemProxy */ = {
			isa = PBXContainerItemProxy;
			containerPortal = 320A2827FEC940B25BC42C60 /* Three20Core.xcodeproj */;
			proxyType = 2;
			remoteGlobalIDString = BEF31F3A0F352DF5000DE5D2;
			remoteInfo = Three20Core;
		};
		320A5A189C235877202780D2 /* PBXContainerItemProxy */ = {
			isa = PBXContainerItemProxy;
			containerPortal = 320A5A189C235877202780D0 /* Three20Network.xcodeproj */;
			proxyType = 1;
			remoteGlobalIDString = BEF31F390F352DF5000DE5D2;
			remoteInfo = Three20Network;
		};
		320A5A189C235877202780D6 /* PBXContainerItemProxy */ = {
			isa = PBXContainerItemProxy;
			containerPortal = 320A5A189C235877202780D0 /* Three20Network.xcodeproj */;
			proxyType = 2;
			remoteGlobalIDString = BEF31F3A0F352DF5000DE5D2;
			remoteInfo = Three20Network;
		};
		320A737074758E53BA54BE92 /* PBXContainerItemProxy */ = {
			isa = PBXContainerItemProxy;
			containerPortal = 320A737074758E53BA54BE90 /* Three20UINavigator.xcodeproj */;
			proxyType = 1;
			remoteGlobalIDString = BEF31F390F352DF5000DE5D2;
			remoteInfo = Three20UINavigator;
		};
		320A737074758E53BA54BE96 /* PBXContainerItemProxy */ = {
			isa = PBXContainerItemProxy;
			containerPortal = 320A737074758E53BA54BE90 /* Three20UINavigator.xcodeproj */;
			proxyType = 2;
			remoteGlobalIDString = BEF31F3A0F352DF5000DE5D2;
			remoteInfo = Three20UINavigator;
		};
		320CC833B8AF0ACFD35E6222 /* PBXContainerItemProxy */ = {
			isa = PBXContainerItemProxy;
			containerPortal = 320CC833B8AF0ACFD35E6220 /* Three20Style.xcodeproj */;
			proxyType = 1;
			remoteGlobalIDString = BEF31F390F352DF5000DE5D2;
			remoteInfo = Three20Style;
		};
		320CC833B8AF0ACFD35E6226 /* PBXContainerItemProxy */ = {
			isa = PBXContainerItemProxy;
			containerPortal = 320CC833B8AF0ACFD35E6220 /* Three20Style.xcodeproj */;
			proxyType = 2;
			remoteGlobalIDString = BEF31F3A0F352DF5000DE5D2;
			remoteInfo = Three20Style;
		};
		320D7DCCE32703ACAB9A45E2 /* PBXContainerItemProxy */ = {
			isa = PBXContainerItemProxy;
			containerPortal = 320D7DCCE32703ACAB9A45E0 /* Three20.xcodeproj */;
			proxyType = 1;
			remoteGlobalIDString = BEF31F390F352DF5000DE5D2;
			remoteInfo = Three20;
		};
		320D7DCCE32703ACAB9A45E6 /* PBXContainerItemProxy */ = {
			isa = PBXContainerItemProxy;
			containerPortal = 320D7DCCE32703ACAB9A45E0 /* Three20.xcodeproj */;
			proxyType = 2;
			remoteGlobalIDString = BEF31F3A0F352DF5000DE5D2;
			remoteInfo = Three20;
		};
		320F2C48872C2E2C4DF86202 /* PBXContainerItemProxy */ = {
			isa = PBXContainerItemProxy;
			containerPortal = 320F2C48872C2E2C4DF86200 /* Three20UI.xcodeproj */;
			proxyType = 1;
			remoteGlobalIDString = BEF31F390F352DF5000DE5D2;
			remoteInfo = Three20UI;
		};
		320F2C48872C2E2C4DF86206 /* PBXContainerItemProxy */ = {
			isa = PBXContainerItemProxy;
			containerPortal = 320F2C48872C2E2C4DF86200 /* Three20UI.xcodeproj */;
			proxyType = 2;
			remoteGlobalIDString = BEF31F3A0F352DF5000DE5D2;
			remoteInfo = Three20UI;
		};
		7219BB9816C9EAAF00AABA8E /* PBXContainerItemProxy */ = {
			isa = PBXContainerItemProxy;
			containerPortal = 320D7DCCE32703ACAB9A45E0 /* Three20.xcodeproj */;
			proxyType = 2;
			remoteGlobalIDString = EB9E6C6210B6A8F800DE563C;
			remoteInfo = Three20UnitTests;
		};
		7219BB9B16C9EAAF00AABA8E /* PBXContainerItemProxy */ = {
			isa = PBXContainerItemProxy;
			containerPortal = 320A2827FEC940B25BC42C60 /* Three20Core.xcodeproj */;
			proxyType = 2;
			remoteGlobalIDString = EB9E6C6210B6A8F800DE563C;
			remoteInfo = Three20CoreUnitTests;
		};
		7219BB9E16C9EAAF00AABA8E /* PBXContainerItemProxy */ = {
			isa = PBXContainerItemProxy;
			containerPortal = 320A5A189C235877202780D0 /* Three20Network.xcodeproj */;
			proxyType = 2;
			remoteGlobalIDString = EB9E6C6210B6A8F800DE563C;
			remoteInfo = Three20NetworkUnitTests;
		};
		7219BBA116C9EAAF00AABA8E /* PBXContainerItemProxy */ = {
			isa = PBXContainerItemProxy;
			containerPortal = 320CC833B8AF0ACFD35E6220 /* Three20Style.xcodeproj */;
			proxyType = 2;
			remoteGlobalIDString = EB9E6C6210B6A8F800DE563C;
			remoteInfo = Three20StyleUnitTests;
		};
		7219BBA416C9EAAF00AABA8E /* PBXContainerItemProxy */ = {
			isa = PBXContainerItemProxy;
			containerPortal = 320F2C48872C2E2C4DF86200 /* Three20UI.xcodeproj */;
			proxyType = 2;
			remoteGlobalIDString = EB9E6C6210B6A8F800DE563C;
			remoteInfo = Three20UIUnitTests;
		};
		7219BBA716C9EAAF00AABA8E /* PBXContainerItemProxy */ = {
			isa = PBXContainerItemProxy;
			containerPortal = 3201088596B4756681693700 /* Three20UICommon.xcodeproj */;
			proxyType = 2;
			remoteGlobalIDString = EB9E6C6210B6A8F800DE563C;
			remoteInfo = Three20UICommonUnitTests;
		};
		7219BBAA16C9EAAF00AABA8E /* PBXContainerItemProxy */ = {
			isa = PBXContainerItemProxy;
			containerPortal = 320A737074758E53BA54BE90 /* Three20UINavigator.xcodeproj */;
			proxyType = 2;
			remoteGlobalIDString = EB9E6C6210B6A8F800DE563C;
			remoteInfo = Three20UINavigatorUnitTests;
		};
		7219BBD416C9EB6900AABA8E /* PBXContainerItemProxy */ = {
			isa = PBXContainerItemProxy;
			containerPortal = 7219BBCE16C9EB6900AABA8E /* extThree20JSON.xcodeproj */;
			proxyType = 2;
			remoteGlobalIDString = BEF31F3A0F352DF5000DE5D2;
			remoteInfo = "extThree20JSON+SBJSON";
		};
		7219BBD616C9EB6900AABA8E /* PBXContainerItemProxy */ = {
			isa = PBXContainerItemProxy;
			containerPortal = 7219BBCE16C9EB6900AABA8E /* extThree20JSON.xcodeproj */;
			proxyType = 2;
			remoteGlobalIDString = 6E645BD91187751200F08CB1;
			remoteInfo = "extThree20JSON+YAJL";
		};
		7219BBD816C9EB6900AABA8E /* PBXContainerItemProxy */ = {
			isa = PBXContainerItemProxy;
			containerPortal = 7219BBCE16C9EB6900AABA8E /* extThree20JSON.xcodeproj */;
			proxyType = 2;
			remoteGlobalIDString = EB9E6C6210B6A8F800DE563C;
			remoteInfo = "extThree20JSONUnitTests+SBJSON";
		};
		72B5769316CA13090094DD58 /* PBXContainerItemProxy */ = {
			isa = PBXContainerItemProxy;
			containerPortal = 7219BBCE16C9EB6900AABA8E /* extThree20JSON.xcodeproj */;
			proxyType = 1;
			remoteGlobalIDString = BEF31F390F352DF5000DE5D2;
			remoteInfo = "extThree20JSON+SBJSON";
		};
/* End PBXContainerItemProxy section */

/* Begin PBXFileReference section */
		3201088596B4756681693700 /* Three20UICommon.xcodeproj */ = {isa = PBXFileReference; lastKnownFileType = "wrapper.pb-project"; name = Three20UICommon.xcodeproj; path = ../../../../three20/src/Three20UICommon/Three20UICommon.xcodeproj; sourceTree = SOURCE_ROOT; };
		320A2827FEC940B25BC42C60 /* Three20Core.xcodeproj */ = {isa = PBXFileReference; lastKnownFileType = "wrapper.pb-project"; name = Three20Core.xcodeproj; path = ../../../../three20/src/Three20Core/Three20Core.xcodeproj; sourceTree = SOURCE_ROOT; };
		320A5A189C235877202780D0 /* Three20Network.xcodeproj */ = {isa = PBXFileReference; lastKnownFileType = "wrapper.pb-project"; name = Three20Network.xcodeproj; path = ../../../../three20/src/Three20Network/Three20Network.xcodeproj; sourceTree = SOURCE_ROOT; };
		320A737074758E53BA54BE90 /* Three20UINavigator.xcodeproj */ = {isa = PBXFileReference; lastKnownFileType = "wrapper.pb-project"; name = Three20UINavigator.xcodeproj; path = ../../../../three20/src/Three20UINavigator/Three20UINavigator.xcodeproj; sourceTree = SOURCE_ROOT; };
		320AF8492C47A4D819F7C450 /* QuartzCore.framework */ = {isa = PBXFileReference; lastKnownFileType = wrapper.frameworks; name = QuartzCore.framework; path = System/Library/Frameworks/QuartzCore.framework; sourceTree = SDKROOT; };
		320B6C86F11D9990244A9730 /* Three20.bundle */ = {isa = PBXFileReference; lastKnownFileType = "wrapper.plug-in"; name = Three20.bundle; path = ../../../../three20/src/Three20.bundle; sourceTree = SOURCE_ROOT; };
		320CC833B8AF0ACFD35E6220 /* Three20Style.xcodeproj */ = {isa = PBXFileReference; lastKnownFileType = "wrapper.pb-project"; name = Three20Style.xcodeproj; path = ../../../../three20/src/Three20Style/Three20Style.xcodeproj; sourceTree = SOURCE_ROOT; };
		320D7DCCE32703ACAB9A45E0 /* Three20.xcodeproj */ = {isa = PBXFileReference; lastKnownFileType = "wrapper.pb-project"; name = Three20.xcodeproj; path = ../../../../three20/src/Three20/Three20.xcodeproj; sourceTree = SOURCE_ROOT; };
		320F2C48872C2E2C4DF86200 /* Three20UI.xcodeproj */ = {isa = PBXFileReference; lastKnownFileType = "wrapper.pb-project"; name = Three20UI.xcodeproj; path = ../../../../three20/src/Three20UI/Three20UI.xcodeproj; sourceTree = SOURCE_ROOT; };
		7219BBCB16C9EAFA00AABA8E /* MainViewController.h */ = {isa = PBXFileReference; fileEncoding = 4; lastKnownFileType = sourcecode.c.h; path = MainViewController.h; sourceTree = "<group>"; };
		7219BBCC16C9EAFA00AABA8E /* MainViewController.m */ = {isa = PBXFileReference; fileEncoding = 4; lastKnownFileType = sourcecode.c.objc; path = MainViewController.m; sourceTree = "<group>"; };
		7219BBCE16C9EB6900AABA8E /* extThree20JSON.xcodeproj */ = {isa = PBXFileReference; lastKnownFileType = "wrapper.pb-project"; name = extThree20JSON.xcodeproj; path = ../../../../three20/src/extThree20JSON/extThree20JSON.xcodeproj; sourceTree = "<group>"; };
		721E6F8916CA1EC700307E4D /* RemoveCallbackURLJSONResponse.h */ = {isa = PBXFileReference; fileEncoding = 4; lastKnownFileType = sourcecode.c.h; path = RemoveCallbackURLJSONResponse.h; sourceTree = "<group>"; };
		721E6F8A16CA1EC700307E4D /* RemoveCallbackURLJSONResponse.m */ = {isa = PBXFileReference; fileEncoding = 4; lastKnownFileType = sourcecode.c.objc; path = RemoveCallbackURLJSONResponse.m; sourceTree = "<group>"; };
		7233879B16CB5C890061FBDF /* QQVideoViewController.h */ = {isa = PBXFileReference; fileEncoding = 4; lastKnownFileType = sourcecode.c.h; path = QQVideoViewController.h; sourceTree = "<group>"; };
		7233879C16CB5C890061FBDF /* QQVideoViewController.m */ = {isa = PBXFileReference; fileEncoding = 4; lastKnownFileType = sourcecode.c.objc; path = QQVideoViewController.m; sourceTree = "<group>"; };
		7233879E16CB5DA10061FBDF /* QQVideoRequestModel.h */ = {isa = PBXFileReference; fileEncoding = 4; lastKnownFileType = sourcecode.c.h; path = QQVideoRequestModel.h; sourceTree = "<group>"; };
		7233879F16CB5DA10061FBDF /* QQVideoRequestModel.m */ = {isa = PBXFileReference; fileEncoding = 4; lastKnownFileType = sourcecode.c.objc; path = QQVideoRequestModel.m; sourceTree = "<group>"; };
		7272B39B16C9FC7300E111A7 /* QQIndexRequestModel.h */ = {isa = PBXFileReference; fileEncoding = 4; lastKnownFileType = sourcecode.c.h; path = QQIndexRequestModel.h; sourceTree = "<group>"; };
		7272B39C16C9FC7300E111A7 /* QQIndexRequestModel.m */ = {isa = PBXFileReference; fileEncoding = 4; lastKnownFileType = sourcecode.c.objc; path = QQIndexRequestModel.m; sourceTree = "<group>"; };
		7272B39E16C9FD4E00E111A7 /* Video.h */ = {isa = PBXFileReference; fileEncoding = 4; lastKnownFileType = sourcecode.c.h; path = Video.h; sourceTree = "<group>"; };
		7272B39F16C9FD4E00E111A7 /* Video.m */ = {isa = PBXFileReference; fileEncoding = 4; lastKnownFileType = sourcecode.c.objc; path = Video.m; sourceTree = "<group>"; };
		7272B3A116C9FEBA00E111A7 /* Constants.h */ = {isa = PBXFileReference; lastKnownFileType = sourcecode.c.h; path = Constants.h; sourceTree = "<group>"; };
		7272B3A516CA046400E111A7 /* VideoTableItem.h */ = {isa = PBXFileReference; fileEncoding = 4; lastKnownFileType = sourcecode.c.h; path = VideoTableItem.h; sourceTree = "<group>"; };
		7272B3A616CA046400E111A7 /* VideoTableItem.m */ = {isa = PBXFileReference; fileEncoding = 4; lastKnownFileType = sourcecode.c.objc; path = VideoTableItem.m; sourceTree = "<group>"; };
		7272B3A816CA049A00E111A7 /* VideoTableItemCell.h */ = {isa = PBXFileReference; fileEncoding = 4; lastKnownFileType = sourcecode.c.h; path = VideoTableItemCell.h; sourceTree = "<group>"; };
		7272B3A916CA049A00E111A7 /* VideoTableItemCell.m */ = {isa = PBXFileReference; fileEncoding = 4; lastKnownFileType = sourcecode.c.objc; path = VideoTableItemCell.m; sourceTree = "<group>"; };
		72A4367B16C9EA5A00D9958D /* appletvserver.app */ = {isa = PBXFileReference; explicitFileType = wrapper.application; includeInIndex = 0; path = appletvserver.app; sourceTree = BUILT_PRODUCTS_DIR; };
		72A4367F16C9EA5A00D9958D /* UIKit.framework */ = {isa = PBXFileReference; lastKnownFileType = wrapper.framework; name = UIKit.framework; path = System/Library/Frameworks/UIKit.framework; sourceTree = SDKROOT; };
		72A4368116C9EA5A00D9958D /* Foundation.framework */ = {isa = PBXFileReference; lastKnownFileType = wrapper.framework; name = Foundation.framework; path = System/Library/Frameworks/Foundation.framework; sourceTree = SDKROOT; };
		72A4368316C9EA5A00D9958D /* CoreGraphics.framework */ = {isa = PBXFileReference; lastKnownFileType = wrapper.framework; name = CoreGraphics.framework; path = System/Library/Frameworks/CoreGraphics.framework; sourceTree = SDKROOT; };
		72A4368716C9EA5A00D9958D /* appletvserver-Info.plist */ = {isa = PBXFileReference; lastKnownFileType = text.plist.xml; path = "appletvserver-Info.plist"; sourceTree = "<group>"; };
		72A4368916C9EA5A00D9958D /* en */ = {isa = PBXFileReference; lastKnownFileType = text.plist.strings; name = en; path = en.lproj/InfoPlist.strings; sourceTree = "<group>"; };
		72A4368B16C9EA5A00D9958D /* main.m */ = {isa = PBXFileReference; lastKnownFileType = sourcecode.c.objc; path = main.m; sourceTree = "<group>"; };
		72A4368D16C9EA5A00D9958D /* appletvserver-Prefix.pch */ = {isa = PBXFileReference; lastKnownFileType = sourcecode.c.h; path = "appletvserver-Prefix.pch"; sourceTree = "<group>"; };
		72A4368E16C9EA5A00D9958D /* AppDelegate.h */ = {isa = PBXFileReference; lastKnownFileType = sourcecode.c.h; path = AppDelegate.h; sourceTree = "<group>"; };
		72A4368F16C9EA5A00D9958D /* AppDelegate.m */ = {isa = PBXFileReference; lastKnownFileType = sourcecode.c.objc; path = AppDelegate.m; sourceTree = "<group>"; };
		72A69BC816C9F3360099D974 /* QQIndexDataSource.h */ = {isa = PBXFileReference; fileEncoding = 4; lastKnownFileType = sourcecode.c.h; path = QQIndexDataSource.h; sourceTree = "<group>"; };
		72A69BC916C9F3360099D974 /* QQIndexDataSource.m */ = {isa = PBXFileReference; fileEncoding = 4; lastKnownFileType = sourcecode.c.objc; path = QQIndexDataSource.m; sourceTree = "<group>"; };
		72BB0C6816CB513400D4291D /* VideoImageView.h */ = {isa = PBXFileReference; fileEncoding = 4; lastKnownFileType = sourcecode.c.h; path = VideoImageView.h; sourceTree = "<group>"; };
		72BB0C6916CB513400D4291D /* VideoImageView.m */ = {isa = PBXFileReference; fileEncoding = 4; lastKnownFileType = sourcecode.c.objc; path = VideoImageView.m; sourceTree = "<group>"; };
		72C217C516CB6403000A56AB /* VideoItem.h */ = {isa = PBXFileReference; fileEncoding = 4; lastKnownFileType = sourcecode.c.h; path = VideoItem.h; sourceTree = "<group>"; };
		72C217C616CB6403000A56AB /* VideoItem.m */ = {isa = PBXFileReference; fileEncoding = 4; lastKnownFileType = sourcecode.c.objc; path = VideoItem.m; sourceTree = "<group>"; };
		72E748F916C9EEE70024B8BB /* StyleSheet.h */ = {isa = PBXFileReference; lastKnownFileType = sourcecode.c.h; path = StyleSheet.h; sourceTree = "<group>"; };
		72E748FA16C9EEE70024B8BB /* StyleSheet.m */ = {isa = PBXFileReference; lastKnownFileType = sourcecode.c.objc; path = StyleSheet.m; sourceTree = "<group>"; };
		72E748FD16C9F04F0024B8BB /* QQIndexViewController.h */ = {isa = PBXFileReference; fileEncoding = 4; lastKnownFileType = sourcecode.c.h; path = QQIndexViewController.h; sourceTree = "<group>"; };
		72E748FE16C9F04F0024B8BB /* QQIndexViewController.m */ = {isa = PBXFileReference; fileEncoding = 4; lastKnownFileType = sourcecode.c.objc; path = QQIndexViewController.m; sourceTree = "<group>"; };
/* End PBXFileReference section */

/* Begin PBXFrameworksBuildPhase section */
		72A4367816C9EA5A00D9958D /* Frameworks */ = {
			isa = PBXFrameworksBuildPhase;
			buildActionMask = 2147483647;
			files = (
				72B5769716CA13B80094DD58 /* libextThree20JSON+SBJSON.a in Frameworks */,
				3201088596B4756681693705 /* libThree20UICommon.a in Frameworks */,
				320D7DCCE32703ACAB9A45E5 /* libThree20.a in Frameworks */,
				320A737074758E53BA54BE95 /* libThree20UINavigator.a in Frameworks */,
				320A2827FEC940B25BC42C65 /* libThree20Core.a in Frameworks */,
				320F2C48872C2E2C4DF86205 /* libThree20UI.a in Frameworks */,
				320AF8492C47A4D819F7C451 /* QuartzCore.framework in Frameworks */,
				320A5A189C235877202780D5 /* libThree20Network.a in Frameworks */,
				320CC833B8AF0ACFD35E6225 /* libThree20Style.a in Frameworks */,
				72A4368016C9EA5A00D9958D /* UIKit.framework in Frameworks */,
				72A4368216C9EA5A00D9958D /* Foundation.framework in Frameworks */,
				72A4368416C9EA5A00D9958D /* CoreGraphics.framework in Frameworks */,
			);
			runOnlyForDeploymentPostprocessing = 0;
		};
/* End PBXFrameworksBuildPhase section */

/* Begin PBXGroup section */
		3201088596B4756681693703 /* Products */ = {
			isa = PBXGroup;
			children = (
				3201088596B4756681693704 /* libThree20UICommon.a */,
				7219BBA816C9EAAF00AABA8E /* UICommonUnitTests.octest */,
			);
			name = Products;
			sourceTree = "<group>";
		};
		320A2827FEC940B25BC42C63 /* Products */ = {
			isa = PBXGroup;
			children = (
				320A2827FEC940B25BC42C64 /* libThree20Core.a */,
				7219BB9C16C9EAAF00AABA8E /* CoreUnitTests.octest */,
			);
			name = Products;
			sourceTree = "<group>";
		};
		320A5A189C235877202780D3 /* Products */ = {
			isa = PBXGroup;
			children = (
				320A5A189C235877202780D4 /* libThree20Network.a */,
				7219BB9F16C9EAAF00AABA8E /* NetworkUnitTests.octest */,
			);
			name = Products;
			sourceTree = "<group>";
		};
		320A737074758E53BA54BE93 /* Products */ = {
			isa = PBXGroup;
			children = (
				320A737074758E53BA54BE94 /* libThree20UINavigator.a */,
				7219BBAB16C9EAAF00AABA8E /* UINavigatorUnitTests.octest */,
			);
			name = Products;
			sourceTree = "<group>";
		};
		320CC833B8AF0ACFD35E6223 /* Products */ = {
			isa = PBXGroup;
			children = (
				320CC833B8AF0ACFD35E6224 /* libThree20Style.a */,
				7219BBA216C9EAAF00AABA8E /* StyleUnitTests.octest */,
			);
			name = Products;
			sourceTree = "<group>";
		};
		320D7DCCE32703ACAB9A45E3 /* Products */ = {
			isa = PBXGroup;
			children = (
				320D7DCCE32703ACAB9A45E4 /* libThree20.a */,
				7219BB9916C9EAAF00AABA8E /* Three20UnitTests.octest */,
			);
			name = Products;
			sourceTree = "<group>";
		};
		320F2C48872C2E2C4DF86203 /* Products */ = {
			isa = PBXGroup;
			children = (
				320F2C48872C2E2C4DF86204 /* libThree20UI.a */,
				7219BBA516C9EAAF00AABA8E /* UIUnitTests.octest */,
			);
			name = Products;
			sourceTree = "<group>";
		};
		7219BBCA16C9EAD900AABA8E /* View */ = {
			isa = PBXGroup;
			children = (
				72E748E816C9EE750024B8BB /* qq */,
				7219BBCB16C9EAFA00AABA8E /* MainViewController.h */,
				7219BBCC16C9EAFA00AABA8E /* MainViewController.m */,
			);
			name = View;
			sourceTree = "<group>";
		};
		7219BBCF16C9EB6900AABA8E /* Products */ = {
			isa = PBXGroup;
			children = (
				7219BBD516C9EB6900AABA8E /* libextThree20JSON+SBJSON.a */,
				7219BBD716C9EB6900AABA8E /* libextThree20JSON+YAJL.a */,
				7219BBD916C9EB6900AABA8E /* extJSONUnitTests+SBJSON.octest */,
			);
			name = Products;
			sourceTree = "<group>";
		};
		721E6F8816CA1E7300307E4D /* JSON */ = {
			isa = PBXGroup;
			children = (
				721E6F8916CA1EC700307E4D /* RemoveCallbackURLJSONResponse.h */,
				721E6F8A16CA1EC700307E4D /* RemoveCallbackURLJSONResponse.m */,
			);
			name = JSON;
			sourceTree = "<group>";
		};
		7272B39A16C9FC5100E111A7 /* Object */ = {
			isa = PBXGroup;
			children = (
				7272B39E16C9FD4E00E111A7 /* Video.h */,
				7272B39F16C9FD4E00E111A7 /* Video.m */,
				72C217C516CB6403000A56AB /* VideoItem.h */,
				72C217C616CB6403000A56AB /* VideoItem.m */,
			);
			name = Object;
			sourceTree = "<group>";
		};
		7272B3A216CA040F00E111A7 /* Three20 */ = {
			isa = PBXGroup;
			children = (
				72BB0C6716CB510D00D4291D /* View */,
				721E6F8816CA1E7300307E4D /* JSON */,
				7272B3A416CA042D00E111A7 /* TableItemCell */,
				7272B3A316CA042200E111A7 /* TableItem */,
			);
			name = Three20;
			sourceTree = "<group>";
		};
		7272B3A316CA042200E111A7 /* TableItem */ = {
			isa = PBXGroup;
			children = (
				7272B3A516CA046400E111A7 /* VideoTableItem.h */,
				7272B3A616CA046400E111A7 /* VideoTableItem.m */,
			);
			name = TableItem;
			sourceTree = "<group>";
		};
		7272B3A416CA042D00E111A7 /* TableItemCell */ = {
			isa = PBXGroup;
			children = (
				7272B3A816CA049A00E111A7 /* VideoTableItemCell.h */,
				7272B3A916CA049A00E111A7 /* VideoTableItemCell.m */,
			);
			name = TableItemCell;
			sourceTree = "<group>";
		};
		72A4367016C9EA5A00D9958D = {
			isa = PBXGroup;
			children = (
				72A69BD016C9F9420099D974 /* Resources */,
				72A4368516C9EA5A00D9958D /* appletvserver */,
				72A4367E16C9EA5A00D9958D /* Frameworks */,
				72A4367C16C9EA5A00D9958D /* Products */,
			);
			sourceTree = "<group>";
		};
		72A4367C16C9EA5A00D9958D /* Products */ = {
			isa = PBXGroup;
			children = (
				72A4367B16C9EA5A00D9958D /* appletvserver.app */,
			);
			name = Products;
			sourceTree = "<group>";
		};
		72A4367E16C9EA5A00D9958D /* Frameworks */ = {
			isa = PBXGroup;
			children = (
				7219BBCE16C9EB6900AABA8E /* extThree20JSON.xcodeproj */,
				3201088596B4756681693700 /* Three20UICommon.xcodeproj */,
				320D7DCCE32703ACAB9A45E0 /* Three20.xcodeproj */,
				320A737074758E53BA54BE90 /* Three20UINavigator.xcodeproj */,
				320A2827FEC940B25BC42C60 /* Three20Core.xcodeproj */,
				320F2C48872C2E2C4DF86200 /* Three20UI.xcodeproj */,
				320AF8492C47A4D819F7C450 /* QuartzCore.framework */,
				320A5A189C235877202780D0 /* Three20Network.xcodeproj */,
				320CC833B8AF0ACFD35E6220 /* Three20Style.xcodeproj */,
				72A4367F16C9EA5A00D9958D /* UIKit.framework */,
				72A4368116C9EA5A00D9958D /* Foundation.framework */,
				72A4368316C9EA5A00D9958D /* CoreGraphics.framework */,
			);
			name = Frameworks;
			sourceTree = "<group>";
		};
		72A4368516C9EA5A00D9958D /* appletvserver */ = {
			isa = PBXGroup;
			children = (
				7272B3A216CA040F00E111A7 /* Three20 */,
				7272B39A16C9FC5100E111A7 /* Object */,
				72A69BCB16C9F3F20099D974 /* Model */,
				72E748FB16C9EF430024B8BB /* Datasource */,
				72E748F816C9EEC50024B8BB /* Style */,
				7219BBCA16C9EAD900AABA8E /* View */,
				72A4368E16C9EA5A00D9958D /* AppDelegate.h */,
				72A4368F16C9EA5A00D9958D /* AppDelegate.m */,
				72A4368616C9EA5A00D9958D /* Supporting Files */,
				7272B3A116C9FEBA00E111A7 /* Constants.h */,
			);
			path = appletvserver;
			sourceTree = "<group>";
		};
		72A4368616C9EA5A00D9958D /* Supporting Files */ = {
			isa = PBXGroup;
			children = (
				320B6C86F11D9990244A9730 /* Three20.bundle */,
				72A4368716C9EA5A00D9958D /* appletvserver-Info.plist */,
				72A4368816C9EA5A00D9958D /* InfoPlist.strings */,
				72A4368B16C9EA5A00D9958D /* main.m */,
				72A4368D16C9EA5A00D9958D /* appletvserver-Prefix.pch */,
			);
			name = "Supporting Files";
			sourceTree = "<group>";
		};
		72A69BCB16C9F3F20099D974 /* Model */ = {
			isa = PBXGroup;
			children = (
				7272B39B16C9FC7300E111A7 /* QQIndexRequestModel.h */,
				7272B39C16C9FC7300E111A7 /* QQIndexRequestModel.m */,
				7233879E16CB5DA10061FBDF /* QQVideoRequestModel.h */,
				7233879F16CB5DA10061FBDF /* QQVideoRequestModel.m */,
			);
			name = Model;
			sourceTree = "<group>";
		};
		72A69BD016C9F9420099D974 /* Resources */ = {
			isa = PBXGroup;
			children = (
			);
			name = Resources;
			sourceTree = "<group>";
		};
		72BB0C6716CB510D00D4291D /* View */ = {
			isa = PBXGroup;
			children = (
				72BB0C6816CB513400D4291D /* VideoImageView.h */,
				72BB0C6916CB513400D4291D /* VideoImageView.m */,
			);
			name = View;
			sourceTree = "<group>";
		};
		72E748E816C9EE750024B8BB /* qq */ = {
			isa = PBXGroup;
			children = (
				72E748FD16C9F04F0024B8BB /* QQIndexViewController.h */,
				72E748FE16C9F04F0024B8BB /* QQIndexViewController.m */,
				7233879B16CB5C890061FBDF /* QQVideoViewController.h */,
				7233879C16CB5C890061FBDF /* QQVideoViewController.m */,
			);
			name = qq;
			sourceTree = "<group>";
		};
		72E748F816C9EEC50024B8BB /* Style */ = {
			isa = PBXGroup;
			children = (
				72E748F916C9EEE70024B8BB /* StyleSheet.h */,
				72E748FA16C9EEE70024B8BB /* StyleSheet.m */,
			);
			name = Style;
			sourceTree = "<group>";
		};
		72E748FB16C9EF430024B8BB /* Datasource */ = {
			isa = PBXGroup;
			children = (
				72E748FC16C9EF4D0024B8BB /* qq */,
			);
			name = Datasource;
			sourceTree = "<group>";
		};
		72E748FC16C9EF4D0024B8BB /* qq */ = {
			isa = PBXGroup;
			children = (
				72A69BC816C9F3360099D974 /* QQIndexDataSource.h */,
				72A69BC916C9F3360099D974 /* QQIndexDataSource.m */,
			);
			name = qq;
			sourceTree = "<group>";
		};
/* End PBXGroup section */

/* Begin PBXNativeTarget section */
		72A4367A16C9EA5A00D9958D /* appletvserver */ = {
			isa = PBXNativeTarget;
			buildConfigurationList = 72A4369316C9EA5A00D9958D /* Build configuration list for PBXNativeTarget "appletvserver" */;
			buildPhases = (
				72A4367716C9EA5A00D9958D /* Sources */,
				72A4367816C9EA5A00D9958D /* Frameworks */,
				72A4367916C9EA5A00D9958D /* Resources */,
			);
			buildRules = (
			);
			dependencies = (
				72B5769416CA13090094DD58 /* PBXTargetDependency */,
				3201088596B4756681693701 /* PBXTargetDependency */,
				320D7DCCE32703ACAB9A45E1 /* PBXTargetDependency */,
				320A737074758E53BA54BE91 /* PBXTargetDependency */,
				320A2827FEC940B25BC42C61 /* PBXTargetDependency */,
				320F2C48872C2E2C4DF86201 /* PBXTargetDependency */,
				320A5A189C235877202780D1 /* PBXTargetDependency */,
				320CC833B8AF0ACFD35E6221 /* PBXTargetDependency */,
			);
			name = appletvserver;
			productName = appletvserver;
			productReference = 72A4367B16C9EA5A00D9958D /* appletvserver.app */;
			productType = "com.apple.product-type.application";
		};
/* End PBXNativeTarget section */

/* Begin PBXProject section */
		72A4367216C9EA5A00D9958D /* Project object */ = {
			isa = PBXProject;
			attributes = {
				LastUpgradeCheck = 0430;
			};
			buildConfigurationList = 72A4367516C9EA5A00D9958D /* Build configuration list for PBXProject "appletvserver" */;
			compatibilityVersion = "Xcode 3.2";
			developmentRegion = English;
			hasScannedForEncodings = 0;
			knownRegions = (
				en,
				"zh-Hans",
			);
			mainGroup = 72A4367016C9EA5A00D9958D;
			productRefGroup = 72A4367C16C9EA5A00D9958D /* Products */;
			projectDirPath = "";
			projectReferences = (
				{
					ProductGroup = 7219BBCF16C9EB6900AABA8E /* Products */;
					ProjectRef = 7219BBCE16C9EB6900AABA8E /* extThree20JSON.xcodeproj */;
				},
				{
					ProductGroup = 320D7DCCE32703ACAB9A45E3 /* Products */;
					ProjectRef = 320D7DCCE32703ACAB9A45E0 /* Three20.xcodeproj */;
				},
				{
					ProductGroup = 320A2827FEC940B25BC42C63 /* Products */;
					ProjectRef = 320A2827FEC940B25BC42C60 /* Three20Core.xcodeproj */;
				},
				{
					ProductGroup = 320A5A189C235877202780D3 /* Products */;
					ProjectRef = 320A5A189C235877202780D0 /* Three20Network.xcodeproj */;
				},
				{
					ProductGroup = 320CC833B8AF0ACFD35E6223 /* Products */;
					ProjectRef = 320CC833B8AF0ACFD35E6220 /* Three20Style.xcodeproj */;
				},
				{
					ProductGroup = 320F2C48872C2E2C4DF86203 /* Products */;
					ProjectRef = 320F2C48872C2E2C4DF86200 /* Three20UI.xcodeproj */;
				},
				{
					ProductGroup = 3201088596B4756681693703 /* Products */;
					ProjectRef = 3201088596B4756681693700 /* Three20UICommon.xcodeproj */;
				},
				{
					ProductGroup = 320A737074758E53BA54BE93 /* Products */;
					ProjectRef = 320A737074758E53BA54BE90 /* Three20UINavigator.xcodeproj */;
				},
			);
			projectRoot = "";
			targets = (
				72A4367A16C9EA5A00D9958D /* appletvserver */,
			);
		};
/* End PBXProject section */

/* Begin PBXReferenceProxy section */
		3201088596B4756681693704 /* libThree20UICommon.a */ = {
			isa = PBXReferenceProxy;
			fileType = archive.ar;
			path = libThree20UICommon.a;
			remoteRef = 3201088596B4756681693706 /* PBXContainerItemProxy */;
			sourceTree = BUILT_PRODUCTS_DIR;
		};
		320A2827FEC940B25BC42C64 /* libThree20Core.a */ = {
			isa = PBXReferenceProxy;
			fileType = archive.ar;
			path = libThree20Core.a;
			remoteRef = 320A2827FEC940B25BC42C66 /* PBXContainerItemProxy */;
			sourceTree = BUILT_PRODUCTS_DIR;
		};
		320A5A189C235877202780D4 /* libThree20Network.a */ = {
			isa = PBXReferenceProxy;
			fileType = archive.ar;
			path = libThree20Network.a;
			remoteRef = 320A5A189C235877202780D6 /* PBXContainerItemProxy */;
			sourceTree = BUILT_PRODUCTS_DIR;
		};
		320A737074758E53BA54BE94 /* libThree20UINavigator.a */ = {
			isa = PBXReferenceProxy;
			fileType = archive.ar;
			path = libThree20UINavigator.a;
			remoteRef = 320A737074758E53BA54BE96 /* PBXContainerItemProxy */;
			sourceTree = BUILT_PRODUCTS_DIR;
		};
		320CC833B8AF0ACFD35E6224 /* libThree20Style.a */ = {
			isa = PBXReferenceProxy;
			fileType = archive.ar;
			path = libThree20Style.a;
			remoteRef = 320CC833B8AF0ACFD35E6226 /* PBXContainerItemProxy */;
			sourceTree = BUILT_PRODUCTS_DIR;
		};
		320D7DCCE32703ACAB9A45E4 /* libThree20.a */ = {
			isa = PBXReferenceProxy;
			fileType = archive.ar;
			path = libThree20.a;
			remoteRef = 320D7DCCE32703ACAB9A45E6 /* PBXContainerItemProxy */;
			sourceTree = BUILT_PRODUCTS_DIR;
		};
		320F2C48872C2E2C4DF86204 /* libThree20UI.a */ = {
			isa = PBXReferenceProxy;
			fileType = archive.ar;
			path = libThree20UI.a;
			remoteRef = 320F2C48872C2E2C4DF86206 /* PBXContainerItemProxy */;
			sourceTree = BUILT_PRODUCTS_DIR;
		};
		7219BB9916C9EAAF00AABA8E /* Three20UnitTests.octest */ = {
			isa = PBXReferenceProxy;
			fileType = wrapper.cfbundle;
			path = Three20UnitTests.octest;
			remoteRef = 7219BB9816C9EAAF00AABA8E /* PBXContainerItemProxy */;
			sourceTree = BUILT_PRODUCTS_DIR;
		};
		7219BB9C16C9EAAF00AABA8E /* CoreUnitTests.octest */ = {
			isa = PBXReferenceProxy;
			fileType = wrapper.cfbundle;
			path = CoreUnitTests.octest;
			remoteRef = 7219BB9B16C9EAAF00AABA8E /* PBXContainerItemProxy */;
			sourceTree = BUILT_PRODUCTS_DIR;
		};
		7219BB9F16C9EAAF00AABA8E /* NetworkUnitTests.octest */ = {
			isa = PBXReferenceProxy;
			fileType = wrapper.cfbundle;
			path = NetworkUnitTests.octest;
			remoteRef = 7219BB9E16C9EAAF00AABA8E /* PBXContainerItemProxy */;
			sourceTree = BUILT_PRODUCTS_DIR;
		};
		7219BBA216C9EAAF00AABA8E /* StyleUnitTests.octest */ = {
			isa = PBXReferenceProxy;
			fileType = wrapper.cfbundle;
			path = StyleUnitTests.octest;
			remoteRef = 7219BBA116C9EAAF00AABA8E /* PBXContainerItemProxy */;
			sourceTree = BUILT_PRODUCTS_DIR;
		};
		7219BBA516C9EAAF00AABA8E /* UIUnitTests.octest */ = {
			isa = PBXReferenceProxy;
			fileType = wrapper.cfbundle;
			path = UIUnitTests.octest;
			remoteRef = 7219BBA416C9EAAF00AABA8E /* PBXContainerItemProxy */;
			sourceTree = BUILT_PRODUCTS_DIR;
		};
		7219BBA816C9EAAF00AABA8E /* UICommonUnitTests.octest */ = {
			isa = PBXReferenceProxy;
			fileType = wrapper.cfbundle;
			path = UICommonUnitTests.octest;
			remoteRef = 7219BBA716C9EAAF00AABA8E /* PBXContainerItemProxy */;
			sourceTree = BUILT_PRODUCTS_DIR;
		};
		7219BBAB16C9EAAF00AABA8E /* UINavigatorUnitTests.octest */ = {
			isa = PBXReferenceProxy;
			fileType = wrapper.cfbundle;
			path = UINavigatorUnitTests.octest;
			remoteRef = 7219BBAA16C9EAAF00AABA8E /* PBXContainerItemProxy */;
			sourceTree = BUILT_PRODUCTS_DIR;
		};
		7219BBD516C9EB6900AABA8E /* libextThree20JSON+SBJSON.a */ = {
			isa = PBXReferenceProxy;
			fileType = archive.ar;
			path = "libextThree20JSON+SBJSON.a";
			remoteRef = 7219BBD416C9EB6900AABA8E /* PBXContainerItemProxy */;
			sourceTree = BUILT_PRODUCTS_DIR;
		};
		7219BBD716C9EB6900AABA8E /* libextThree20JSON+YAJL.a */ = {
			isa = PBXReferenceProxy;
			fileType = archive.ar;
			path = "libextThree20JSON+YAJL.a";
			remoteRef = 7219BBD616C9EB6900AABA8E /* PBXContainerItemProxy */;
			sourceTree = BUILT_PRODUCTS_DIR;
		};
		7219BBD916C9EB6900AABA8E /* extJSONUnitTests+SBJSON.octest */ = {
			isa = PBXReferenceProxy;
			fileType = wrapper.cfbundle;
			path = "extJSONUnitTests+SBJSON.octest";
			remoteRef = 7219BBD816C9EB6900AABA8E /* PBXContainerItemProxy */;
			sourceTree = BUILT_PRODUCTS_DIR;
		};
/* End PBXReferenceProxy section */

/* Begin PBXResourcesBuildPhase section */
		72A4367916C9EA5A00D9958D /* Resources */ = {
			isa = PBXResourcesBuildPhase;
			buildActionMask = 2147483647;
			files = (
				320B6C86F11D9990244A9731 /* Three20.bundle in Resources */,
				72A4368A16C9EA5A00D9958D /* InfoPlist.strings in Resources */,
			);
			runOnlyForDeploymentPostprocessing = 0;
		};
/* End PBXResourcesBuildPhase section */

/* Begin PBXSourcesBuildPhase section */
		72A4367716C9EA5A00D9958D /* Sources */ = {
			isa = PBXSourcesBuildPhase;
			buildActionMask = 2147483647;
			files = (
				72A4368C16C9EA5A00D9958D /* main.m in Sources */,
				72A4369016C9EA5A00D9958D /* AppDelegate.m in Sources */,
				7219BBCD16C9EAFA00AABA8E /* MainViewController.m in Sources */,
				72E748FF16C9F04F0024B8BB /* QQIndexViewController.m in Sources */,
				72A69BCA16C9F3360099D974 /* QQIndexDataSource.m in Sources */,
				7272B39D16C9FC7300E111A7 /* QQIndexRequestModel.m in Sources */,
				7272B3A016C9FD4E00E111A7 /* Video.m in Sources */,
				7272B3A716CA046400E111A7 /* VideoTableItem.m in Sources */,
				7272B3AA16CA049A00E111A7 /* VideoTableItemCell.m in Sources */,
				721E6F8B16CA1EC700307E4D /* RemoveCallbackURLJSONResponse.m in Sources */,
				72BB0C6A16CB513400D4291D /* VideoImageView.m in Sources */,
				7233879D16CB5C890061FBDF /* QQVideoViewController.m in Sources */,
				723387A016CB5DA10061FBDF /* QQVideoRequestModel.m in Sources */,
				72C217C716CB6403000A56AB /* VideoItem.m in Sources */,
			);
			runOnlyForDeploymentPostprocessing = 0;
		};
/* End PBXSourcesBuildPhase section */

/* Begin PBXTargetDependency section */
		3201088596B4756681693701 /* PBXTargetDependency */ = {
			isa = PBXTargetDependency;
			name = Three20UICommon;
			targetProxy = 3201088596B4756681693702 /* PBXContainerItemProxy */;
		};
		320A2827FEC940B25BC42C61 /* PBXTargetDependency */ = {
			isa = PBXTargetDependency;
			name = Three20Core;
			targetProxy = 320A2827FEC940B25BC42C62 /* PBXContainerItemProxy */;
		};
		320A5A189C235877202780D1 /* PBXTargetDependency */ = {
			isa = PBXTargetDependency;
			name = Three20Network;
			targetProxy = 320A5A189C235877202780D2 /* PBXContainerItemProxy */;
		};
		320A737074758E53BA54BE91 /* PBXTargetDependency */ = {
			isa = PBXTargetDependency;
			name = Three20UINavigator;
			targetProxy = 320A737074758E53BA54BE92 /* PBXContainerItemProxy */;
		};
		320CC833B8AF0ACFD35E6221 /* PBXTargetDependency */ = {
			isa = PBXTargetDependency;
			name = Three20Style;
			targetProxy = 320CC833B8AF0ACFD35E6222 /* PBXContainerItemProxy */;
		};
		320D7DCCE32703ACAB9A45E1 /* PBXTargetDependency */ = {
			isa = PBXTargetDependency;
			name = Three20;
			targetProxy = 320D7DCCE32703ACAB9A45E2 /* PBXContainerItemProxy */;
		};
		320F2C48872C2E2C4DF86201 /* PBXTargetDependency */ = {
			isa = PBXTargetDependency;
			name = Three20UI;
			targetProxy = 320F2C48872C2E2C4DF86202 /* PBXContainerItemProxy */;
		};
		72B5769416CA13090094DD58 /* PBXTargetDependency */ = {
			isa = PBXTargetDependency;
			name = "extThree20JSON+SBJSON";
			targetProxy = 72B5769316CA13090094DD58 /* PBXContainerItemProxy */;
		};
/* End PBXTargetDependency section */

/* Begin PBXVariantGroup section */
		72A4368816C9EA5A00D9958D /* InfoPlist.strings */ = {
			isa = PBXVariantGroup;
			children = (
				72A4368916C9EA5A00D9958D /* en */,
			);
			name = InfoPlist.strings;
			sourceTree = "<group>";
		};
/* End PBXVariantGroup section */

/* Begin XCBuildConfiguration section */
		72A4369116C9EA5A00D9958D /* Debug */ = {
			isa = XCBuildConfiguration;
			buildSettings = {
				ALWAYS_SEARCH_USER_PATHS = NO;
				ARCHS = "$(ARCHS_STANDARD_32_BIT)";
				"CODE_SIGN_IDENTITY[sdk=iphoneos*]" = "iPhone Developer";
				COPY_PHASE_STRIP = NO;
				GCC_C_LANGUAGE_STANDARD = gnu99;
				GCC_DYNAMIC_NO_PIC = NO;
				GCC_OPTIMIZATION_LEVEL = 0;
				GCC_PREPROCESSOR_DEFINITIONS = (
					"DEBUG=1",
					"$(inherited)",
				);
				GCC_SYMBOLS_PRIVATE_EXTERN = NO;
				GCC_VERSION = com.apple.compilers.llvm.clang.1_0;
				GCC_WARN_ABOUT_RETURN_TYPE = YES;
				GCC_WARN_UNINITIALIZED_AUTOS = YES;
				GCC_WARN_UNUSED_VARIABLE = YES;
				HEADER_SEARCH_PATHS = (
					"$(BUILT_PRODUCTS_DIR)/../three20",
					"$(BUILT_PRODUCTS_DIR)/../../three20",
					../../../../three20/Build/Products/three20,
				);
				IPHONEOS_DEPLOYMENT_TARGET = 5.1;
				OTHER_LDFLAGS = "-ObjC";
				SDKROOT = iphoneos;
				TARGETED_DEVICE_FAMILY = "1,2";
			};
			name = Debug;
		};
		72A4369216C9EA5A00D9958D /* Release */ = {
			isa = XCBuildConfiguration;
			buildSettings = {
				ALWAYS_SEARCH_USER_PATHS = NO;
				ARCHS = "$(ARCHS_STANDARD_32_BIT)";
				"CODE_SIGN_IDENTITY[sdk=iphoneos*]" = "iPhone Developer";
				COPY_PHASE_STRIP = YES;
				GCC_C_LANGUAGE_STANDARD = gnu99;
				GCC_VERSION = com.apple.compilers.llvm.clang.1_0;
				GCC_WARN_ABOUT_RETURN_TYPE = YES;
				GCC_WARN_UNINITIALIZED_AUTOS = YES;
				GCC_WARN_UNUSED_VARIABLE = YES;
				HEADER_SEARCH_PATHS = (
					"$(BUILT_PRODUCTS_DIR)/../three20",
					"$(BUILT_PRODUCTS_DIR)/../../three20",
					../../../../three20/Build/Products/three20,
				);
				IPHONEOS_DEPLOYMENT_TARGET = 5.1;
				OTHER_CFLAGS = "-DNS_BLOCK_ASSERTIONS=1";
				OTHER_LDFLAGS = "-ObjC";
				SDKROOT = iphoneos;
				TARGETED_DEVICE_FAMILY = "1,2";
				VALIDATE_PRODUCT = YES;
			};
			name = Release;
		};
		72A4369416C9EA5A00D9958D /* Debug */ = {
			isa = XCBuildConfiguration;
			buildSettings = {
				GCC_PRECOMPILE_PREFIX_HEADER = YES;
				GCC_PREFIX_HEADER = "appletvserver/appletvserver-Prefix.pch";
				INFOPLIST_FILE = "appletvserver/appletvserver-Info.plist";
				PRODUCT_NAME = "$(TARGET_NAME)";
				WRAPPER_EXTENSION = app;
			};
			name = Debug;
		};
		72A4369516C9EA5A00D9958D /* Release */ = {
			isa = XCBuildConfiguration;
			buildSettings = {
				GCC_PRECOMPILE_PREFIX_HEADER = YES;
				GCC_PREFIX_HEADER = "appletvserver/appletvserver-Prefix.pch";
				INFOPLIST_FILE = "appletvserver/appletvserver-Info.plist";
				PRODUCT_NAME = "$(TARGET_NAME)";
				WRAPPER_EXTENSION = app;
			};
			name = Release;
		};
/* End XCBuildConfiguration section */

/* Begin XCConfigurationList section */
		72A4367516C9EA5A00D9958D /* Build configuration list for PBXProject "appletvserver" */ = {
			isa = XCConfigurationList;
			buildConfigurations = (
				72A4369116C9EA5A00D9958D /* Debug */,
				72A4369216C9EA5A00D9958D /* Release */,
			);
			defaultConfigurationIsVisible = 0;
			defaultConfigurationName = Release;
		};
		72A4369316C9EA5A00D9958D /* Build configuration list for PBXNativeTarget "appletvserver" */ = {
			isa = XCConfigurationList;
			buildConfigurations = (
				72A4369416C9EA5A00D9958D /* Debug */,
				72A4369516C9EA5A00D9958D /* Release */,
			);
			defaultConfigurationIsVisible = 0;
			defaultConfigurationName = Release;
		};
/* End XCConfigurationList section */
	};
	rootObject = 72A4367216C9EA5A00D9958D /* Project object */;
}
