// !$*UTF8*$!
{
	archiveVersion = 1;
	classes = {
	};
	objectVersion = 46;
	objects = {

/* Begin PBXBuildFile section */
		3201088596B4756681693705 /* libThree20UICommon.a in Frameworks */ = {isa = PBXBuildFile; fileRef = 3201088596B4756681693704 /* libThree20UICommon.a */; };
		3206A0F794A6D7A3F259DBF5 /* libextThree20JSON+SBJSON.a in Frameworks */ = {isa = PBXBuildFile; fileRef = 3206A0F794A6D7A3F259DBF4 /* libextThree20JSON+SBJSON.a */; };
		320A2827FEC940B25BC42C65 /* libThree20Core.a in Frameworks */ = {isa = PBXBuildFile; fileRef = 320A2827FEC940B25BC42C64 /* libThree20Core.a */; };
		320A5A189C235877202780D5 /* libThree20Network.a in Frameworks */ = {isa = PBXBuildFile; fileRef = 320A5A189C235877202780D4 /* libThree20Network.a */; };
		320A737074758E53BA54BE95 /* libThree20UINavigator.a in Frameworks */ = {isa = PBXBuildFile; fileRef = 320A737074758E53BA54BE94 /* libThree20UINavigator.a */; };
		320AF8492C47A4D819F7C451 /* QuartzCore.framework in Frameworks */ = {isa = PBXBuildFile; fileRef = 320AF8492C47A4D819F7C450 /* QuartzCore.framework */; };
		320B6C86F11D9990244A9731 /* Three20.bundle in Resources */ = {isa = PBXBuildFile; fileRef = 320B6C86F11D9990244A9730 /* Three20.bundle */; };
		320CC833B8AF0ACFD35E6225 /* libThree20Style.a in Frameworks */ = {isa = PBXBuildFile; fileRef = 320CC833B8AF0ACFD35E6224 /* libThree20Style.a */; };
		320D7DCCE32703ACAB9A45E5 /* libThree20.a in Frameworks */ = {isa = PBXBuildFile; fileRef = 320D7DCCE32703ACAB9A45E4 /* libThree20.a */; };
		320F2C48872C2E2C4DF86205 /* libThree20UI.a in Frameworks */ = {isa = PBXBuildFile; fileRef = 320F2C48872C2E2C4DF86204 /* libThree20UI.a */; };
		720D6082193156AF004C7781 /* PieChartView.m in Sources */ = {isa = PBXBuildFile; fileRef = 720D6081193156AF004C7781 /* PieChartView.m */; };
		722D42BC192C3A2E00350244 /* KPIModel.m in Sources */ = {isa = PBXBuildFile; fileRef = 722D42BB192C3A2E00350244 /* KPIModel.m */; };
		722D42C8192C449A00350244 /* 图标-关键指标.png in Resources */ = {isa = PBXBuildFile; fileRef = 722D42C6192C449A00350244 /* 图标-关键指标.png */; };
		722D42C9192C449A00350244 /* 图标-关键指标@2x.png in Resources */ = {isa = PBXBuildFile; fileRef = 722D42C7192C449A00350244 /* 图标-关键指标@2x.png */; };
		722D42E7192C89F800350244 /* Retail.m in Sources */ = {isa = PBXBuildFile; fileRef = 722D42E6192C89F800350244 /* Retail.m */; };
		722D42F3192C8AB600350244 /* RetailModel.m in Sources */ = {isa = PBXBuildFile; fileRef = 722D42F2192C8AB600350244 /* RetailModel.m */; };
		722D42F6192C8D6800350244 /* RetailViewController.m in Sources */ = {isa = PBXBuildFile; fileRef = 722D42F5192C8D6800350244 /* RetailViewController.m */; };
		724480E319271E8A005F5BE5 /* Brand.m in Sources */ = {isa = PBXBuildFile; fileRef = 724480E219271E8A005F5BE5 /* Brand.m */; };
		724480EF19273167005F5BE5 /* Channel.m in Sources */ = {isa = PBXBuildFile; fileRef = 724480EE19273167005F5BE5 /* Channel.m */; };
		724480F2192732A8005F5BE5 /* BrandViewController.m in Sources */ = {isa = PBXBuildFile; fileRef = 724480F1192732A8005F5BE5 /* BrandViewController.m */; };
		724480F5192732E2005F5BE5 /* BrandModel.m in Sources */ = {isa = PBXBuildFile; fileRef = 724480F4192732E2005F5BE5 /* BrandModel.m */; };
		725AFEBF19317C42003BD9F3 /* libWeChatSDK.a in Frameworks */ = {isa = PBXBuildFile; fileRef = 725AFEBE19317C42003BD9F3 /* libWeChatSDK.a */; };
		7262316C192B168500E3F99B /* Default.png in Resources */ = {isa = PBXBuildFile; fileRef = 72623162192B168500E3F99B /* Default.png */; };
		7262316D192B168500E3F99B /* Default~iphone.png in Resources */ = {isa = PBXBuildFile; fileRef = 72623163192B168500E3F99B /* Default~iphone.png */; };
		7262316E192B168500E3F99B /* Default-568h@2x.png in Resources */ = {isa = PBXBuildFile; fileRef = 72623164192B168500E3F99B /* Default-568h@2x.png */; };
		7262316F192B168500E3F99B /* logo29.png in Resources */ = {isa = PBXBuildFile; fileRef = 72623165192B168500E3F99B /* logo29.png */; };
		72623170192B168500E3F99B /* logo57.png in Resources */ = {isa = PBXBuildFile; fileRef = 72623166192B168500E3F99B /* logo57.png */; };
		72623171192B168500E3F99B /* logo58.png in Resources */ = {isa = PBXBuildFile; fileRef = 72623167192B168500E3F99B /* logo58.png */; };
		72623172192B168500E3F99B /* logo80.png in Resources */ = {isa = PBXBuildFile; fileRef = 72623168192B168500E3F99B /* logo80.png */; };
		72623173192B168500E3F99B /* logo114.png in Resources */ = {isa = PBXBuildFile; fileRef = 72623169192B168500E3F99B /* logo114.png */; };
		72623174192B168500E3F99B /* logo120.png in Resources */ = {isa = PBXBuildFile; fileRef = 7262316A192B168500E3F99B /* logo120.png */; };
		72623175192B168500E3F99B /* logo1024.png in Resources */ = {isa = PBXBuildFile; fileRef = 7262316B192B168500E3F99B /* logo1024.png */; };
		72623199192B4E7F00E3F99B /* SwitchViewController.m in Sources */ = {isa = PBXBuildFile; fileRef = 72623198192B4E7F00E3F99B /* SwitchViewController.m */; };
		726231A4192B745A00E3F99B /* KPIViewController.m in Sources */ = {isa = PBXBuildFile; fileRef = 726231A3192B745A00E3F99B /* KPIViewController.m */; };
		72783BB41929A6A10098B3A8 /* 用户名密码背景.png in Resources */ = {isa = PBXBuildFile; fileRef = 72783B7D1929A6A10098B3A8 /* 用户名密码背景.png */; };
		72783BB51929A6A10098B3A8 /* 件单价.png in Resources */ = {isa = PBXBuildFile; fileRef = 72783B7E1929A6A10098B3A8 /* 件单价.png */; };
		72783BB61929A6A10098B3A8 /* 关键指标-分割线.png in Resources */ = {isa = PBXBuildFile; fileRef = 72783B7F1929A6A10098B3A8 /* 关键指标-分割线.png */; };
		72783BB71929A6A10098B3A8 /* 关键指标-背景花纹.png in Resources */ = {isa = PBXBuildFile; fileRef = 72783B801929A6A10098B3A8 /* 关键指标-背景花纹.png */; };
		72783BB81929A6A10098B3A8 /* 分享取消按钮.png in Resources */ = {isa = PBXBuildFile; fileRef = 72783B811929A6A10098B3A8 /* 分享取消按钮.png */; };
		72783BB91929A6A10098B3A8 /* 分享取消按钮@2x.png in Resources */ = {isa = PBXBuildFile; fileRef = 72783B821929A6A10098B3A8 /* 分享取消按钮@2x.png */; };
		72783BBA1929A6A10098B3A8 /* 分割线-每日收入水平分割线.png in Resources */ = {isa = PBXBuildFile; fileRef = 72783B831929A6A10098B3A8 /* 分割线-每日收入水平分割线.png */; };
		72783BBB1929A6A10098B3A8 /* 分割线-每日收入水平分割线@2x.png in Resources */ = {isa = PBXBuildFile; fileRef = 72783B841929A6A10098B3A8 /* 分割线-每日收入水平分割线@2x.png */; };
		72783BBC1929A6A10098B3A8 /* 单效.png in Resources */ = {isa = PBXBuildFile; fileRef = 72783B851929A6A10098B3A8 /* 单效.png */; };
		72783BBF1929A6A10098B3A8 /* 图标-分享.png in Resources */ = {isa = PBXBuildFile; fileRef = 72783B881929A6A10098B3A8 /* 图标-分享.png */; };
		72783BC01929A6A10098B3A8 /* 图标-分享@2x.png in Resources */ = {isa = PBXBuildFile; fileRef = 72783B891929A6A10098B3A8 /* 图标-分享@2x.png */; };
		72783BC11929A6A10098B3A8 /* 图标-分页原点-正常.png in Resources */ = {isa = PBXBuildFile; fileRef = 72783B8A1929A6A10098B3A8 /* 图标-分页原点-正常.png */; };
		72783BC21929A6A10098B3A8 /* 图标-分页原点-正常@2x.png in Resources */ = {isa = PBXBuildFile; fileRef = 72783B8B1929A6A10098B3A8 /* 图标-分页原点-正常@2x.png */; };
		72783BC31929A6A10098B3A8 /* 图标-分页原点-高亮.png in Resources */ = {isa = PBXBuildFile; fileRef = 72783B8C1929A6A10098B3A8 /* 图标-分页原点-高亮.png */; };
		72783BC41929A6A10098B3A8 /* 图标-分页原点-高亮@2x.png in Resources */ = {isa = PBXBuildFile; fileRef = 72783B8D1929A6A10098B3A8 /* 图标-分页原点-高亮@2x.png */; };
		72783BC51929A6A10098B3A8 /* 图标-小衣服.png in Resources */ = {isa = PBXBuildFile; fileRef = 72783B8E1929A6A10098B3A8 /* 图标-小衣服.png */; };
		72783BC61929A6A10098B3A8 /* 图标-小衣服@2x.png in Resources */ = {isa = PBXBuildFile; fileRef = 72783B8F1929A6A10098B3A8 /* 图标-小衣服@2x.png */; };
		72783BC71929A6A10098B3A8 /* 图标-小钱袋.png in Resources */ = {isa = PBXBuildFile; fileRef = 72783B901929A6A10098B3A8 /* 图标-小钱袋.png */; };
		72783BC81929A6A10098B3A8 /* 图标-小钱袋@2x.png in Resources */ = {isa = PBXBuildFile; fileRef = 72783B911929A6A10098B3A8 /* 图标-小钱袋@2x.png */; };
		72783BC91929A6A10098B3A8 /* 图标-微信好友.png in Resources */ = {isa = PBXBuildFile; fileRef = 72783B921929A6A10098B3A8 /* 图标-微信好友.png */; };
		72783BCA1929A6A10098B3A8 /* 图标-微信好友@2x.png in Resources */ = {isa = PBXBuildFile; fileRef = 72783B931929A6A10098B3A8 /* 图标-微信好友@2x.png */; };
		72783BCB1929A6A10098B3A8 /* 图标-微信朋友圈.png in Resources */ = {isa = PBXBuildFile; fileRef = 72783B941929A6A10098B3A8 /* 图标-微信朋友圈.png */; };
		72783BCC1929A6A10098B3A8 /* 图标-微信朋友圈@2x.png in Resources */ = {isa = PBXBuildFile; fileRef = 72783B951929A6A10098B3A8 /* 图标-微信朋友圈@2x.png */; };
		72783BCD1929A6A10098B3A8 /* 图标-日历.png in Resources */ = {isa = PBXBuildFile; fileRef = 72783B961929A6A10098B3A8 /* 图标-日历.png */; };
		72783BCE1929A6A10098B3A8 /* 图标-日历@2x.png in Resources */ = {isa = PBXBuildFile; fileRef = 72783B971929A6A10098B3A8 /* 图标-日历@2x.png */; };
		72783BCF1929A6A10098B3A8 /* 图标-零售收入.png in Resources */ = {isa = PBXBuildFile; fileRef = 72783B981929A6A10098B3A8 /* 图标-零售收入.png */; };
		72783BD01929A6A10098B3A8 /* 图标-零售收入@2x.png in Resources */ = {isa = PBXBuildFile; fileRef = 72783B991929A6A10098B3A8 /* 图标-零售收入@2x.png */; };
		72783BD11929A6A10098B3A8 /* 每日收入MG背景.png in Resources */ = {isa = PBXBuildFile; fileRef = 72783B9A1929A6A10098B3A8 /* 每日收入MG背景.png */; };
		72783BD21929A6A10098B3A8 /* 每日收入乐町背景.png in Resources */ = {isa = PBXBuildFile; fileRef = 72783B9B1929A6A10098B3A8 /* 每日收入乐町背景.png */; };
		72783BD31929A6A10098B3A8 /* 每日收入女装背景.png in Resources */ = {isa = PBXBuildFile; fileRef = 72783B9C1929A6A10098B3A8 /* 每日收入女装背景.png */; };
		72783BD41929A6A10098B3A8 /* 每日收入男装背景.png in Resources */ = {isa = PBXBuildFile; fileRef = 72783B9D1929A6A10098B3A8 /* 每日收入男装背景.png */; };
		72783BD51929A6A10098B3A8 /* 每日收入童装背景.png in Resources */ = {isa = PBXBuildFile; fileRef = 72783B9E1929A6A10098B3A8 /* 每日收入童装背景.png */; };
		72783BD61929A6A10098B3A8 /* 每日收入赫奇背景.png in Resources */ = {isa = PBXBuildFile; fileRef = 72783B9F1929A6A10098B3A8 /* 每日收入赫奇背景.png */; };
		72783BD71929A6A10098B3A8 /* 环状图阴影.png in Resources */ = {isa = PBXBuildFile; fileRef = 72783BA01929A6A10098B3A8 /* 环状图阴影.png */; };
		72783BD81929A6A10098B3A8 /* 环状图阴影@2x.png in Resources */ = {isa = PBXBuildFile; fileRef = 72783BA11929A6A10098B3A8 /* 环状图阴影@2x.png */; };
		72783BD91929A6A10098B3A8 /* 登录按钮.png in Resources */ = {isa = PBXBuildFile; fileRef = 72783BA21929A6A10098B3A8 /* 登录按钮.png */; };
		72783BDA1929A6A10098B3A8 /* 票数.png in Resources */ = {isa = PBXBuildFile; fileRef = 72783BA31929A6A10098B3A8 /* 票数.png */; };
		72783BDB1929A6A10098B3A8 /* 色卡-洋红.png in Resources */ = {isa = PBXBuildFile; fileRef = 72783BA41929A6A10098B3A8 /* 色卡-洋红.png */; };
		72783BDC1929A6A10098B3A8 /* 色卡-洋红@2x.png in Resources */ = {isa = PBXBuildFile; fileRef = 72783BA51929A6A10098B3A8 /* 色卡-洋红@2x.png */; };
		72783BDD1929A6A10098B3A8 /* 色卡-深绿.png in Resources */ = {isa = PBXBuildFile; fileRef = 72783BA61929A6A10098B3A8 /* 色卡-深绿.png */; };
		72783BDE1929A6A10098B3A8 /* 色卡-深绿@2x.png in Resources */ = {isa = PBXBuildFile; fileRef = 72783BA71929A6A10098B3A8 /* 色卡-深绿@2x.png */; };
		72783BDF1929A6A10098B3A8 /* 色卡-灰蓝.png in Resources */ = {isa = PBXBuildFile; fileRef = 72783BA81929A6A10098B3A8 /* 色卡-灰蓝.png */; };
		72783BE01929A6A10098B3A8 /* 色卡-灰蓝@2x.png in Resources */ = {isa = PBXBuildFile; fileRef = 72783BA91929A6A10098B3A8 /* 色卡-灰蓝@2x.png */; };
		72783BE11929A6A10098B3A8 /* 色卡-黄色.png in Resources */ = {isa = PBXBuildFile; fileRef = 72783BAA1929A6A10098B3A8 /* 色卡-黄色.png */; };
		72783BE21929A6A10098B3A8 /* 色卡-黄色@2x.png in Resources */ = {isa = PBXBuildFile; fileRef = 72783BAB1929A6A10098B3A8 /* 色卡-黄色@2x.png */; };
		72783BE31929A6A10098B3A8 /* 附加.png in Resources */ = {isa = PBXBuildFile; fileRef = 72783BAC1929A6A10098B3A8 /* 附加.png */; };
		72783BE41929A6A10098B3A8 /* 零售收入.png in Resources */ = {isa = PBXBuildFile; fileRef = 72783BAD1929A6A10098B3A8 /* 零售收入.png */; };
		72783BE51929A6A10098B3A8 /* 首页MG.png in Resources */ = {isa = PBXBuildFile; fileRef = 72783BAE1929A6A10098B3A8 /* 首页MG.png */; };
		72783BE61929A6A10098B3A8 /* 首页乐町.png in Resources */ = {isa = PBXBuildFile; fileRef = 72783BAF1929A6A10098B3A8 /* 首页乐町.png */; };
		72783BE71929A6A10098B3A8 /* 首页女装.png in Resources */ = {isa = PBXBuildFile; fileRef = 72783BB01929A6A10098B3A8 /* 首页女装.png */; };
		72783BE81929A6A10098B3A8 /* 首页男装.png in Resources */ = {isa = PBXBuildFile; fileRef = 72783BB11929A6A10098B3A8 /* 首页男装.png */; };
		72783BE91929A6A10098B3A8 /* 首页童装.png in Resources */ = {isa = PBXBuildFile; fileRef = 72783BB21929A6A10098B3A8 /* 首页童装.png */; };
		72783BEA1929A6A10098B3A8 /* 首页赫奇.png in Resources */ = {isa = PBXBuildFile; fileRef = 72783BB31929A6A10098B3A8 /* 首页赫奇.png */; };
		72783C011929C7D70098B3A8 /* CRNavigationBar.m in Sources */ = {isa = PBXBuildFile; fileRef = 72783BFE1929C7D70098B3A8 /* CRNavigationBar.m */; };
		72783C021929C7D70098B3A8 /* CRNavigationController.m in Sources */ = {isa = PBXBuildFile; fileRef = 72783C001929C7D70098B3A8 /* CRNavigationController.m */; };
		72783C051929CBA70098B3A8 /* CRNavigator.m in Sources */ = {isa = PBXBuildFile; fileRef = 72783C041929CBA70098B3A8 /* CRNavigator.m */; };
		72783CA9192A09100098B3A8 /* IndexTableItemCell.m in Sources */ = {isa = PBXBuildFile; fileRef = 72783CA8192A09100098B3A8 /* IndexTableItemCell.m */; };
		72783CAC192A093E0098B3A8 /* IndexTableItem.m in Sources */ = {isa = PBXBuildFile; fileRef = 72783CAB192A093E0098B3A8 /* IndexTableItem.m */; };
		72783CD1192A25100098B3A8 /* LinkImageView.m in Sources */ = {isa = PBXBuildFile; fileRef = 72783CD0192A25100098B3A8 /* LinkImageView.m */; };
		7285E3C61925AFEE0011C2D6 /* Foundation.framework in Frameworks */ = {isa = PBXBuildFile; fileRef = 7285E3C51925AFEE0011C2D6 /* Foundation.framework */; };
		7285E3C81925AFEE0011C2D6 /* CoreGraphics.framework in Frameworks */ = {isa = PBXBuildFile; fileRef = 7285E3C71925AFEE0011C2D6 /* CoreGraphics.framework */; };
		7285E3CA1925AFEE0011C2D6 /* UIKit.framework in Frameworks */ = {isa = PBXBuildFile; fileRef = 7285E3C91925AFEE0011C2D6 /* UIKit.framework */; };
		7285E3D01925AFEE0011C2D6 /* InfoPlist.strings in Resources */ = {isa = PBXBuildFile; fileRef = 7285E3CE1925AFEE0011C2D6 /* InfoPlist.strings */; };
		7285E3D21925AFEE0011C2D6 /* main.m in Sources */ = {isa = PBXBuildFile; fileRef = 7285E3D11925AFEE0011C2D6 /* main.m */; };
		7285E3D61925AFEE0011C2D6 /* AppDelegate.m in Sources */ = {isa = PBXBuildFile; fileRef = 7285E3D51925AFEE0011C2D6 /* AppDelegate.m */; };
		7285E3D81925AFEE0011C2D6 /* Images.xcassets in Resources */ = {isa = PBXBuildFile; fileRef = 7285E3D71925AFEE0011C2D6 /* Images.xcassets */; };
		7285E3DF1925AFEE0011C2D6 /* XCTest.framework in Frameworks */ = {isa = PBXBuildFile; fileRef = 7285E3DE1925AFEE0011C2D6 /* XCTest.framework */; };
		7285E3E01925AFEE0011C2D6 /* Foundation.framework in Frameworks */ = {isa = PBXBuildFile; fileRef = 7285E3C51925AFEE0011C2D6 /* Foundation.framework */; };
		7285E3E11925AFEE0011C2D6 /* UIKit.framework in Frameworks */ = {isa = PBXBuildFile; fileRef = 7285E3C91925AFEE0011C2D6 /* UIKit.framework */; };
		7285E3E91925AFEE0011C2D6 /* InfoPlist.strings in Resources */ = {isa = PBXBuildFile; fileRef = 7285E3E71925AFEE0011C2D6 /* InfoPlist.strings */; };
		7285E3EB1925AFEE0011C2D6 /* dailyreportTests.m in Sources */ = {isa = PBXBuildFile; fileRef = 7285E3EA1925AFEE0011C2D6 /* dailyreportTests.m */; };
		72AD8600193305AB004CAE5F /* StoreRankModel.m in Sources */ = {isa = PBXBuildFile; fileRef = 72AD85FF193305AB004CAE5F /* StoreRankModel.m */; };
		72AD8603193305D9004CAE5F /* Rank.m in Sources */ = {isa = PBXBuildFile; fileRef = 72AD8602193305D9004CAE5F /* Rank.m */; };
		72AD8606193309AF004CAE5F /* ChannelRank.m in Sources */ = {isa = PBXBuildFile; fileRef = 72AD8605193309AF004CAE5F /* ChannelRank.m */; };
		72AD860919330B45004CAE5F /* StoreRankViewController.m in Sources */ = {isa = PBXBuildFile; fileRef = 72AD860819330B45004CAE5F /* StoreRankViewController.m */; };
		72AD860C193358B6004CAE5F /* BaseModel.m in Sources */ = {isa = PBXBuildFile; fileRef = 72AD860B193358B6004CAE5F /* BaseModel.m */; };
		72EB388A192705E800D0F225 /* StyleSheet.m in Sources */ = {isa = PBXBuildFile; fileRef = 72EB3889192705E800D0F225 /* StyleSheet.m */; };
		72EB388E1927072D00D0F225 /* IndexViewController.m in Sources */ = {isa = PBXBuildFile; fileRef = 72EB388D1927072D00D0F225 /* IndexViewController.m */; };
		72EB389B19270CA900D0F225 /* IndexDataSource.m in Sources */ = {isa = PBXBuildFile; fileRef = 72EB389A19270CA900D0F225 /* IndexDataSource.m */; };
		72EB389E19270CCA00D0F225 /* IndexListModel.m in Sources */ = {isa = PBXBuildFile; fileRef = 72EB389D19270CCA00D0F225 /* IndexListModel.m */; };
		72EB38A319270E7200D0F225 /* User.m in Sources */ = {isa = PBXBuildFile; fileRef = 72EB38A219270E7200D0F225 /* User.m */; };
		72EB38A619270E8D00D0F225 /* LoginViewController.m in Sources */ = {isa = PBXBuildFile; fileRef = 72EB38A519270E8D00D0F225 /* LoginViewController.m */; };
		72EB38A919270EAF00D0F225 /* LoginDataSource.m in Sources */ = {isa = PBXBuildFile; fileRef = 72EB38A819270EAF00D0F225 /* LoginDataSource.m */; };
		72EB38AC19270EC100D0F225 /* LoginModel.m in Sources */ = {isa = PBXBuildFile; fileRef = 72EB38AB19270EC100D0F225 /* LoginModel.m */; };
		72EB38B6192712DC00D0F225 /* MBProgressHUD.m in Sources */ = {isa = PBXBuildFile; fileRef = 72EB38B5192712DC00D0F225 /* MBProgressHUD.m */; };
/* End PBXBuildFile section */

/* Begin PBXContainerItemProxy section */
		3201088596B4756681693702 /* PBXContainerItemProxy */ = {
			isa = PBXContainerItemProxy;
			containerPortal = 3201088596B4756681693700 /* Three20UICommon.xcodeproj */;
			proxyType = 1;
			remoteGlobalIDString = BEF31F390F352DF5000DE5D2;
			remoteInfo = Three20UICommon;
		};
		3201088596B4756681693706 /* PBXContainerItemProxy */ = {
			isa = PBXContainerItemProxy;
			containerPortal = 3201088596B4756681693700 /* Three20UICommon.xcodeproj */;
			proxyType = 2;
			remoteGlobalIDString = BEF31F3A0F352DF5000DE5D2;
			remoteInfo = Three20UICommon;
		};
		3206A0F794A6D7A3F259DBF2 /* PBXContainerItemProxy */ = {
			isa = PBXContainerItemProxy;
			containerPortal = 3206A0F794A6D7A3F259DBF0 /* extThree20JSON.xcodeproj */;
			proxyType = 1;
			remoteGlobalIDString = BEF31F390F352DF5000DE5D2;
			remoteInfo = extThree20JSON;
		};
		3206A0F794A6D7A3F259DBF6 /* PBXContainerItemProxy */ = {
			isa = PBXContainerItemProxy;
			containerPortal = 3206A0F794A6D7A3F259DBF0 /* extThree20JSON.xcodeproj */;
			proxyType = 2;
			remoteGlobalIDString = BEF31F3A0F352DF5000DE5D2;
			remoteInfo = extThree20JSON;
		};
		320A2827FEC940B25BC42C62 /* PBXContainerItemProxy */ = {
			isa = PBXContainerItemProxy;
			containerPortal = 320A2827FEC940B25BC42C60 /* Three20Core.xcodeproj */;
			proxyType = 1;
			remoteGlobalIDString = BEF31F390F352DF5000DE5D2;
			remoteInfo = Three20Core;
		};
		320A2827FEC940B25BC42C66 /* PBXContainerItemProxy */ = {
			isa = PBXContainerItemProxy;
			containerPortal = 320A2827FEC940B25BC42C60 /* Three20Core.xcodeproj */;
			proxyType = 2;
			remoteGlobalIDString = BEF31F3A0F352DF5000DE5D2;
			remoteInfo = Three20Core;
		};
		320A5A189C235877202780D2 /* PBXContainerItemProxy */ = {
			isa = PBXContainerItemProxy;
			containerPortal = 320A5A189C235877202780D0 /* Three20Network.xcodeproj */;
			proxyType = 1;
			remoteGlobalIDString = BEF31F390F352DF5000DE5D2;
			remoteInfo = Three20Network;
		};
		320A5A189C235877202780D6 /* PBXContainerItemProxy */ = {
			isa = PBXContainerItemProxy;
			containerPortal = 320A5A189C235877202780D0 /* Three20Network.xcodeproj */;
			proxyType = 2;
			remoteGlobalIDString = BEF31F3A0F352DF5000DE5D2;
			remoteInfo = Three20Network;
		};
		320A737074758E53BA54BE92 /* PBXContainerItemProxy */ = {
			isa = PBXContainerItemProxy;
			containerPortal = 320A737074758E53BA54BE90 /* Three20UINavigator.xcodeproj */;
			proxyType = 1;
			remoteGlobalIDString = BEF31F390F352DF5000DE5D2;
			remoteInfo = Three20UINavigator;
		};
		320A737074758E53BA54BE96 /* PBXContainerItemProxy */ = {
			isa = PBXContainerItemProxy;
			containerPortal = 320A737074758E53BA54BE90 /* Three20UINavigator.xcodeproj */;
			proxyType = 2;
			remoteGlobalIDString = BEF31F3A0F352DF5000DE5D2;
			remoteInfo = Three20UINavigator;
		};
		320CC833B8AF0ACFD35E6222 /* PBXContainerItemProxy */ = {
			isa = PBXContainerItemProxy;
			containerPortal = 320CC833B8AF0ACFD35E6220 /* Three20Style.xcodeproj */;
			proxyType = 1;
			remoteGlobalIDString = BEF31F390F352DF5000DE5D2;
			remoteInfo = Three20Style;
		};
		320CC833B8AF0ACFD35E6226 /* PBXContainerItemProxy */ = {
			isa = PBXContainerItemProxy;
			containerPortal = 320CC833B8AF0ACFD35E6220 /* Three20Style.xcodeproj */;
			proxyType = 2;
			remoteGlobalIDString = BEF31F3A0F352DF5000DE5D2;
			remoteInfo = Three20Style;
		};
		320D7DCCE32703ACAB9A45E2 /* PBXContainerItemProxy */ = {
			isa = PBXContainerItemProxy;
			containerPortal = 320D7DCCE32703ACAB9A45E0 /* Three20.xcodeproj */;
			proxyType = 1;
			remoteGlobalIDString = BEF31F390F352DF5000DE5D2;
			remoteInfo = Three20;
		};
		320D7DCCE32703ACAB9A45E6 /* PBXContainerItemProxy */ = {
			isa = PBXContainerItemProxy;
			containerPortal = 320D7DCCE32703ACAB9A45E0 /* Three20.xcodeproj */;
			proxyType = 2;
			remoteGlobalIDString = BEF31F3A0F352DF5000DE5D2;
			remoteInfo = Three20;
		};
		320F2C48872C2E2C4DF86202 /* PBXContainerItemProxy */ = {
			isa = PBXContainerItemProxy;
			containerPortal = 320F2C48872C2E2C4DF86200 /* Three20UI.xcodeproj */;
			proxyType = 1;
			remoteGlobalIDString = BEF31F390F352DF5000DE5D2;
			remoteInfo = Three20UI;
		};
		320F2C48872C2E2C4DF86206 /* PBXContainerItemProxy */ = {
			isa = PBXContainerItemProxy;
			containerPortal = 320F2C48872C2E2C4DF86200 /* Three20UI.xcodeproj */;
			proxyType = 2;
			remoteGlobalIDString = BEF31F3A0F352DF5000DE5D2;
			remoteInfo = Three20UI;
		};
		7285E3E21925AFEE0011C2D6 /* PBXContainerItemProxy */ = {
			isa = PBXContainerItemProxy;
			containerPortal = 7285E3BA1925AFEE0011C2D6 /* Project object */;
			proxyType = 1;
			remoteGlobalIDString = 7285E3C11925AFEE0011C2D6;
			remoteInfo = dailyreport;
		};
		72EB386E1927051700D0F225 /* PBXContainerItemProxy */ = {
			isa = PBXContainerItemProxy;
			containerPortal = 3206A0F794A6D7A3F259DBF0 /* extThree20JSON.xcodeproj */;
			proxyType = 2;
			remoteGlobalIDString = 6E645BD91187751200F08CB1;
			remoteInfo = "extThree20JSON+YAJL";
		};
		72EB38701927051700D0F225 /* PBXContainerItemProxy */ = {
			isa = PBXContainerItemProxy;
			containerPortal = 3206A0F794A6D7A3F259DBF0 /* extThree20JSON.xcodeproj */;
			proxyType = 2;
			remoteGlobalIDString = EB9E6C6210B6A8F800DE563C;
			remoteInfo = "extThree20JSONUnitTests+SBJSON";
		};
		72EB38731927051700D0F225 /* PBXContainerItemProxy */ = {
			isa = PBXContainerItemProxy;
			containerPortal = 320D7DCCE32703ACAB9A45E0 /* Three20.xcodeproj */;
			proxyType = 2;
			remoteGlobalIDString = EB9E6C6210B6A8F800DE563C;
			remoteInfo = Three20UnitTests;
		};
		72EB38761927051700D0F225 /* PBXContainerItemProxy */ = {
			isa = PBXContainerItemProxy;
			containerPortal = 320A2827FEC940B25BC42C60 /* Three20Core.xcodeproj */;
			proxyType = 2;
			remoteGlobalIDString = EB9E6C6210B6A8F800DE563C;
			remoteInfo = Three20CoreUnitTests;
		};
		72EB38791927051700D0F225 /* PBXContainerItemProxy */ = {
			isa = PBXContainerItemProxy;
			containerPortal = 320A5A189C235877202780D0 /* Three20Network.xcodeproj */;
			proxyType = 2;
			remoteGlobalIDString = EB9E6C6210B6A8F800DE563C;
			remoteInfo = Three20NetworkUnitTests;
		};
		72EB387C1927051700D0F225 /* PBXContainerItemProxy */ = {
			isa = PBXContainerItemProxy;
			containerPortal = 320CC833B8AF0ACFD35E6220 /* Three20Style.xcodeproj */;
			proxyType = 2;
			remoteGlobalIDString = EB9E6C6210B6A8F800DE563C;
			remoteInfo = Three20StyleUnitTests;
		};
		72EB387F1927051700D0F225 /* PBXContainerItemProxy */ = {
			isa = PBXContainerItemProxy;
			containerPortal = 320F2C48872C2E2C4DF86200 /* Three20UI.xcodeproj */;
			proxyType = 2;
			remoteGlobalIDString = EB9E6C6210B6A8F800DE563C;
			remoteInfo = Three20UIUnitTests;
		};
		72EB38821927051700D0F225 /* PBXContainerItemProxy */ = {
			isa = PBXContainerItemProxy;
			containerPortal = 3201088596B4756681693700 /* Three20UICommon.xcodeproj */;
			proxyType = 2;
			remoteGlobalIDString = EB9E6C6210B6A8F800DE563C;
			remoteInfo = Three20UICommonUnitTests;
		};
		72EB38851927051700D0F225 /* PBXContainerItemProxy */ = {
			isa = PBXContainerItemProxy;
			containerPortal = 320A737074758E53BA54BE90 /* Three20UINavigator.xcodeproj */;
			proxyType = 2;
			remoteGlobalIDString = EB9E6C6210B6A8F800DE563C;
			remoteInfo = Three20UINavigatorUnitTests;
		};
/* End PBXContainerItemProxy section */

/* Begin PBXFileReference section */
		3201088596B4756681693700 /* Three20UICommon.xcodeproj */ = {isa = PBXFileReference; lastKnownFileType = "wrapper.pb-project"; name = Three20UICommon.xcodeproj; path = ../three20/src/Three20UICommon/Three20UICommon.xcodeproj; sourceTree = SOURCE_ROOT; };
		3206A0F794A6D7A3F259DBF0 /* extThree20JSON.xcodeproj */ = {isa = PBXFileReference; lastKnownFileType = "wrapper.pb-project"; name = extThree20JSON.xcodeproj; path = ../three20/src/extThree20JSON/extThree20JSON.xcodeproj; sourceTree = SOURCE_ROOT; };
		320A2827FEC940B25BC42C60 /* Three20Core.xcodeproj */ = {isa = PBXFileReference; lastKnownFileType = "wrapper.pb-project"; name = Three20Core.xcodeproj; path = ../three20/src/Three20Core/Three20Core.xcodeproj; sourceTree = SOURCE_ROOT; };
		320A5A189C235877202780D0 /* Three20Network.xcodeproj */ = {isa = PBXFileReference; lastKnownFileType = "wrapper.pb-project"; name = Three20Network.xcodeproj; path = ../three20/src/Three20Network/Three20Network.xcodeproj; sourceTree = SOURCE_ROOT; };
		320A737074758E53BA54BE90 /* Three20UINavigator.xcodeproj */ = {isa = PBXFileReference; lastKnownFileType = "wrapper.pb-project"; name = Three20UINavigator.xcodeproj; path = ../three20/src/Three20UINavigator/Three20UINavigator.xcodeproj; sourceTree = SOURCE_ROOT; };
		320AF8492C47A4D819F7C450 /* QuartzCore.framework */ = {isa = PBXFileReference; lastKnownFileType = wrapper.frameworks; name = QuartzCore.framework; path = System/Library/Frameworks/QuartzCore.framework; sourceTree = SDKROOT; };
		320B6C86F11D9990244A9730 /* Three20.bundle */ = {isa = PBXFileReference; lastKnownFileType = "wrapper.plug-in"; name = Three20.bundle; path = ../three20/src/Three20.bundle; sourceTree = SOURCE_ROOT; };
		320CC833B8AF0ACFD35E6220 /* Three20Style.xcodeproj */ = {isa = PBXFileReference; lastKnownFileType = "wrapper.pb-project"; name = Three20Style.xcodeproj; path = ../three20/src/Three20Style/Three20Style.xcodeproj; sourceTree = SOURCE_ROOT; };
		320D7DCCE32703ACAB9A45E0 /* Three20.xcodeproj */ = {isa = PBXFileReference; lastKnownFileType = "wrapper.pb-project"; name = Three20.xcodeproj; path = ../three20/src/Three20/Three20.xcodeproj; sourceTree = SOURCE_ROOT; };
		320F2C48872C2E2C4DF86200 /* Three20UI.xcodeproj */ = {isa = PBXFileReference; lastKnownFileType = "wrapper.pb-project"; name = Three20UI.xcodeproj; path = ../three20/src/Three20UI/Three20UI.xcodeproj; sourceTree = SOURCE_ROOT; };
		720D6080193156AF004C7781 /* PieChartView.h */ = {isa = PBXFileReference; fileEncoding = 4; lastKnownFileType = sourcecode.c.h; path = PieChartView.h; sourceTree = "<group>"; };
		720D6081193156AF004C7781 /* PieChartView.m */ = {isa = PBXFileReference; fileEncoding = 4; lastKnownFileType = sourcecode.c.objc; path = PieChartView.m; sourceTree = "<group>"; };
		722D42BA192C3A2E00350244 /* KPIModel.h */ = {isa = PBXFileReference; fileEncoding = 4; lastKnownFileType = sourcecode.c.h; path = KPIModel.h; sourceTree = "<group>"; };
		722D42BB192C3A2E00350244 /* KPIModel.m */ = {isa = PBXFileReference; fileEncoding = 4; lastKnownFileType = sourcecode.c.objc; path = KPIModel.m; sourceTree = "<group>"; };
		722D42C6192C449A00350244 /* 图标-关键指标.png */ = {isa = PBXFileReference; lastKnownFileType = image.png; path = "图标-关键指标.png"; sourceTree = "<group>"; };
		722D42C7192C449A00350244 /* 图标-关键指标@2x.png */ = {isa = PBXFileReference; lastKnownFileType = image.png; path = "图标-关键指标@2x.png"; sourceTree = "<group>"; };
		722D42E5192C89F800350244 /* Retail.h */ = {isa = PBXFileReference; fileEncoding = 4; lastKnownFileType = sourcecode.c.h; name = Retail.h; path = ../model/Retail.h; sourceTree = "<group>"; };
		722D42E6192C89F800350244 /* Retail.m */ = {isa = PBXFileReference; fileEncoding = 4; lastKnownFileType = sourcecode.c.objc; name = Retail.m; path = ../model/Retail.m; sourceTree = "<group>"; };
		722D42F1192C8AB600350244 /* RetailModel.h */ = {isa = PBXFileReference; fileEncoding = 4; lastKnownFileType = sourcecode.c.h; path = RetailModel.h; sourceTree = "<group>"; };
		722D42F2192C8AB600350244 /* RetailModel.m */ = {isa = PBXFileReference; fileEncoding = 4; lastKnownFileType = sourcecode.c.objc; path = RetailModel.m; sourceTree = "<group>"; };
		722D42F4192C8D6800350244 /* RetailViewController.h */ = {isa = PBXFileReference; fileEncoding = 4; lastKnownFileType = sourcecode.c.h; path = RetailViewController.h; sourceTree = "<group>"; };
		722D42F5192C8D6800350244 /* RetailViewController.m */ = {isa = PBXFileReference; fileEncoding = 4; lastKnownFileType = sourcecode.c.objc; path = RetailViewController.m; sourceTree = "<group>"; };
		724480E119271E8A005F5BE5 /* Brand.h */ = {isa = PBXFileReference; fileEncoding = 4; lastKnownFileType = sourcecode.c.h; path = Brand.h; sourceTree = "<group>"; };
		724480E219271E8A005F5BE5 /* Brand.m */ = {isa = PBXFileReference; fileEncoding = 4; lastKnownFileType = sourcecode.c.objc; path = Brand.m; sourceTree = "<group>"; };
		724480ED19273167005F5BE5 /* Channel.h */ = {isa = PBXFileReference; fileEncoding = 4; lastKnownFileType = sourcecode.c.h; path = Channel.h; sourceTree = "<group>"; };
		724480EE19273167005F5BE5 /* Channel.m */ = {isa = PBXFileReference; fileEncoding = 4; lastKnownFileType = sourcecode.c.objc; path = Channel.m; sourceTree = "<group>"; };
		724480F0192732A8005F5BE5 /* BrandViewController.h */ = {isa = PBXFileReference; fileEncoding = 4; lastKnownFileType = sourcecode.c.h; path = BrandViewController.h; sourceTree = "<group>"; };
		724480F1192732A8005F5BE5 /* BrandViewController.m */ = {isa = PBXFileReference; fileEncoding = 4; lastKnownFileType = sourcecode.c.objc; path = BrandViewController.m; sourceTree = "<group>"; };
		724480F3192732E2005F5BE5 /* BrandModel.h */ = {isa = PBXFileReference; fileEncoding = 4; lastKnownFileType = sourcecode.c.h; path = BrandModel.h; sourceTree = "<group>"; };
		724480F4192732E2005F5BE5 /* BrandModel.m */ = {isa = PBXFileReference; fileEncoding = 4; lastKnownFileType = sourcecode.c.objc; path = BrandModel.m; sourceTree = "<group>"; };
		725AFEBA19317AB5003BD9F3 /* WXApi.h */ = {isa = PBXFileReference; lastKnownFileType = sourcecode.c.h; path = WXApi.h; sourceTree = "<group>"; };
		725AFEBB19317AB5003BD9F3 /* WXApiObject.h */ = {isa = PBXFileReference; lastKnownFileType = sourcecode.c.h; path = WXApiObject.h; sourceTree = "<group>"; };
		725AFEBE19317C42003BD9F3 /* libWeChatSDK.a */ = {isa = PBXFileReference; lastKnownFileType = archive.ar; name = libWeChatSDK.a; path = dailyreport/weixin/libWeChatSDK.a; sourceTree = "<group>"; };
		72623162192B168500E3F99B /* Default.png */ = {isa = PBXFileReference; lastKnownFileType = image.png; path = Default.png; sourceTree = "<group>"; };
		72623163192B168500E3F99B /* Default~iphone.png */ = {isa = PBXFileReference; lastKnownFileType = image.png; path = "Default~iphone.png"; sourceTree = "<group>"; };
		72623164192B168500E3F99B /* Default-568h@2x.png */ = {isa = PBXFileReference; lastKnownFileType = image.png; path = "Default-568h@2x.png"; sourceTree = "<group>"; };
		72623165192B168500E3F99B /* logo29.png */ = {isa = PBXFileReference; lastKnownFileType = image.png; path = logo29.png; sourceTree = "<group>"; };
		72623166192B168500E3F99B /* logo57.png */ = {isa = PBXFileReference; lastKnownFileType = image.png; path = logo57.png; sourceTree = "<group>"; };
		72623167192B168500E3F99B /* logo58.png */ = {isa = PBXFileReference; lastKnownFileType = image.png; path = logo58.png; sourceTree = "<group>"; };
		72623168192B168500E3F99B /* logo80.png */ = {isa = PBXFileReference; lastKnownFileType = image.png; path = logo80.png; sourceTree = "<group>"; };
		72623169192B168500E3F99B /* logo114.png */ = {isa = PBXFileReference; lastKnownFileType = image.png; path = logo114.png; sourceTree = "<group>"; };
		7262316A192B168500E3F99B /* logo120.png */ = {isa = PBXFileReference; lastKnownFileType = image.png; path = logo120.png; sourceTree = "<group>"; };
		7262316B192B168500E3F99B /* logo1024.png */ = {isa = PBXFileReference; lastKnownFileType = image.png; path = logo1024.png; sourceTree = "<group>"; };
		72623197192B4E7F00E3F99B /* SwitchViewController.h */ = {isa = PBXFileReference; fileEncoding = 4; lastKnownFileType = sourcecode.c.h; path = SwitchViewController.h; sourceTree = "<group>"; };
		72623198192B4E7F00E3F99B /* SwitchViewController.m */ = {isa = PBXFileReference; fileEncoding = 4; lastKnownFileType = sourcecode.c.objc; path = SwitchViewController.m; sourceTree = "<group>"; };
		726231A2192B745A00E3F99B /* KPIViewController.h */ = {isa = PBXFileReference; fileEncoding = 4; lastKnownFileType = sourcecode.c.h; path = KPIViewController.h; sourceTree = "<group>"; };
		726231A3192B745A00E3F99B /* KPIViewController.m */ = {isa = PBXFileReference; fileEncoding = 4; lastKnownFileType = sourcecode.c.objc; path = KPIViewController.m; sourceTree = "<group>"; };
		72783B7D1929A6A10098B3A8 /* 用户名密码背景.png */ = {isa = PBXFileReference; lastKnownFileType = image.png; path = "用户名密码背景.png"; sourceTree = "<group>"; };
		72783B7E1929A6A10098B3A8 /* 件单价.png */ = {isa = PBXFileReference; lastKnownFileType = image.png; path = "件单价.png"; sourceTree = "<group>"; };
		72783B7F1929A6A10098B3A8 /* 关键指标-分割线.png */ = {isa = PBXFileReference; lastKnownFileType = image.png; path = "关键指标-分割线.png"; sourceTree = "<group>"; };
		72783B801929A6A10098B3A8 /* 关键指标-背景花纹.png */ = {isa = PBXFileReference; lastKnownFileType = image.png; path = "关键指标-背景花纹.png"; sourceTree = "<group>"; };
		72783B811929A6A10098B3A8 /* 分享取消按钮.png */ = {isa = PBXFileReference; lastKnownFileType = image.png; path = "分享取消按钮.png"; sourceTree = "<group>"; };
		72783B821929A6A10098B3A8 /* 分享取消按钮@2x.png */ = {isa = PBXFileReference; lastKnownFileType = image.png; path = "分享取消按钮@2x.png"; sourceTree = "<group>"; };
		72783B831929A6A10098B3A8 /* 分割线-每日收入水平分割线.png */ = {isa = PBXFileReference; lastKnownFileType = image.png; path = "分割线-每日收入水平分割线.png"; sourceTree = "<group>"; };
		72783B841929A6A10098B3A8 /* 分割线-每日收入水平分割线@2x.png */ = {isa = PBXFileReference; lastKnownFileType = image.png; path = "分割线-每日收入水平分割线@2x.png"; sourceTree = "<group>"; };
		72783B851929A6A10098B3A8 /* 单效.png */ = {isa = PBXFileReference; lastKnownFileType = image.png; path = "单效.png"; sourceTree = "<group>"; };
		72783B881929A6A10098B3A8 /* 图标-分享.png */ = {isa = PBXFileReference; lastKnownFileType = image.png; path = "图标-分享.png"; sourceTree = "<group>"; };
		72783B891929A6A10098B3A8 /* 图标-分享@2x.png */ = {isa = PBXFileReference; lastKnownFileType = image.png; path = "图标-分享@2x.png"; sourceTree = "<group>"; };
		72783B8A1929A6A10098B3A8 /* 图标-分页原点-正常.png */ = {isa = PBXFileReference; lastKnownFileType = image.png; path = "图标-分页原点-正常.png"; sourceTree = "<group>"; };
		72783B8B1929A6A10098B3A8 /* 图标-分页原点-正常@2x.png */ = {isa = PBXFileReference; lastKnownFileType = image.png; path = "图标-分页原点-正常@2x.png"; sourceTree = "<group>"; };
		72783B8C1929A6A10098B3A8 /* 图标-分页原点-高亮.png */ = {isa = PBXFileReference; lastKnownFileType = image.png; path = "图标-分页原点-高亮.png"; sourceTree = "<group>"; };
		72783B8D1929A6A10098B3A8 /* 图标-分页原点-高亮@2x.png */ = {isa = PBXFileReference; lastKnownFileType = image.png; path = "图标-分页原点-高亮@2x.png"; sourceTree = "<group>"; };
		72783B8E1929A6A10098B3A8 /* 图标-小衣服.png */ = {isa = PBXFileReference; lastKnownFileType = image.png; path = "图标-小衣服.png"; sourceTree = "<group>"; };
		72783B8F1929A6A10098B3A8 /* 图标-小衣服@2x.png */ = {isa = PBXFileReference; lastKnownFileType = image.png; path = "图标-小衣服@2x.png"; sourceTree = "<group>"; };
		72783B901929A6A10098B3A8 /* 图标-小钱袋.png */ = {isa = PBXFileReference; lastKnownFileType = image.png; path = "图标-小钱袋.png"; sourceTree = "<group>"; };
		72783B911929A6A10098B3A8 /* 图标-小钱袋@2x.png */ = {isa = PBXFileReference; lastKnownFileType = image.png; path = "图标-小钱袋@2x.png"; sourceTree = "<group>"; };
		72783B921929A6A10098B3A8 /* 图标-微信好友.png */ = {isa = PBXFileReference; lastKnownFileType = image.png; path = "图标-微信好友.png"; sourceTree = "<group>"; };
		72783B931929A6A10098B3A8 /* 图标-微信好友@2x.png */ = {isa = PBXFileReference; lastKnownFileType = image.png; path = "图标-微信好友@2x.png"; sourceTree = "<group>"; };
		72783B941929A6A10098B3A8 /* 图标-微信朋友圈.png */ = {isa = PBXFileReference; lastKnownFileType = image.png; path = "图标-微信朋友圈.png"; sourceTree = "<group>"; };
		72783B951929A6A10098B3A8 /* 图标-微信朋友圈@2x.png */ = {isa = PBXFileReference; lastKnownFileType = image.png; path = "图标-微信朋友圈@2x.png"; sourceTree = "<group>"; };
		72783B961929A6A10098B3A8 /* 图标-日历.png */ = {isa = PBXFileReference; lastKnownFileType = image.png; path = "图标-日历.png"; sourceTree = "<group>"; };
		72783B971929A6A10098B3A8 /* 图标-日历@2x.png */ = {isa = PBXFileReference; lastKnownFileType = image.png; path = "图标-日历@2x.png"; sourceTree = "<group>"; };
		72783B981929A6A10098B3A8 /* 图标-零售收入.png */ = {isa = PBXFileReference; lastKnownFileType = image.png; path = "图标-零售收入.png"; sourceTree = "<group>"; };
		72783B991929A6A10098B3A8 /* 图标-零售收入@2x.png */ = {isa = PBXFileReference; lastKnownFileType = image.png; path = "图标-零售收入@2x.png"; sourceTree = "<group>"; };
		72783B9A1929A6A10098B3A8 /* 每日收入MG背景.png */ = {isa = PBXFileReference; lastKnownFileType = image.png; path = "每日收入MG背景.png"; sourceTree = "<group>"; };
		72783B9B1929A6A10098B3A8 /* 每日收入乐町背景.png */ = {isa = PBXFileReference; lastKnownFileType = image.png; path = "每日收入乐町背景.png"; sourceTree = "<group>"; };
		72783B9C1929A6A10098B3A8 /* 每日收入女装背景.png */ = {isa = PBXFileReference; lastKnownFileType = image.png; path = "每日收入女装背景.png"; sourceTree = "<group>"; };
		72783B9D1929A6A10098B3A8 /* 每日收入男装背景.png */ = {isa = PBXFileReference; lastKnownFileType = image.png; path = "每日收入男装背景.png"; sourceTree = "<group>"; };
		72783B9E1929A6A10098B3A8 /* 每日收入童装背景.png */ = {isa = PBXFileReference; lastKnownFileType = image.png; path = "每日收入童装背景.png"; sourceTree = "<group>"; };
		72783B9F1929A6A10098B3A8 /* 每日收入赫奇背景.png */ = {isa = PBXFileReference; lastKnownFileType = image.png; path = "每日收入赫奇背景.png"; sourceTree = "<group>"; };
		72783BA01929A6A10098B3A8 /* 环状图阴影.png */ = {isa = PBXFileReference; lastKnownFileType = image.png; path = "环状图阴影.png"; sourceTree = "<group>"; };
		72783BA11929A6A10098B3A8 /* 环状图阴影@2x.png */ = {isa = PBXFileReference; lastKnownFileType = image.png; path = "环状图阴影@2x.png"; sourceTree = "<group>"; };
		72783BA21929A6A10098B3A8 /* 登录按钮.png */ = {isa = PBXFileReference; lastKnownFileType = image.png; path = "登录按钮.png"; sourceTree = "<group>"; };
		72783BA31929A6A10098B3A8 /* 票数.png */ = {isa = PBXFileReference; lastKnownFileType = image.png; path = "票数.png"; sourceTree = "<group>"; };
		72783BA41929A6A10098B3A8 /* 色卡-洋红.png */ = {isa = PBXFileReference; lastKnownFileType = image.png; path = "色卡-洋红.png"; sourceTree = "<group>"; };
		72783BA51929A6A10098B3A8 /* 色卡-洋红@2x.png */ = {isa = PBXFileReference; lastKnownFileType = image.png; path = "色卡-洋红@2x.png"; sourceTree = "<group>"; };
		72783BA61929A6A10098B3A8 /* 色卡-深绿.png */ = {isa = PBXFileReference; lastKnownFileType = image.png; path = "色卡-深绿.png"; sourceTree = "<group>"; };
		72783BA71929A6A10098B3A8 /* 色卡-深绿@2x.png */ = {isa = PBXFileReference; lastKnownFileType = image.png; path = "色卡-深绿@2x.png"; sourceTree = "<group>"; };
		72783BA81929A6A10098B3A8 /* 色卡-灰蓝.png */ = {isa = PBXFileReference; lastKnownFileType = image.png; path = "色卡-灰蓝.png"; sourceTree = "<group>"; };
		72783BA91929A6A10098B3A8 /* 色卡-灰蓝@2x.png */ = {isa = PBXFileReference; lastKnownFileType = image.png; path = "色卡-灰蓝@2x.png"; sourceTree = "<group>"; };
		72783BAA1929A6A10098B3A8 /* 色卡-黄色.png */ = {isa = PBXFileReference; lastKnownFileType = image.png; path = "色卡-黄色.png"; sourceTree = "<group>"; };
		72783BAB1929A6A10098B3A8 /* 色卡-黄色@2x.png */ = {isa = PBXFileReference; lastKnownFileType = image.png; path = "色卡-黄色@2x.png"; sourceTree = "<group>"; };
		72783BAC1929A6A10098B3A8 /* 附加.png */ = {isa = PBXFileReference; lastKnownFileType = image.png; path = "附加.png"; sourceTree = "<group>"; };
		72783BAD1929A6A10098B3A8 /* 零售收入.png */ = {isa = PBXFileReference; lastKnownFileType = image.png; path = "零售收入.png"; sourceTree = "<group>"; };
		72783BAE1929A6A10098B3A8 /* 首页MG.png */ = {isa = PBXFileReference; lastKnownFileType = image.png; path = "首页MG.png"; sourceTree = "<group>"; };
		72783BAF1929A6A10098B3A8 /* 首页乐町.png */ = {isa = PBXFileReference; lastKnownFileType = image.png; path = "首页乐町.png"; sourceTree = "<group>"; };
		72783BB01929A6A10098B3A8 /* 首页女装.png */ = {isa = PBXFileReference; lastKnownFileType = image.png; path = "首页女装.png"; sourceTree = "<group>"; };
		72783BB11929A6A10098B3A8 /* 首页男装.png */ = {isa = PBXFileReference; lastKnownFileType = image.png; path = "首页男装.png"; sourceTree = "<group>"; };
		72783BB21929A6A10098B3A8 /* 首页童装.png */ = {isa = PBXFileReference; lastKnownFileType = image.png; path = "首页童装.png"; sourceTree = "<group>"; };
		72783BB31929A6A10098B3A8 /* 首页赫奇.png */ = {isa = PBXFileReference; lastKnownFileType = image.png; path = "首页赫奇.png"; sourceTree = "<group>"; };
		72783BFD1929C7D70098B3A8 /* CRNavigationBar.h */ = {isa = PBXFileReference; fileEncoding = 4; lastKnownFileType = sourcecode.c.h; path = CRNavigationBar.h; sourceTree = "<group>"; };
		72783BFE1929C7D70098B3A8 /* CRNavigationBar.m */ = {isa = PBXFileReference; fileEncoding = 4; lastKnownFileType = sourcecode.c.objc; path = CRNavigationBar.m; sourceTree = "<group>"; };
		72783BFF1929C7D70098B3A8 /* CRNavigationController.h */ = {isa = PBXFileReference; fileEncoding = 4; lastKnownFileType = sourcecode.c.h; path = CRNavigationController.h; sourceTree = "<group>"; };
		72783C001929C7D70098B3A8 /* CRNavigationController.m */ = {isa = PBXFileReference; fileEncoding = 4; lastKnownFileType = sourcecode.c.objc; path = CRNavigationController.m; sourceTree = "<group>"; };
		72783C031929CBA70098B3A8 /* CRNavigator.h */ = {isa = PBXFileReference; fileEncoding = 4; lastKnownFileType = sourcecode.c.h; path = CRNavigator.h; sourceTree = "<group>"; };
		72783C041929CBA70098B3A8 /* CRNavigator.m */ = {isa = PBXFileReference; fileEncoding = 4; lastKnownFileType = sourcecode.c.objc; path = CRNavigator.m; sourceTree = "<group>"; };
		72783CA7192A09100098B3A8 /* IndexTableItemCell.h */ = {isa = PBXFileReference; fileEncoding = 4; lastKnownFileType = sourcecode.c.h; path = IndexTableItemCell.h; sourceTree = "<group>"; };
		72783CA8192A09100098B3A8 /* IndexTableItemCell.m */ = {isa = PBXFileReference; fileEncoding = 4; lastKnownFileType = sourcecode.c.objc; path = IndexTableItemCell.m; sourceTree = "<group>"; };
		72783CAA192A093E0098B3A8 /* IndexTableItem.h */ = {isa = PBXFileReference; fileEncoding = 4; lastKnownFileType = sourcecode.c.h; path = IndexTableItem.h; sourceTree = "<group>"; };
		72783CAB192A093E0098B3A8 /* IndexTableItem.m */ = {isa = PBXFileReference; fileEncoding = 4; lastKnownFileType = sourcecode.c.objc; path = IndexTableItem.m; sourceTree = "<group>"; };
		72783CCF192A25100098B3A8 /* LinkImageView.h */ = {isa = PBXFileReference; fileEncoding = 4; lastKnownFileType = sourcecode.c.h; path = LinkImageView.h; sourceTree = "<group>"; };
		72783CD0192A25100098B3A8 /* LinkImageView.m */ = {isa = PBXFileReference; fileEncoding = 4; lastKnownFileType = sourcecode.c.objc; path = LinkImageView.m; sourceTree = "<group>"; };
		7285E3C21925AFEE0011C2D6 /* dailyreport.app */ = {isa = PBXFileReference; explicitFileType = wrapper.application; includeInIndex = 0; path = dailyreport.app; sourceTree = BUILT_PRODUCTS_DIR; };
		7285E3C51925AFEE0011C2D6 /* Foundation.framework */ = {isa = PBXFileReference; lastKnownFileType = wrapper.framework; name = Foundation.framework; path = System/Library/Frameworks/Foundation.framework; sourceTree = SDKROOT; };
		7285E3C71925AFEE0011C2D6 /* CoreGraphics.framework */ = {isa = PBXFileReference; lastKnownFileType = wrapper.framework; name = CoreGraphics.framework; path = System/Library/Frameworks/CoreGraphics.framework; sourceTree = SDKROOT; };
		7285E3C91925AFEE0011C2D6 /* UIKit.framework */ = {isa = PBXFileReference; lastKnownFileType = wrapper.framework; name = UIKit.framework; path = System/Library/Frameworks/UIKit.framework; sourceTree = SDKROOT; };
		7285E3CD1925AFEE0011C2D6 /* dailyreport-Info.plist */ = {isa = PBXFileReference; lastKnownFileType = text.plist.xml; path = "dailyreport-Info.plist"; sourceTree = "<group>"; };
		7285E3CF1925AFEE0011C2D6 /* en */ = {isa = PBXFileReference; lastKnownFileType = text.plist.strings; name = en; path = en.lproj/InfoPlist.strings; sourceTree = "<group>"; };
		7285E3D11925AFEE0011C2D6 /* main.m */ = {isa = PBXFileReference; lastKnownFileType = sourcecode.c.objc; path = main.m; sourceTree = "<group>"; };
		7285E3D31925AFEE0011C2D6 /* dailyreport-Prefix.pch */ = {isa = PBXFileReference; lastKnownFileType = sourcecode.c.h; path = "dailyreport-Prefix.pch"; sourceTree = "<group>"; };
		7285E3D41925AFEE0011C2D6 /* AppDelegate.h */ = {isa = PBXFileReference; lastKnownFileType = sourcecode.c.h; path = AppDelegate.h; sourceTree = "<group>"; };
		7285E3D51925AFEE0011C2D6 /* AppDelegate.m */ = {isa = PBXFileReference; lastKnownFileType = sourcecode.c.objc; path = AppDelegate.m; sourceTree = "<group>"; };
		7285E3D71925AFEE0011C2D6 /* Images.xcassets */ = {isa = PBXFileReference; lastKnownFileType = folder.assetcatalog; path = Images.xcassets; sourceTree = "<group>"; };
		7285E3DD1925AFEE0011C2D6 /* dailyreportTests.xctest */ = {isa = PBXFileReference; explicitFileType = wrapper.cfbundle; includeInIndex = 0; path = dailyreportTests.xctest; sourceTree = BUILT_PRODUCTS_DIR; };
		7285E3DE1925AFEE0011C2D6 /* XCTest.framework */ = {isa = PBXFileReference; lastKnownFileType = wrapper.framework; name = XCTest.framework; path = Library/Frameworks/XCTest.framework; sourceTree = DEVELOPER_DIR; };
		7285E3E61925AFEE0011C2D6 /* dailyreportTests-Info.plist */ = {isa = PBXFileReference; lastKnownFileType = text.plist.xml; path = "dailyreportTests-Info.plist"; sourceTree = "<group>"; };
		7285E3E81925AFEE0011C2D6 /* en */ = {isa = PBXFileReference; lastKnownFileType = text.plist.strings; name = en; path = en.lproj/InfoPlist.strings; sourceTree = "<group>"; };
		7285E3EA1925AFEE0011C2D6 /* dailyreportTests.m */ = {isa = PBXFileReference; lastKnownFileType = sourcecode.c.objc; path = dailyreportTests.m; sourceTree = "<group>"; };
		72AD85FE193305AB004CAE5F /* StoreRankModel.h */ = {isa = PBXFileReference; fileEncoding = 4; lastKnownFileType = sourcecode.c.h; path = StoreRankModel.h; sourceTree = "<group>"; };
		72AD85FF193305AB004CAE5F /* StoreRankModel.m */ = {isa = PBXFileReference; fileEncoding = 4; lastKnownFileType = sourcecode.c.objc; path = StoreRankModel.m; sourceTree = "<group>"; };
		72AD8601193305D9004CAE5F /* Rank.h */ = {isa = PBXFileReference; fileEncoding = 4; lastKnownFileType = sourcecode.c.h; path = Rank.h; sourceTree = "<group>"; };
		72AD8602193305D9004CAE5F /* Rank.m */ = {isa = PBXFileReference; fileEncoding = 4; lastKnownFileType = sourcecode.c.objc; path = Rank.m; sourceTree = "<group>"; };
		72AD8604193309AF004CAE5F /* ChannelRank.h */ = {isa = PBXFileReference; fileEncoding = 4; lastKnownFileType = sourcecode.c.h; path = ChannelRank.h; sourceTree = "<group>"; };
		72AD8605193309AF004CAE5F /* ChannelRank.m */ = {isa = PBXFileReference; fileEncoding = 4; lastKnownFileType = sourcecode.c.objc; path = ChannelRank.m; sourceTree = "<group>"; };
		72AD860719330B45004CAE5F /* StoreRankViewController.h */ = {isa = PBXFileReference; fileEncoding = 4; lastKnownFileType = sourcecode.c.h; path = StoreRankViewController.h; sourceTree = "<group>"; };
		72AD860819330B45004CAE5F /* StoreRankViewController.m */ = {isa = PBXFileReference; fileEncoding = 4; lastKnownFileType = sourcecode.c.objc; path = StoreRankViewController.m; sourceTree = "<group>"; };
		72AD860A193358B6004CAE5F /* BaseModel.h */ = {isa = PBXFileReference; fileEncoding = 4; lastKnownFileType = sourcecode.c.h; path = BaseModel.h; sourceTree = "<group>"; };
		72AD860B193358B6004CAE5F /* BaseModel.m */ = {isa = PBXFileReference; fileEncoding = 4; lastKnownFileType = sourcecode.c.objc; path = BaseModel.m; sourceTree = "<group>"; };
		72EB3888192705E800D0F225 /* StyleSheet.h */ = {isa = PBXFileReference; fileEncoding = 4; lastKnownFileType = sourcecode.c.h; path = StyleSheet.h; sourceTree = "<group>"; };
		72EB3889192705E800D0F225 /* StyleSheet.m */ = {isa = PBXFileReference; fileEncoding = 4; lastKnownFileType = sourcecode.c.objc; path = StyleSheet.m; sourceTree = "<group>"; };
		72EB388C1927072D00D0F225 /* IndexViewController.h */ = {isa = PBXFileReference; fileEncoding = 4; lastKnownFileType = sourcecode.c.h; path = IndexViewController.h; sourceTree = "<group>"; };
		72EB388D1927072D00D0F225 /* IndexViewController.m */ = {isa = PBXFileReference; fileEncoding = 4; lastKnownFileType = sourcecode.c.objc; path = IndexViewController.m; sourceTree = "<group>"; };
		72EB389919270CA900D0F225 /* IndexDataSource.h */ = {isa = PBXFileReference; fileEncoding = 4; lastKnownFileType = sourcecode.c.h; path = IndexDataSource.h; sourceTree = "<group>"; };
		72EB389A19270CA900D0F225 /* IndexDataSource.m */ = {isa = PBXFileReference; fileEncoding = 4; lastKnownFileType = sourcecode.c.objc; path = IndexDataSource.m; sourceTree = "<group>"; };
		72EB389C19270CCA00D0F225 /* IndexListModel.h */ = {isa = PBXFileReference; fileEncoding = 4; lastKnownFileType = sourcecode.c.h; path = IndexListModel.h; sourceTree = "<group>"; };
		72EB389D19270CCA00D0F225 /* IndexListModel.m */ = {isa = PBXFileReference; fileEncoding = 4; lastKnownFileType = sourcecode.c.objc; path = IndexListModel.m; sourceTree = "<group>"; };
		72EB389F19270D3E00D0F225 /* Constants.h */ = {isa = PBXFileReference; lastKnownFileType = sourcecode.c.h; path = Constants.h; sourceTree = "<group>"; };
		72EB38A119270E7200D0F225 /* User.h */ = {isa = PBXFileReference; fileEncoding = 4; lastKnownFileType = sourcecode.c.h; path = User.h; sourceTree = "<group>"; };
		72EB38A219270E7200D0F225 /* User.m */ = {isa = PBXFileReference; fileEncoding = 4; lastKnownFileType = sourcecode.c.objc; path = User.m; sourceTree = "<group>"; };
		72EB38A419270E8D00D0F225 /* LoginViewController.h */ = {isa = PBXFileReference; fileEncoding = 4; lastKnownFileType = sourcecode.c.h; path = LoginViewController.h; sourceTree = "<group>"; };
		72EB38A519270E8D00D0F225 /* LoginViewController.m */ = {isa = PBXFileReference; fileEncoding = 4; lastKnownFileType = sourcecode.c.objc; path = LoginViewController.m; sourceTree = "<group>"; };
		72EB38A719270EAF00D0F225 /* LoginDataSource.h */ = {isa = PBXFileReference; fileEncoding = 4; lastKnownFileType = sourcecode.c.h; path = LoginDataSource.h; sourceTree = "<group>"; };
		72EB38A819270EAF00D0F225 /* LoginDataSource.m */ = {isa = PBXFileReference; fileEncoding = 4; lastKnownFileType = sourcecode.c.objc; path = LoginDataSource.m; sourceTree = "<group>"; };
		72EB38AA19270EC100D0F225 /* LoginModel.h */ = {isa = PBXFileReference; fileEncoding = 4; lastKnownFileType = sourcecode.c.h; path = LoginModel.h; sourceTree = "<group>"; };
		72EB38AB19270EC100D0F225 /* LoginModel.m */ = {isa = PBXFileReference; fileEncoding = 4; lastKnownFileType = sourcecode.c.objc; path = LoginModel.m; sourceTree = "<group>"; };
		72EB38B4192712DC00D0F225 /* MBProgressHUD.h */ = {isa = PBXFileReference; fileEncoding = 4; lastKnownFileType = sourcecode.c.h; path = MBProgressHUD.h; sourceTree = "<group>"; };
		72EB38B5192712DC00D0F225 /* MBProgressHUD.m */ = {isa = PBXFileReference; fileEncoding = 4; lastKnownFileType = sourcecode.c.objc; path = MBProgressHUD.m; sourceTree = "<group>"; };
/* End PBXFileReference section */

/* Begin PBXFrameworksBuildPhase section */
		7285E3BF1925AFEE0011C2D6 /* Frameworks */ = {
			isa = PBXFrameworksBuildPhase;
			buildActionMask = 2147483647;
			files = (
				725AFEBF19317C42003BD9F3 /* libWeChatSDK.a in Frameworks */,
				3206A0F794A6D7A3F259DBF5 /* libextThree20JSON+SBJSON.a in Frameworks */,
				3201088596B4756681693705 /* libThree20UICommon.a in Frameworks */,
				320D7DCCE32703ACAB9A45E5 /* libThree20.a in Frameworks */,
				320A737074758E53BA54BE95 /* libThree20UINavigator.a in Frameworks */,
				320A2827FEC940B25BC42C65 /* libThree20Core.a in Frameworks */,
				320F2C48872C2E2C4DF86205 /* libThree20UI.a in Frameworks */,
				320A5A189C235877202780D5 /* libThree20Network.a in Frameworks */,
				320CC833B8AF0ACFD35E6225 /* libThree20Style.a in Frameworks */,
				320AF8492C47A4D819F7C451 /* QuartzCore.framework in Frameworks */,
				7285E3C81925AFEE0011C2D6 /* CoreGraphics.framework in Frameworks */,
				7285E3CA1925AFEE0011C2D6 /* UIKit.framework in Frameworks */,
				7285E3C61925AFEE0011C2D6 /* Foundation.framework in Frameworks */,
			);
			runOnlyForDeploymentPostprocessing = 0;
		};
		7285E3DA1925AFEE0011C2D6 /* Frameworks */ = {
			isa = PBXFrameworksBuildPhase;
			buildActionMask = 2147483647;
			files = (
				7285E3DF1925AFEE0011C2D6 /* XCTest.framework in Frameworks */,
				7285E3E11925AFEE0011C2D6 /* UIKit.framework in Frameworks */,
				7285E3E01925AFEE0011C2D6 /* Foundation.framework in Frameworks */,
			);
			runOnlyForDeploymentPostprocessing = 0;
		};
/* End PBXFrameworksBuildPhase section */

/* Begin PBXGroup section */
		3201088596B4756681693703 /* Products */ = {
			isa = PBXGroup;
			children = (
				3201088596B4756681693704 /* libThree20UICommon.a */,
				72EB38831927051700D0F225 /* UICommonUnitTests.octest */,
			);
			name = Products;
			sourceTree = "<group>";
		};
		3206A0F794A6D7A3F259DBF3 /* Products */ = {
			isa = PBXGroup;
			children = (
				3206A0F794A6D7A3F259DBF4 /* libextThree20JSON+SBJSON.a */,
				72EB386F1927051700D0F225 /* libextThree20JSON+YAJL.a */,
				72EB38711927051700D0F225 /* extJSONUnitTests+SBJSON.octest */,
			);
			name = Products;
			sourceTree = "<group>";
		};
		320A2827FEC940B25BC42C63 /* Products */ = {
			isa = PBXGroup;
			children = (
				320A2827FEC940B25BC42C64 /* libThree20Core.a */,
				72EB38771927051700D0F225 /* CoreUnitTests.octest */,
			);
			name = Products;
			sourceTree = "<group>";
		};
		320A5A189C235877202780D3 /* Products */ = {
			isa = PBXGroup;
			children = (
				320A5A189C235877202780D4 /* libThree20Network.a */,
				72EB387A1927051700D0F225 /* NetworkUnitTests.octest */,
			);
			name = Products;
			sourceTree = "<group>";
		};
		320A737074758E53BA54BE93 /* Products */ = {
			isa = PBXGroup;
			children = (
				320A737074758E53BA54BE94 /* libThree20UINavigator.a */,
				72EB38861927051700D0F225 /* UINavigatorUnitTests.octest */,
			);
			name = Products;
			sourceTree = "<group>";
		};
		320CC833B8AF0ACFD35E6223 /* Products */ = {
			isa = PBXGroup;
			children = (
				320CC833B8AF0ACFD35E6224 /* libThree20Style.a */,
				72EB387D1927051700D0F225 /* StyleUnitTests.octest */,
			);
			name = Products;
			sourceTree = "<group>";
		};
		320D7DCCE32703ACAB9A45E3 /* Products */ = {
			isa = PBXGroup;
			children = (
				320D7DCCE32703ACAB9A45E4 /* libThree20.a */,
				72EB38741927051700D0F225 /* Three20UnitTests.octest */,
			);
			name = Products;
			sourceTree = "<group>";
		};
		320F2C48872C2E2C4DF86203 /* Products */ = {
			isa = PBXGroup;
			children = (
				320F2C48872C2E2C4DF86204 /* libThree20UI.a */,
				72EB38801927051700D0F225 /* UIUnitTests.octest */,
			);
			name = Products;
			sourceTree = "<group>";
		};
		720D607619315691004C7781 /* chart */ = {
			isa = PBXGroup;
			children = (
				720D6080193156AF004C7781 /* PieChartView.h */,
				720D6081193156AF004C7781 /* PieChartView.m */,
			);
			path = chart;
			sourceTree = "<group>";
		};
		725AFEB019317A9B003BD9F3 /* weixin */ = {
			isa = PBXGroup;
			children = (
				725AFEBA19317AB5003BD9F3 /* WXApi.h */,
				725AFEBB19317AB5003BD9F3 /* WXApiObject.h */,
			);
			path = weixin;
			sourceTree = "<group>";
		};
		72783BFC1929C7C80098B3A8 /* CRNavigationController */ = {
			isa = PBXGroup;
			children = (
				72783BFD1929C7D70098B3A8 /* CRNavigationBar.h */,
				72783BFE1929C7D70098B3A8 /* CRNavigationBar.m */,
				72783BFF1929C7D70098B3A8 /* CRNavigationController.h */,
				72783C001929C7D70098B3A8 /* CRNavigationController.m */,
				72783C031929CBA70098B3A8 /* CRNavigator.h */,
				72783C041929CBA70098B3A8 /* CRNavigator.m */,
			);
			path = CRNavigationController;
			sourceTree = "<group>";
		};
		72783C9B192A08DC0098B3A8 /* three20 */ = {
			isa = PBXGroup;
			children = (
				72783CC5192A233D0098B3A8 /* view */,
				72783C9C192A08DC0098B3A8 /* TableItem */,
				72783C9D192A08DC0098B3A8 /* TableItemCell */,
			);
			path = three20;
			sourceTree = "<group>";
		};
		72783C9C192A08DC0098B3A8 /* TableItem */ = {
			isa = PBXGroup;
			children = (
				72783CA7192A09100098B3A8 /* IndexTableItemCell.h */,
				72783CA8192A09100098B3A8 /* IndexTableItemCell.m */,
			);
			path = TableItem;
			sourceTree = "<group>";
		};
		72783C9D192A08DC0098B3A8 /* TableItemCell */ = {
			isa = PBXGroup;
			children = (
				72783CAA192A093E0098B3A8 /* IndexTableItem.h */,
				72783CAB192A093E0098B3A8 /* IndexTableItem.m */,
			);
			path = TableItemCell;
			sourceTree = "<group>";
		};
		72783CC5192A233D0098B3A8 /* view */ = {
			isa = PBXGroup;
			children = (
				72783CCF192A25100098B3A8 /* LinkImageView.h */,
				72783CD0192A25100098B3A8 /* LinkImageView.m */,
			);
			path = view;
			sourceTree = "<group>";
		};
		7285E3B91925AFEE0011C2D6 = {
			isa = PBXGroup;
			children = (
				72EB38AD19270F3B00D0F225 /* Resources */,
				7285E3CB1925AFEE0011C2D6 /* dailyreport */,
				7285E3E41925AFEE0011C2D6 /* dailyreportTests */,
				7285E3C41925AFEE0011C2D6 /* Frameworks */,
				7285E3C31925AFEE0011C2D6 /* Products */,
			);
			sourceTree = "<group>";
		};
		7285E3C31925AFEE0011C2D6 /* Products */ = {
			isa = PBXGroup;
			children = (
				7285E3C21925AFEE0011C2D6 /* dailyreport.app */,
				7285E3DD1925AFEE0011C2D6 /* dailyreportTests.xctest */,
			);
			name = Products;
			sourceTree = "<group>";
		};
		7285E3C41925AFEE0011C2D6 /* Frameworks */ = {
			isa = PBXGroup;
			children = (
				725AFEBE19317C42003BD9F3 /* libWeChatSDK.a */,
				3206A0F794A6D7A3F259DBF0 /* extThree20JSON.xcodeproj */,
				3201088596B4756681693700 /* Three20UICommon.xcodeproj */,
				320D7DCCE32703ACAB9A45E0 /* Three20.xcodeproj */,
				320A737074758E53BA54BE90 /* Three20UINavigator.xcodeproj */,
				320A2827FEC940B25BC42C60 /* Three20Core.xcodeproj */,
				320F2C48872C2E2C4DF86200 /* Three20UI.xcodeproj */,
				320A5A189C235877202780D0 /* Three20Network.xcodeproj */,
				320CC833B8AF0ACFD35E6220 /* Three20Style.xcodeproj */,
				320AF8492C47A4D819F7C450 /* QuartzCore.framework */,
				7285E3C51925AFEE0011C2D6 /* Foundation.framework */,
				7285E3C71925AFEE0011C2D6 /* CoreGraphics.framework */,
				7285E3C91925AFEE0011C2D6 /* UIKit.framework */,
				7285E3DE1925AFEE0011C2D6 /* XCTest.framework */,
			);
			name = Frameworks;
			sourceTree = "<group>";
		};
		7285E3CB1925AFEE0011C2D6 /* dailyreport */ = {
			isa = PBXGroup;
			children = (
				725AFEB019317A9B003BD9F3 /* weixin */,
				720D607619315691004C7781 /* chart */,
				72783C9B192A08DC0098B3A8 /* three20 */,
				72783BFC1929C7C80098B3A8 /* CRNavigationController */,
				72EB38B4192712DC00D0F225 /* MBProgressHUD.h */,
				72EB38B5192712DC00D0F225 /* MBProgressHUD.m */,
				72EB38A019270E4C00D0F225 /* object */,
				72EB389819270C8B00D0F225 /* model */,
				72EB389719270C8400D0F225 /* datasource */,
				72EB388B192706BD00D0F225 /* view */,
				72EB3887192705B600D0F225 /* style */,
				7285E3D41925AFEE0011C2D6 /* AppDelegate.h */,
				7285E3D51925AFEE0011C2D6 /* AppDelegate.m */,
				72EB389F19270D3E00D0F225 /* Constants.h */,
				7285E3D71925AFEE0011C2D6 /* Images.xcassets */,
				7285E3CC1925AFEE0011C2D6 /* Supporting Files */,
			);
			path = dailyreport;
			sourceTree = "<group>";
		};
		7285E3CC1925AFEE0011C2D6 /* Supporting Files */ = {
			isa = PBXGroup;
			children = (
				320B6C86F11D9990244A9730 /* Three20.bundle */,
				7285E3CD1925AFEE0011C2D6 /* dailyreport-Info.plist */,
				7285E3CE1925AFEE0011C2D6 /* InfoPlist.strings */,
				7285E3D11925AFEE0011C2D6 /* main.m */,
				7285E3D31925AFEE0011C2D6 /* dailyreport-Prefix.pch */,
			);
			name = "Supporting Files";
			sourceTree = "<group>";
		};
		7285E3E41925AFEE0011C2D6 /* dailyreportTests */ = {
			isa = PBXGroup;
			children = (
				7285E3EA1925AFEE0011C2D6 /* dailyreportTests.m */,
				7285E3E51925AFEE0011C2D6 /* Supporting Files */,
			);
			path = dailyreportTests;
			sourceTree = "<group>";
		};
		7285E3E51925AFEE0011C2D6 /* Supporting Files */ = {
			isa = PBXGroup;
			children = (
				7285E3E61925AFEE0011C2D6 /* dailyreportTests-Info.plist */,
				7285E3E71925AFEE0011C2D6 /* InfoPlist.strings */,
			);
			name = "Supporting Files";
			sourceTree = "<group>";
		};
		72EB3887192705B600D0F225 /* style */ = {
			isa = PBXGroup;
			children = (
				72EB3888192705E800D0F225 /* StyleSheet.h */,
				72EB3889192705E800D0F225 /* StyleSheet.m */,
			);
			path = style;
			sourceTree = "<group>";
		};
		72EB388B192706BD00D0F225 /* view */ = {
			isa = PBXGroup;
			children = (
				72EB38A419270E8D00D0F225 /* LoginViewController.h */,
				72EB38A519270E8D00D0F225 /* LoginViewController.m */,
				72EB388C1927072D00D0F225 /* IndexViewController.h */,
				72EB388D1927072D00D0F225 /* IndexViewController.m */,
				724480F0192732A8005F5BE5 /* BrandViewController.h */,
				724480F1192732A8005F5BE5 /* BrandViewController.m */,
				72623197192B4E7F00E3F99B /* SwitchViewController.h */,
				72623198192B4E7F00E3F99B /* SwitchViewController.m */,
				726231A2192B745A00E3F99B /* KPIViewController.h */,
				726231A3192B745A00E3F99B /* KPIViewController.m */,
				722D42F4192C8D6800350244 /* RetailViewController.h */,
				722D42F5192C8D6800350244 /* RetailViewController.m */,
				72AD860719330B45004CAE5F /* StoreRankViewController.h */,
				72AD860819330B45004CAE5F /* StoreRankViewController.m */,
			);
			path = view;
			sourceTree = "<group>";
		};
		72EB389719270C8400D0F225 /* datasource */ = {
			isa = PBXGroup;
			children = (
				72EB38A719270EAF00D0F225 /* LoginDataSource.h */,
				72EB38A819270EAF00D0F225 /* LoginDataSource.m */,
				72EB389919270CA900D0F225 /* IndexDataSource.h */,
				72EB389A19270CA900D0F225 /* IndexDataSource.m */,
			);
			path = datasource;
			sourceTree = "<group>";
		};
		72EB389819270C8B00D0F225 /* model */ = {
			isa = PBXGroup;
			children = (
				72EB38AA19270EC100D0F225 /* LoginModel.h */,
				72EB38AB19270EC100D0F225 /* LoginModel.m */,
				72EB389C19270CCA00D0F225 /* IndexListModel.h */,
				72EB389D19270CCA00D0F225 /* IndexListModel.m */,
				724480F3192732E2005F5BE5 /* BrandModel.h */,
				724480F4192732E2005F5BE5 /* BrandModel.m */,
				722D42BA192C3A2E00350244 /* KPIModel.h */,
				722D42BB192C3A2E00350244 /* KPIModel.m */,
				722D42F1192C8AB600350244 /* RetailModel.h */,
				722D42F2192C8AB600350244 /* RetailModel.m */,
				72AD85FE193305AB004CAE5F /* StoreRankModel.h */,
				72AD85FF193305AB004CAE5F /* StoreRankModel.m */,
				72AD860A193358B6004CAE5F /* BaseModel.h */,
				72AD860B193358B6004CAE5F /* BaseModel.m */,
			);
			path = model;
			sourceTree = "<group>";
		};
		72EB38A019270E4C00D0F225 /* object */ = {
			isa = PBXGroup;
			children = (
				722D42E5192C89F800350244 /* Retail.h */,
				722D42E6192C89F800350244 /* Retail.m */,
				72EB38A119270E7200D0F225 /* User.h */,
				72EB38A219270E7200D0F225 /* User.m */,
				724480E119271E8A005F5BE5 /* Brand.h */,
				724480E219271E8A005F5BE5 /* Brand.m */,
				724480ED19273167005F5BE5 /* Channel.h */,
				724480EE19273167005F5BE5 /* Channel.m */,
				72AD8601193305D9004CAE5F /* Rank.h */,
				72AD8602193305D9004CAE5F /* Rank.m */,
				72AD8604193309AF004CAE5F /* ChannelRank.h */,
				72AD8605193309AF004CAE5F /* ChannelRank.m */,
			);
			path = object;
			sourceTree = "<group>";
		};
		72EB38AD19270F3B00D0F225 /* Resources */ = {
			isa = PBXGroup;
			children = (
				722D42C6192C449A00350244 /* 图标-关键指标.png */,
				722D42C7192C449A00350244 /* 图标-关键指标@2x.png */,
				72623162192B168500E3F99B /* Default.png */,
				72623163192B168500E3F99B /* Default~iphone.png */,
				72623164192B168500E3F99B /* Default-568h@2x.png */,
				72623165192B168500E3F99B /* logo29.png */,
				72623166192B168500E3F99B /* logo57.png */,
				72623167192B168500E3F99B /* logo58.png */,
				72623168192B168500E3F99B /* logo80.png */,
				72623169192B168500E3F99B /* logo114.png */,
				7262316A192B168500E3F99B /* logo120.png */,
				7262316B192B168500E3F99B /* logo1024.png */,
				72783B7D1929A6A10098B3A8 /* 用户名密码背景.png */,
				72783B7E1929A6A10098B3A8 /* 件单价.png */,
				72783B7F1929A6A10098B3A8 /* 关键指标-分割线.png */,
				72783B801929A6A10098B3A8 /* 关键指标-背景花纹.png */,
				72783B811929A6A10098B3A8 /* 分享取消按钮.png */,
				72783B821929A6A10098B3A8 /* 分享取消按钮@2x.png */,
				72783B831929A6A10098B3A8 /* 分割线-每日收入水平分割线.png */,
				72783B841929A6A10098B3A8 /* 分割线-每日收入水平分割线@2x.png */,
				72783B851929A6A10098B3A8 /* 单效.png */,
				72783B881929A6A10098B3A8 /* 图标-分享.png */,
				72783B891929A6A10098B3A8 /* 图标-分享@2x.png */,
				72783B8A1929A6A10098B3A8 /* 图标-分页原点-正常.png */,
				72783B8B1929A6A10098B3A8 /* 图标-分页原点-正常@2x.png */,
				72783B8C1929A6A10098B3A8 /* 图标-分页原点-高亮.png */,
				72783B8D1929A6A10098B3A8 /* 图标-分页原点-高亮@2x.png */,
				72783B8E1929A6A10098B3A8 /* 图标-小衣服.png */,
				72783B8F1929A6A10098B3A8 /* 图标-小衣服@2x.png */,
				72783B901929A6A10098B3A8 /* 图标-小钱袋.png */,
				72783B911929A6A10098B3A8 /* 图标-小钱袋@2x.png */,
				72783B921929A6A10098B3A8 /* 图标-微信好友.png */,
				72783B931929A6A10098B3A8 /* 图标-微信好友@2x.png */,
				72783B941929A6A10098B3A8 /* 图标-微信朋友圈.png */,
				72783B951929A6A10098B3A8 /* 图标-微信朋友圈@2x.png */,
				72783B961929A6A10098B3A8 /* 图标-日历.png */,
				72783B971929A6A10098B3A8 /* 图标-日历@2x.png */,
				72783B981929A6A10098B3A8 /* 图标-零售收入.png */,
				72783B991929A6A10098B3A8 /* 图标-零售收入@2x.png */,
				72783B9A1929A6A10098B3A8 /* 每日收入MG背景.png */,
				72783B9B1929A6A10098B3A8 /* 每日收入乐町背景.png */,
				72783B9C1929A6A10098B3A8 /* 每日收入女装背景.png */,
				72783B9D1929A6A10098B3A8 /* 每日收入男装背景.png */,
				72783B9E1929A6A10098B3A8 /* 每日收入童装背景.png */,
				72783B9F1929A6A10098B3A8 /* 每日收入赫奇背景.png */,
				72783BA01929A6A10098B3A8 /* 环状图阴影.png */,
				72783BA11929A6A10098B3A8 /* 环状图阴影@2x.png */,
				72783BA21929A6A10098B3A8 /* 登录按钮.png */,
				72783BA31929A6A10098B3A8 /* 票数.png */,
				72783BA41929A6A10098B3A8 /* 色卡-洋红.png */,
				72783BA51929A6A10098B3A8 /* 色卡-洋红@2x.png */,
				72783BA61929A6A10098B3A8 /* 色卡-深绿.png */,
				72783BA71929A6A10098B3A8 /* 色卡-深绿@2x.png */,
				72783BA81929A6A10098B3A8 /* 色卡-灰蓝.png */,
				72783BA91929A6A10098B3A8 /* 色卡-灰蓝@2x.png */,
				72783BAA1929A6A10098B3A8 /* 色卡-黄色.png */,
				72783BAB1929A6A10098B3A8 /* 色卡-黄色@2x.png */,
				72783BAC1929A6A10098B3A8 /* 附加.png */,
				72783BAD1929A6A10098B3A8 /* 零售收入.png */,
				72783BAE1929A6A10098B3A8 /* 首页MG.png */,
				72783BAF1929A6A10098B3A8 /* 首页乐町.png */,
				72783BB01929A6A10098B3A8 /* 首页女装.png */,
				72783BB11929A6A10098B3A8 /* 首页男装.png */,
				72783BB21929A6A10098B3A8 /* 首页童装.png */,
				72783BB31929A6A10098B3A8 /* 首页赫奇.png */,
			);
			name = Resources;
			path = dailyreport/Resources;
			sourceTree = "<group>";
		};
/* End PBXGroup section */

/* Begin PBXNativeTarget section */
		7285E3C11925AFEE0011C2D6 /* dailyreport */ = {
			isa = PBXNativeTarget;
			buildConfigurationList = 7285E3EE1925AFEE0011C2D6 /* Build configuration list for PBXNativeTarget "dailyreport" */;
			buildPhases = (
				7285E3BE1925AFEE0011C2D6 /* Sources */,
				7285E3BF1925AFEE0011C2D6 /* Frameworks */,
				7285E3C01925AFEE0011C2D6 /* Resources */,
			);
			buildRules = (
			);
			dependencies = (
				3206A0F794A6D7A3F259DBF1 /* PBXTargetDependency */,
				3201088596B4756681693701 /* PBXTargetDependency */,
				320D7DCCE32703ACAB9A45E1 /* PBXTargetDependency */,
				320A737074758E53BA54BE91 /* PBXTargetDependency */,
				320A2827FEC940B25BC42C61 /* PBXTargetDependency */,
				320F2C48872C2E2C4DF86201 /* PBXTargetDependency */,
				320A5A189C235877202780D1 /* PBXTargetDependency */,
				320CC833B8AF0ACFD35E6221 /* PBXTargetDependency */,
			);
			name = dailyreport;
			productName = dailyreport;
			productReference = 7285E3C21925AFEE0011C2D6 /* dailyreport.app */;
			productType = "com.apple.product-type.application";
		};
		7285E3DC1925AFEE0011C2D6 /* dailyreportTests */ = {
			isa = PBXNativeTarget;
			buildConfigurationList = 7285E3F11925AFEE0011C2D6 /* Build configuration list for PBXNativeTarget "dailyreportTests" */;
			buildPhases = (
				7285E3D91925AFEE0011C2D6 /* Sources */,
				7285E3DA1925AFEE0011C2D6 /* Frameworks */,
				7285E3DB1925AFEE0011C2D6 /* Resources */,
			);
			buildRules = (
			);
			dependencies = (
				7285E3E31925AFEE0011C2D6 /* PBXTargetDependency */,
			);
			name = dailyreportTests;
			productName = dailyreportTests;
			productReference = 7285E3DD1925AFEE0011C2D6 /* dailyreportTests.xctest */;
			productType = "com.apple.product-type.bundle.unit-test";
		};
/* End PBXNativeTarget section */

/* Begin PBXProject section */
		7285E3BA1925AFEE0011C2D6 /* Project object */ = {
			isa = PBXProject;
			attributes = {
				LastUpgradeCheck = 0510;
				ORGANIZATIONNAME = "Peace Bird";
				TargetAttributes = {
					7285E3C11925AFEE0011C2D6 = {
						DevelopmentTeam = FY5N67HLSC;
					};
					7285E3DC1925AFEE0011C2D6 = {
						TestTargetID = 7285E3C11925AFEE0011C2D6;
					};
				};
			};
			buildConfigurationList = 7285E3BD1925AFEE0011C2D6 /* Build configuration list for PBXProject "dailyreport" */;
			compatibilityVersion = "Xcode 3.2";
			developmentRegion = English;
			hasScannedForEncodings = 0;
			knownRegions = (
				en,
			);
			mainGroup = 7285E3B91925AFEE0011C2D6;
			productRefGroup = 7285E3C31925AFEE0011C2D6 /* Products */;
			projectDirPath = "";
			projectReferences = (
				{
					ProductGroup = 3206A0F794A6D7A3F259DBF3 /* Products */;
					ProjectRef = 3206A0F794A6D7A3F259DBF0 /* extThree20JSON.xcodeproj */;
				},
				{
					ProductGroup = 320D7DCCE32703ACAB9A45E3 /* Products */;
					ProjectRef = 320D7DCCE32703ACAB9A45E0 /* Three20.xcodeproj */;
				},
				{
					ProductGroup = 320A2827FEC940B25BC42C63 /* Products */;
					ProjectRef = 320A2827FEC940B25BC42C60 /* Three20Core.xcodeproj */;
				},
				{
					ProductGroup = 320A5A189C235877202780D3 /* Products */;
					ProjectRef = 320A5A189C235877202780D0 /* Three20Network.xcodeproj */;
				},
				{
					ProductGroup = 320CC833B8AF0ACFD35E6223 /* Products */;
					ProjectRef = 320CC833B8AF0ACFD35E6220 /* Three20Style.xcodeproj */;
				},
				{
					ProductGroup = 320F2C48872C2E2C4DF86203 /* Products */;
					ProjectRef = 320F2C48872C2E2C4DF86200 /* Three20UI.xcodeproj */;
				},
				{
					ProductGroup = 3201088596B4756681693703 /* Products */;
					ProjectRef = 3201088596B4756681693700 /* Three20UICommon.xcodeproj */;
				},
				{
					ProductGroup = 320A737074758E53BA54BE93 /* Products */;
					ProjectRef = 320A737074758E53BA54BE90 /* Three20UINavigator.xcodeproj */;
				},
			);
			projectRoot = "";
			targets = (
				7285E3C11925AFEE0011C2D6 /* dailyreport */,
				7285E3DC1925AFEE0011C2D6 /* dailyreportTests */,
			);
		};
/* End PBXProject section */

/* Begin PBXReferenceProxy section */
		3201088596B4756681693704 /* libThree20UICommon.a */ = {
			isa = PBXReferenceProxy;
			fileType = archive.ar;
			path = libThree20UICommon.a;
			remoteRef = 3201088596B4756681693706 /* PBXContainerItemProxy */;
			sourceTree = BUILT_PRODUCTS_DIR;
		};
		3206A0F794A6D7A3F259DBF4 /* libextThree20JSON+SBJSON.a */ = {
			isa = PBXReferenceProxy;
			fileType = archive.ar;
			path = "libextThree20JSON+SBJSON.a";
			remoteRef = 3206A0F794A6D7A3F259DBF6 /* PBXContainerItemProxy */;
			sourceTree = BUILT_PRODUCTS_DIR;
		};
		320A2827FEC940B25BC42C64 /* libThree20Core.a */ = {
			isa = PBXReferenceProxy;
			fileType = archive.ar;
			path = libThree20Core.a;
			remoteRef = 320A2827FEC940B25BC42C66 /* PBXContainerItemProxy */;
			sourceTree = BUILT_PRODUCTS_DIR;
		};
		320A5A189C235877202780D4 /* libThree20Network.a */ = {
			isa = PBXReferenceProxy;
			fileType = archive.ar;
			path = libThree20Network.a;
			remoteRef = 320A5A189C235877202780D6 /* PBXContainerItemProxy */;
			sourceTree = BUILT_PRODUCTS_DIR;
		};
		320A737074758E53BA54BE94 /* libThree20UINavigator.a */ = {
			isa = PBXReferenceProxy;
			fileType = archive.ar;
			path = libThree20UINavigator.a;
			remoteRef = 320A737074758E53BA54BE96 /* PBXContainerItemProxy */;
			sourceTree = BUILT_PRODUCTS_DIR;
		};
		320CC833B8AF0ACFD35E6224 /* libThree20Style.a */ = {
			isa = PBXReferenceProxy;
			fileType = archive.ar;
			path = libThree20Style.a;
			remoteRef = 320CC833B8AF0ACFD35E6226 /* PBXContainerItemProxy */;
			sourceTree = BUILT_PRODUCTS_DIR;
		};
		320D7DCCE32703ACAB9A45E4 /* libThree20.a */ = {
			isa = PBXReferenceProxy;
			fileType = archive.ar;
			path = libThree20.a;
			remoteRef = 320D7DCCE32703ACAB9A45E6 /* PBXContainerItemProxy */;
			sourceTree = BUILT_PRODUCTS_DIR;
		};
		320F2C48872C2E2C4DF86204 /* libThree20UI.a */ = {
			isa = PBXReferenceProxy;
			fileType = archive.ar;
			path = libThree20UI.a;
			remoteRef = 320F2C48872C2E2C4DF86206 /* PBXContainerItemProxy */;
			sourceTree = BUILT_PRODUCTS_DIR;
		};
		72EB386F1927051700D0F225 /* libextThree20JSON+YAJL.a */ = {
			isa = PBXReferenceProxy;
			fileType = archive.ar;
			path = "libextThree20JSON+YAJL.a";
			remoteRef = 72EB386E1927051700D0F225 /* PBXContainerItemProxy */;
			sourceTree = BUILT_PRODUCTS_DIR;
		};
		72EB38711927051700D0F225 /* extJSONUnitTests+SBJSON.octest */ = {
			isa = PBXReferenceProxy;
			fileType = wrapper.cfbundle;
			path = "extJSONUnitTests+SBJSON.octest";
			remoteRef = 72EB38701927051700D0F225 /* PBXContainerItemProxy */;
			sourceTree = BUILT_PRODUCTS_DIR;
		};
		72EB38741927051700D0F225 /* Three20UnitTests.octest */ = {
			isa = PBXReferenceProxy;
			fileType = wrapper.cfbundle;
			path = Three20UnitTests.octest;
			remoteRef = 72EB38731927051700D0F225 /* PBXContainerItemProxy */;
			sourceTree = BUILT_PRODUCTS_DIR;
		};
		72EB38771927051700D0F225 /* CoreUnitTests.octest */ = {
			isa = PBXReferenceProxy;
			fileType = wrapper.cfbundle;
			path = CoreUnitTests.octest;
			remoteRef = 72EB38761927051700D0F225 /* PBXContainerItemProxy */;
			sourceTree = BUILT_PRODUCTS_DIR;
		};
		72EB387A1927051700D0F225 /* NetworkUnitTests.octest */ = {
			isa = PBXReferenceProxy;
			fileType = wrapper.cfbundle;
			path = NetworkUnitTests.octest;
			remoteRef = 72EB38791927051700D0F225 /* PBXContainerItemProxy */;
			sourceTree = BUILT_PRODUCTS_DIR;
		};
		72EB387D1927051700D0F225 /* StyleUnitTests.octest */ = {
			isa = PBXReferenceProxy;
			fileType = wrapper.cfbundle;
			path = StyleUnitTests.octest;
			remoteRef = 72EB387C1927051700D0F225 /* PBXContainerItemProxy */;
			sourceTree = BUILT_PRODUCTS_DIR;
		};
		72EB38801927051700D0F225 /* UIUnitTests.octest */ = {
			isa = PBXReferenceProxy;
			fileType = wrapper.cfbundle;
			path = UIUnitTests.octest;
			remoteRef = 72EB387F1927051700D0F225 /* PBXContainerItemProxy */;
			sourceTree = BUILT_PRODUCTS_DIR;
		};
		72EB38831927051700D0F225 /* UICommonUnitTests.octest */ = {
			isa = PBXReferenceProxy;
			fileType = wrapper.cfbundle;
			path = UICommonUnitTests.octest;
			remoteRef = 72EB38821927051700D0F225 /* PBXContainerItemProxy */;
			sourceTree = BUILT_PRODUCTS_DIR;
		};
		72EB38861927051700D0F225 /* UINavigatorUnitTests.octest */ = {
			isa = PBXReferenceProxy;
			fileType = wrapper.cfbundle;
			path = UINavigatorUnitTests.octest;
			remoteRef = 72EB38851927051700D0F225 /* PBXContainerItemProxy */;
			sourceTree = BUILT_PRODUCTS_DIR;
		};
/* End PBXReferenceProxy section */

/* Begin PBXResourcesBuildPhase section */
		7285E3C01925AFEE0011C2D6 /* Resources */ = {
			isa = PBXResourcesBuildPhase;
			buildActionMask = 2147483647;
			files = (
				72783BE01929A6A10098B3A8 /* 色卡-灰蓝@2x.png in Resources */,
				72783BDA1929A6A10098B3A8 /* 票数.png in Resources */,
				7262316D192B168500E3F99B /* Default~iphone.png in Resources */,
				72783BE51929A6A10098B3A8 /* 首页MG.png in Resources */,
				72623173192B168500E3F99B /* logo114.png in Resources */,
				72783BD01929A6A10098B3A8 /* 图标-零售收入@2x.png in Resources */,
				72783BE41929A6A10098B3A8 /* 零售收入.png in Resources */,
				72783BC81929A6A10098B3A8 /* 图标-小钱袋@2x.png in Resources */,
				72783BCF1929A6A10098B3A8 /* 图标-零售收入.png in Resources */,
				72783BC71929A6A10098B3A8 /* 图标-小钱袋.png in Resources */,
				72783BC01929A6A10098B3A8 /* 图标-分享@2x.png in Resources */,
				7262316C192B168500E3F99B /* Default.png in Resources */,
				72783BD81929A6A10098B3A8 /* 环状图阴影@2x.png in Resources */,
				72623172192B168500E3F99B /* logo80.png in Resources */,
				72783BC21929A6A10098B3A8 /* 图标-分页原点-正常@2x.png in Resources */,
				320B6C86F11D9990244A9731 /* Three20.bundle in Resources */,
				72783BDD1929A6A10098B3A8 /* 色卡-深绿.png in Resources */,
				72783BB71929A6A10098B3A8 /* 关键指标-背景花纹.png in Resources */,
				72623174192B168500E3F99B /* logo120.png in Resources */,
				72783BD51929A6A10098B3A8 /* 每日收入童装背景.png in Resources */,
				7262316E192B168500E3F99B /* Default-568h@2x.png in Resources */,
				7285E3D01925AFEE0011C2D6 /* InfoPlist.strings in Resources */,
				72783BC61929A6A10098B3A8 /* 图标-小衣服@2x.png in Resources */,
				72623175192B168500E3F99B /* logo1024.png in Resources */,
				72783BBC1929A6A10098B3A8 /* 单效.png in Resources */,
				72783BC31929A6A10098B3A8 /* 图标-分页原点-高亮.png in Resources */,
				72783BB51929A6A10098B3A8 /* 件单价.png in Resources */,
				72623171192B168500E3F99B /* logo58.png in Resources */,
				7262316F192B168500E3F99B /* logo29.png in Resources */,
				72783BBB1929A6A10098B3A8 /* 分割线-每日收入水平分割线@2x.png in Resources */,
				72783BE91929A6A10098B3A8 /* 首页童装.png in Resources */,
				72783BB61929A6A10098B3A8 /* 关键指标-分割线.png in Resources */,
				722D42C9192C449A00350244 /* 图标-关键指标@2x.png in Resources */,
				72783BCA1929A6A10098B3A8 /* 图标-微信好友@2x.png in Resources */,
				72783BBA1929A6A10098B3A8 /* 分割线-每日收入水平分割线.png in Resources */,
				72783BE71929A6A10098B3A8 /* 首页女装.png in Resources */,
				72783BD31929A6A10098B3A8 /* 每日收入女装背景.png in Resources */,
				72783BE31929A6A10098B3A8 /* 附加.png in Resources */,
				72783BD21929A6A10098B3A8 /* 每日收入乐町背景.png in Resources */,
				72783BB91929A6A10098B3A8 /* 分享取消按钮@2x.png in Resources */,
				72783BDB1929A6A10098B3A8 /* 色卡-洋红.png in Resources */,
				72783BDF1929A6A10098B3A8 /* 色卡-灰蓝.png in Resources */,
				72783BE21929A6A10098B3A8 /* 色卡-黄色@2x.png in Resources */,
				72783BE81929A6A10098B3A8 /* 首页男装.png in Resources */,
				72783BC91929A6A10098B3A8 /* 图标-微信好友.png in Resources */,
				7285E3D81925AFEE0011C2D6 /* Images.xcassets in Resources */,
				72783BC41929A6A10098B3A8 /* 图标-分页原点-高亮@2x.png in Resources */,
				72783BE11929A6A10098B3A8 /* 色卡-黄色.png in Resources */,
				72783BD11929A6A10098B3A8 /* 每日收入MG背景.png in Resources */,
				72783BD91929A6A10098B3A8 /* 登录按钮.png in Resources */,
				72783BDE1929A6A10098B3A8 /* 色卡-深绿@2x.png in Resources */,
				72783BD71929A6A10098B3A8 /* 环状图阴影.png in Resources */,
				72783BCB1929A6A10098B3A8 /* 图标-微信朋友圈.png in Resources */,
				72783BCD1929A6A10098B3A8 /* 图标-日历.png in Resources */,
				72623170192B168500E3F99B /* logo57.png in Resources */,
				72783BB41929A6A10098B3A8 /* 用户名密码背景.png in Resources */,
				72783BD61929A6A10098B3A8 /* 每日收入赫奇背景.png in Resources */,
				72783BDC1929A6A10098B3A8 /* 色卡-洋红@2x.png in Resources */,
				72783BEA1929A6A10098B3A8 /* 首页赫奇.png in Resources */,
				72783BB81929A6A10098B3A8 /* 分享取消按钮.png in Resources */,
				72783BCC1929A6A10098B3A8 /* 图标-微信朋友圈@2x.png in Resources */,
				72783BC11929A6A10098B3A8 /* 图标-分页原点-正常.png in Resources */,
				72783BD41929A6A10098B3A8 /* 每日收入男装背景.png in Resources */,
				72783BC51929A6A10098B3A8 /* 图标-小衣服.png in Resources */,
				72783BE61929A6A10098B3A8 /* 首页乐町.png in Resources */,
				722D42C8192C449A00350244 /* 图标-关键指标.png in Resources */,
				72783BBF1929A6A10098B3A8 /* 图标-分享.png in Resources */,
				72783BCE1929A6A10098B3A8 /* 图标-日历@2x.png in Resources */,
			);
			runOnlyForDeploymentPostprocessing = 0;
		};
		7285E3DB1925AFEE0011C2D6 /* Resources */ = {
			isa = PBXResourcesBuildPhase;
			buildActionMask = 2147483647;
			files = (
				7285E3E91925AFEE0011C2D6 /* InfoPlist.strings in Resources */,
			);
			runOnlyForDeploymentPostprocessing = 0;
		};
/* End PBXResourcesBuildPhase section */

/* Begin PBXSourcesBuildPhase section */
		7285E3BE1925AFEE0011C2D6 /* Sources */ = {
			isa = PBXSourcesBuildPhase;
			buildActionMask = 2147483647;
			files = (
				72783C051929CBA70098B3A8 /* CRNavigator.m in Sources */,
				724480F5192732E2005F5BE5 /* BrandModel.m in Sources */,
				724480F2192732A8005F5BE5 /* BrandViewController.m in Sources */,
				72AD860C193358B6004CAE5F /* BaseModel.m in Sources */,
				72AD8606193309AF004CAE5F /* ChannelRank.m in Sources */,
				724480EF19273167005F5BE5 /* Channel.m in Sources */,
				72EB38A919270EAF00D0F225 /* LoginDataSource.m in Sources */,
				72EB38A619270E8D00D0F225 /* LoginViewController.m in Sources */,
				72EB389B19270CA900D0F225 /* IndexDataSource.m in Sources */,
				72783CD1192A25100098B3A8 /* LinkImageView.m in Sources */,
				72AD8600193305AB004CAE5F /* StoreRankModel.m in Sources */,
				72783C011929C7D70098B3A8 /* CRNavigationBar.m in Sources */,
				72783CA9192A09100098B3A8 /* IndexTableItemCell.m in Sources */,
				72AD860919330B45004CAE5F /* StoreRankViewController.m in Sources */,
				72623199192B4E7F00E3F99B /* SwitchViewController.m in Sources */,
				72EB38A319270E7200D0F225 /* User.m in Sources */,
				720D6082193156AF004C7781 /* PieChartView.m in Sources */,
				722D42F3192C8AB600350244 /* RetailModel.m in Sources */,
				72AD8603193305D9004CAE5F /* Rank.m in Sources */,
				72EB38B6192712DC00D0F225 /* MBProgressHUD.m in Sources */,
				72EB388A192705E800D0F225 /* StyleSheet.m in Sources */,
				722D42F6192C8D6800350244 /* RetailViewController.m in Sources */,
				72EB389E19270CCA00D0F225 /* IndexListModel.m in Sources */,
				722D42E7192C89F800350244 /* Retail.m in Sources */,
				72783C021929C7D70098B3A8 /* CRNavigationController.m in Sources */,
				7285E3D61925AFEE0011C2D6 /* AppDelegate.m in Sources */,
				7285E3D21925AFEE0011C2D6 /* main.m in Sources */,
				722D42BC192C3A2E00350244 /* KPIModel.m in Sources */,
				724480E319271E8A005F5BE5 /* Brand.m in Sources */,
				72EB388E1927072D00D0F225 /* IndexViewController.m in Sources */,
				72783CAC192A093E0098B3A8 /* IndexTableItem.m in Sources */,
				72EB38AC19270EC100D0F225 /* LoginModel.m in Sources */,
				726231A4192B745A00E3F99B /* KPIViewController.m in Sources */,
			);
			runOnlyForDeploymentPostprocessing = 0;
		};
		7285E3D91925AFEE0011C2D6 /* Sources */ = {
			isa = PBXSourcesBuildPhase;
			buildActionMask = 2147483647;
			files = (
				7285E3EB1925AFEE0011C2D6 /* dailyreportTests.m in Sources */,
			);
			runOnlyForDeploymentPostprocessing = 0;
		};
/* End PBXSourcesBuildPhase section */

/* Begin PBXTargetDependency section */
		3201088596B4756681693701 /* PBXTargetDependency */ = {
			isa = PBXTargetDependency;
			name = Three20UICommon;
			targetProxy = 3201088596B4756681693702 /* PBXContainerItemProxy */;
		};
		3206A0F794A6D7A3F259DBF1 /* PBXTargetDependency */ = {
			isa = PBXTargetDependency;
			name = extThree20JSON;
			targetProxy = 3206A0F794A6D7A3F259DBF2 /* PBXContainerItemProxy */;
		};
		320A2827FEC940B25BC42C61 /* PBXTargetDependency */ = {
			isa = PBXTargetDependency;
			name = Three20Core;
			targetProxy = 320A2827FEC940B25BC42C62 /* PBXContainerItemProxy */;
		};
		320A5A189C235877202780D1 /* PBXTargetDependency */ = {
			isa = PBXTargetDependency;
			name = Three20Network;
			targetProxy = 320A5A189C235877202780D2 /* PBXContainerItemProxy */;
		};
		320A737074758E53BA54BE91 /* PBXTargetDependency */ = {
			isa = PBXTargetDependency;
			name = Three20UINavigator;
			targetProxy = 320A737074758E53BA54BE92 /* PBXContainerItemProxy */;
		};
		320CC833B8AF0ACFD35E6221 /* PBXTargetDependency */ = {
			isa = PBXTargetDependency;
			name = Three20Style;
			targetProxy = 320CC833B8AF0ACFD35E6222 /* PBXContainerItemProxy */;
		};
		320D7DCCE32703ACAB9A45E1 /* PBXTargetDependency */ = {
			isa = PBXTargetDependency;
			name = Three20;
			targetProxy = 320D7DCCE32703ACAB9A45E2 /* PBXContainerItemProxy */;
		};
		320F2C48872C2E2C4DF86201 /* PBXTargetDependency */ = {
			isa = PBXTargetDependency;
			name = Three20UI;
			targetProxy = 320F2C48872C2E2C4DF86202 /* PBXContainerItemProxy */;
		};
		7285E3E31925AFEE0011C2D6 /* PBXTargetDependency */ = {
			isa = PBXTargetDependency;
			target = 7285E3C11925AFEE0011C2D6 /* dailyreport */;
			targetProxy = 7285E3E21925AFEE0011C2D6 /* PBXContainerItemProxy */;
		};
/* End PBXTargetDependency section */

/* Begin PBXVariantGroup section */
		7285E3CE1925AFEE0011C2D6 /* InfoPlist.strings */ = {
			isa = PBXVariantGroup;
			children = (
				7285E3CF1925AFEE0011C2D6 /* en */,
			);
			name = InfoPlist.strings;
			sourceTree = "<group>";
		};
		7285E3E71925AFEE0011C2D6 /* InfoPlist.strings */ = {
			isa = PBXVariantGroup;
			children = (
				7285E3E81925AFEE0011C2D6 /* en */,
			);
			name = InfoPlist.strings;
			sourceTree = "<group>";
		};
/* End PBXVariantGroup section */

/* Begin XCBuildConfiguration section */
		7285E3EC1925AFEE0011C2D6 /* Debug */ = {
			isa = XCBuildConfiguration;
			buildSettings = {
				ALWAYS_SEARCH_USER_PATHS = NO;
				CLANG_CXX_LANGUAGE_STANDARD = "gnu++0x";
				CLANG_CXX_LIBRARY = "libc++";
				CLANG_ENABLE_MODULES = YES;
				CLANG_ENABLE_OBJC_ARC = NO;
				CLANG_WARN_BOOL_CONVERSION = YES;
				CLANG_WARN_CONSTANT_CONVERSION = YES;
				CLANG_WARN_DIRECT_OBJC_ISA_USAGE = YES_ERROR;
				CLANG_WARN_EMPTY_BODY = YES;
				CLANG_WARN_ENUM_CONVERSION = YES;
				CLANG_WARN_INT_CONVERSION = YES;
				CLANG_WARN_OBJC_ROOT_CLASS = YES_ERROR;
				CLANG_WARN__DUPLICATE_METHOD_MATCH = YES;
				CODE_SIGN_IDENTITY = "iPhone Developer: fang jie (5AHEE5FVM6)";
				"CODE_SIGN_IDENTITY[sdk=iphoneos*]" = "iPhone Developer: fang jie (5AHEE5FVM6)";
				COPY_PHASE_STRIP = NO;
				GCC_C_LANGUAGE_STANDARD = gnu99;
				GCC_DYNAMIC_NO_PIC = NO;
				GCC_OPTIMIZATION_LEVEL = 0;
				GCC_PREPROCESSOR_DEFINITIONS = (
					"DEBUG=1",
					"$(inherited)",
				);
				GCC_SYMBOLS_PRIVATE_EXTERN = NO;
				GCC_WARN_64_TO_32_BIT_CONVERSION = YES;
				GCC_WARN_ABOUT_RETURN_TYPE = YES_ERROR;
				GCC_WARN_UNDECLARED_SELECTOR = YES;
				GCC_WARN_UNINITIALIZED_AUTOS = YES_AGGRESSIVE;
				GCC_WARN_UNUSED_FUNCTION = YES;
				GCC_WARN_UNUSED_VARIABLE = YES;
				HEADER_SEARCH_PATHS = (
					"$(BUILT_PRODUCTS_DIR)/../three20",
					"$(BUILT_PRODUCTS_DIR)/../../three20",
					../three20/Build/Products/three20,
				);
				IPHONEOS_DEPLOYMENT_TARGET = 7.1;
				ONLY_ACTIVE_ARCH = YES;
				OTHER_LDFLAGS = "-ObjC";
				SDKROOT = iphoneos;
			};
			name = Debug;
		};
		7285E3ED1925AFEE0011C2D6 /* Release */ = {
			isa = XCBuildConfiguration;
			buildSettings = {
				ALWAYS_SEARCH_USER_PATHS = NO;
				CLANG_CXX_LANGUAGE_STANDARD = "gnu++0x";
				CLANG_CXX_LIBRARY = "libc++";
				CLANG_ENABLE_MODULES = YES;
				CLANG_ENABLE_OBJC_ARC = NO;
				CLANG_WARN_BOOL_CONVERSION = YES;
				CLANG_WARN_CONSTANT_CONVERSION = YES;
				CLANG_WARN_DIRECT_OBJC_ISA_USAGE = YES_ERROR;
				CLANG_WARN_EMPTY_BODY = YES;
				CLANG_WARN_ENUM_CONVERSION = YES;
				CLANG_WARN_INT_CONVERSION = YES;
				CLANG_WARN_OBJC_ROOT_CLASS = YES_ERROR;
				CLANG_WARN__DUPLICATE_METHOD_MATCH = YES;
				CODE_SIGN_IDENTITY = "iPhone Developer: fang jie (5AHEE5FVM6)";
				"CODE_SIGN_IDENTITY[sdk=iphoneos*]" = "iPhone Developer: fang jie (5AHEE5FVM6)";
				COPY_PHASE_STRIP = YES;
				ENABLE_NS_ASSERTIONS = NO;
				GCC_C_LANGUAGE_STANDARD = gnu99;
				GCC_WARN_64_TO_32_BIT_CONVERSION = YES;
				GCC_WARN_ABOUT_RETURN_TYPE = YES_ERROR;
				GCC_WARN_UNDECLARED_SELECTOR = YES;
				GCC_WARN_UNINITIALIZED_AUTOS = YES_AGGRESSIVE;
				GCC_WARN_UNUSED_FUNCTION = YES;
				GCC_WARN_UNUSED_VARIABLE = YES;
				HEADER_SEARCH_PATHS = (
					"$(BUILT_PRODUCTS_DIR)/../three20",
					"$(BUILT_PRODUCTS_DIR)/../../three20",
					../three20/Build/Products/three20,
				);
				IPHONEOS_DEPLOYMENT_TARGET = 7.1;
				OTHER_LDFLAGS = "-ObjC";
				SDKROOT = iphoneos;
				VALIDATE_PRODUCT = YES;
			};
			name = Release;
		};
		7285E3EF1925AFEE0011C2D6 /* Debug */ = {
			isa = XCBuildConfiguration;
			buildSettings = {
				CODE_SIGN_IDENTITY = "iPhone Developer: fang jie (5AHEE5FVM6)";
				"CODE_SIGN_IDENTITY[sdk=iphoneos*]" = "iPhone Developer: fang jie (5AHEE5FVM6)";
				GCC_PRECOMPILE_PREFIX_HEADER = YES;
				GCC_PREFIX_HEADER = "dailyreport/dailyreport-Prefix.pch";
				INFOPLIST_FILE = "dailyreport/dailyreport-Info.plist";
				IPHONEOS_DEPLOYMENT_TARGET = 6.0;
				LIBRARY_SEARCH_PATHS = (
					"$(inherited)",
					"$(PROJECT_DIR)",
					"$(PROJECT_DIR)/weixin",
					"$(PROJECT_DIR)/dailyreport/weixin",
				);
				PRODUCT_NAME = "$(TARGET_NAME)";
				PROVISIONING_PROFILE = "92D48AB2-201C-4EB8-B061-FDE368E2962B";
				WRAPPER_EXTENSION = app;
			};
			name = Debug;
		};
		7285E3F01925AFEE0011C2D6 /* Release */ = {
			isa = XCBuildConfiguration;
			buildSettings = {
				CODE_SIGN_IDENTITY = "iPhone Developer: fang jie (5AHEE5FVM6)";
				"CODE_SIGN_IDENTITY[sdk=iphoneos*]" = "iPhone Developer: fang jie (5AHEE5FVM6)";
				GCC_PRECOMPILE_PREFIX_HEADER = YES;
				GCC_PREFIX_HEADER = "dailyreport/dailyreport-Prefix.pch";
				INFOPLIST_FILE = "dailyreport/dailyreport-Info.plist";
				IPHONEOS_DEPLOYMENT_TARGET = 6.0;
				LIBRARY_SEARCH_PATHS = (
					"$(inherited)",
					"$(PROJECT_DIR)",
					"$(PROJECT_DIR)/weixin",
					"$(PROJECT_DIR)/dailyreport/weixin",
				);
				PRODUCT_NAME = "$(TARGET_NAME)";
				PROVISIONING_PROFILE = "92D48AB2-201C-4EB8-B061-FDE368E2962B";
				WRAPPER_EXTENSION = app;
			};
			name = Release;
		};
		7285E3F21925AFEE0011C2D6 /* Debug */ = {
			isa = XCBuildConfiguration;
			buildSettings = {
				BUNDLE_LOADER = "$(BUILT_PRODUCTS_DIR)/dailyreport.app/dailyreport";
				FRAMEWORK_SEARCH_PATHS = (
					"$(SDKROOT)/Developer/Library/Frameworks",
					"$(inherited)",
					"$(DEVELOPER_FRAMEWORKS_DIR)",
				);
				GCC_PRECOMPILE_PREFIX_HEADER = YES;
				GCC_PREFIX_HEADER = "dailyreport/dailyreport-Prefix.pch";
				GCC_PREPROCESSOR_DEFINITIONS = (
					"DEBUG=1",
					"$(inherited)",
				);
				INFOPLIST_FILE = "dailyreportTests/dailyreportTests-Info.plist";
				PRODUCT_NAME = "$(TARGET_NAME)";
				TEST_HOST = "$(BUNDLE_LOADER)";
				WRAPPER_EXTENSION = xctest;
			};
			name = Debug;
		};
		7285E3F31925AFEE0011C2D6 /* Release */ = {
			isa = XCBuildConfiguration;
			buildSettings = {
				BUNDLE_LOADER = "$(BUILT_PRODUCTS_DIR)/dailyreport.app/dailyreport";
				FRAMEWORK_SEARCH_PATHS = (
					"$(SDKROOT)/Developer/Library/Frameworks",
					"$(inherited)",
					"$(DEVELOPER_FRAMEWORKS_DIR)",
				);
				GCC_PRECOMPILE_PREFIX_HEADER = YES;
				GCC_PREFIX_HEADER = "dailyreport/dailyreport-Prefix.pch";
				INFOPLIST_FILE = "dailyreportTests/dailyreportTests-Info.plist";
				PRODUCT_NAME = "$(TARGET_NAME)";
				TEST_HOST = "$(BUNDLE_LOADER)";
				WRAPPER_EXTENSION = xctest;
			};
			name = Release;
		};
/* End XCBuildConfiguration section */

/* Begin XCConfigurationList section */
		7285E3BD1925AFEE0011C2D6 /* Build configuration list for PBXProject "dailyreport" */ = {
			isa = XCConfigurationList;
			buildConfigurations = (
				7285E3EC1925AFEE0011C2D6 /* Debug */,
				7285E3ED1925AFEE0011C2D6 /* Release */,
			);
			defaultConfigurationIsVisible = 0;
			defaultConfigurationName = Release;
		};
		7285E3EE1925AFEE0011C2D6 /* Build configuration list for PBXNativeTarget "dailyreport" */ = {
			isa = XCConfigurationList;
			buildConfigurations = (
				7285E3EF1925AFEE0011C2D6 /* Debug */,
				7285E3F01925AFEE0011C2D6 /* Release */,
			);
			defaultConfigurationIsVisible = 0;
			defaultConfigurationName = Release;
		};
		7285E3F11925AFEE0011C2D6 /* Build configuration list for PBXNativeTarget "dailyreportTests" */ = {
			isa = XCConfigurationList;
			buildConfigurations = (
				7285E3F21925AFEE0011C2D6 /* Debug */,
				7285E3F31925AFEE0011C2D6 /* Release */,
			);
			defaultConfigurationIsVisible = 0;
			defaultConfigurationName = Release;
		};
/* End XCConfigurationList section */
	};
	rootObject = 7285E3BA1925AFEE0011C2D6 /* Project object */;
}
